// !$*UTF8*$!
{
	archiveVersion = 1;
	classes = {
	};
	objectVersion = 46;
	objects = {

/* Begin PBXBuildFile section */
		4DD4F6241DFB808700032A29 /* LUConsole.m in Sources */ = {isa = PBXBuildFile; fileRef = 4DD4F5571DFB808700032A29 /* LUConsole.m */; };
		4DD4F6251DFB808700032A29 /* LUConsole.m in Sources */ = {isa = PBXBuildFile; fileRef = 4DD4F5571DFB808700032A29 /* LUConsole.m */; };
		4DD4F6261DFB808700032A29 /* LUConsoleController.m in Sources */ = {isa = PBXBuildFile; fileRef = 4DD4F5591DFB808700032A29 /* LUConsoleController.m */; };
		4DD4F6271DFB808700032A29 /* LUConsoleController.m in Sources */ = {isa = PBXBuildFile; fileRef = 4DD4F5591DFB808700032A29 /* LUConsoleController.m */; };
		4DD4F6281DFB808700032A29 /* LUConsoleLogController.m in Sources */ = {isa = PBXBuildFile; fileRef = 4DD4F55C1DFB808700032A29 /* LUConsoleLogController.m */; };
		4DD4F6291DFB808700032A29 /* LUConsoleLogController.m in Sources */ = {isa = PBXBuildFile; fileRef = 4DD4F55C1DFB808700032A29 /* LUConsoleLogController.m */; };
		4DD4F62A1DFB808700032A29 /* LUConsoleLogDetailsController.m in Sources */ = {isa = PBXBuildFile; fileRef = 4DD4F55F1DFB808700032A29 /* LUConsoleLogDetailsController.m */; };
		4DD4F62B1DFB808700032A29 /* LUConsoleLogDetailsController.m in Sources */ = {isa = PBXBuildFile; fileRef = 4DD4F55F1DFB808700032A29 /* LUConsoleLogDetailsController.m */; };
		4DD4F62C1DFB808700032A29 /* LUConsoleLogEntry.m in Sources */ = {isa = PBXBuildFile; fileRef = 4DD4F5621DFB808700032A29 /* LUConsoleLogEntry.m */; };
		4DD4F62D1DFB808700032A29 /* LUConsoleLogEntry.m in Sources */ = {isa = PBXBuildFile; fileRef = 4DD4F5621DFB808700032A29 /* LUConsoleLogEntry.m */; };
		4DD4F62E1DFB808700032A29 /* LUConsoleLogEntryList.m in Sources */ = {isa = PBXBuildFile; fileRef = 4DD4F5641DFB808700032A29 /* LUConsoleLogEntryList.m */; };
		4DD4F62F1DFB808700032A29 /* LUConsoleLogEntryList.m in Sources */ = {isa = PBXBuildFile; fileRef = 4DD4F5641DFB808700032A29 /* LUConsoleLogEntryList.m */; };
		4DD4F6301DFB808700032A29 /* LUConsoleLogEntryLookupTable.m in Sources */ = {isa = PBXBuildFile; fileRef = 4DD4F5661DFB808700032A29 /* LUConsoleLogEntryLookupTable.m */; };
		4DD4F6311DFB808700032A29 /* LUConsoleLogEntryLookupTable.m in Sources */ = {isa = PBXBuildFile; fileRef = 4DD4F5661DFB808700032A29 /* LUConsoleLogEntryLookupTable.m */; };
		4DD4F6321DFB808700032A29 /* LUConsoleLogEntryTableViewCell.m in Sources */ = {isa = PBXBuildFile; fileRef = 4DD4F5681DFB808700032A29 /* LUConsoleLogEntryTableViewCell.m */; };
		4DD4F6331DFB808700032A29 /* LUConsoleLogEntryTableViewCell.m in Sources */ = {isa = PBXBuildFile; fileRef = 4DD4F5681DFB808700032A29 /* LUConsoleLogEntryTableViewCell.m */; };
		4DD4F6341DFB808700032A29 /* LUConsoleLogMenuController.m in Sources */ = {isa = PBXBuildFile; fileRef = 4DD4F56A1DFB808700032A29 /* LUConsoleLogMenuController.m */; };
		4DD4F6351DFB808700032A29 /* LUConsoleLogMenuController.m in Sources */ = {isa = PBXBuildFile; fileRef = 4DD4F56A1DFB808700032A29 /* LUConsoleLogMenuController.m */; };
		4DD4F6361DFB808700032A29 /* LUConsoleLogTypeButton.m in Sources */ = {isa = PBXBuildFile; fileRef = 4DD4F56D1DFB808700032A29 /* LUConsoleLogTypeButton.m */; };
		4DD4F6371DFB808700032A29 /* LUConsoleLogTypeButton.m in Sources */ = {isa = PBXBuildFile; fileRef = 4DD4F56D1DFB808700032A29 /* LUConsoleLogTypeButton.m */; };
		4DD4F6381DFB808700032A29 /* LUConsoleOverlayController.m in Sources */ = {isa = PBXBuildFile; fileRef = 4DD4F56F1DFB808700032A29 /* LUConsoleOverlayController.m */; };
		4DD4F6391DFB808700032A29 /* LUConsoleOverlayController.m in Sources */ = {isa = PBXBuildFile; fileRef = 4DD4F56F1DFB808700032A29 /* LUConsoleOverlayController.m */; };
		4DD4F63A1DFB808700032A29 /* LUConsolePopupController.m in Sources */ = {isa = PBXBuildFile; fileRef = 4DD4F5721DFB808700032A29 /* LUConsolePopupController.m */; };
		4DD4F63B1DFB808700032A29 /* LUConsolePopupController.m in Sources */ = {isa = PBXBuildFile; fileRef = 4DD4F5721DFB808700032A29 /* LUConsolePopupController.m */; };
		4DD4F63C1DFB808700032A29 /* LUConsoleResizeController.m in Sources */ = {isa = PBXBuildFile; fileRef = 4DD4F5751DFB808700032A29 /* LUConsoleResizeController.m */; };
		4DD4F63D1DFB808700032A29 /* LUConsoleResizeController.m in Sources */ = {isa = PBXBuildFile; fileRef = 4DD4F5751DFB808700032A29 /* LUConsoleResizeController.m */; };
		4DD4F63E1DFB808700032A29 /* LUConsoleSettingsController.m in Sources */ = {isa = PBXBuildFile; fileRef = 4DD4F5781DFB808700032A29 /* LUConsoleSettingsController.m */; };
		4DD4F63F1DFB808700032A29 /* LUConsoleSettingsController.m in Sources */ = {isa = PBXBuildFile; fileRef = 4DD4F5781DFB808700032A29 /* LUConsoleSettingsController.m */; };
		4DD4F6401DFB808700032A29 /* LUAction.m in Sources */ = {isa = PBXBuildFile; fileRef = 4DD4F57E1DFB808700032A29 /* LUAction.m */; };
		4DD4F6411DFB808700032A29 /* LUAction.m in Sources */ = {isa = PBXBuildFile; fileRef = 4DD4F57E1DFB808700032A29 /* LUAction.m */; };
		4DD4F6421DFB808700032A29 /* LUActionController.m in Sources */ = {isa = PBXBuildFile; fileRef = 4DD4F5801DFB808700032A29 /* LUActionController.m */; };
		4DD4F6431DFB808700032A29 /* LUActionController.m in Sources */ = {isa = PBXBuildFile; fileRef = 4DD4F5801DFB808700032A29 /* LUActionController.m */; };
		4DD4F6441DFB808700032A29 /* LUActionRegistry.m in Sources */ = {isa = PBXBuildFile; fileRef = 4DD4F5831DFB808700032A29 /* LUActionRegistry.m */; };
		4DD4F6451DFB808700032A29 /* LUActionRegistry.m in Sources */ = {isa = PBXBuildFile; fileRef = 4DD4F5831DFB808700032A29 /* LUActionRegistry.m */; };
		4DD4F6461DFB808700032A29 /* LUActionRegistryFilter.m in Sources */ = {isa = PBXBuildFile; fileRef = 4DD4F5851DFB808700032A29 /* LUActionRegistryFilter.m */; };
		4DD4F6471DFB808700032A29 /* LUActionRegistryFilter.m in Sources */ = {isa = PBXBuildFile; fileRef = 4DD4F5851DFB808700032A29 /* LUActionRegistryFilter.m */; };
		4DD4F6481DFB808700032A29 /* LUActionTableViewCell.m in Sources */ = {isa = PBXBuildFile; fileRef = 4DD4F5881DFB808700032A29 /* LUActionTableViewCell.m */; };
		4DD4F6491DFB808700032A29 /* LUActionTableViewCell.m in Sources */ = {isa = PBXBuildFile; fileRef = 4DD4F5881DFB808700032A29 /* LUActionTableViewCell.m */; };
		4DD4F64A1DFB808700032A29 /* LUEntry.m in Sources */ = {isa = PBXBuildFile; fileRef = 4DD4F58A1DFB808700032A29 /* LUEntry.m */; };
		4DD4F64B1DFB808700032A29 /* LUEntry.m in Sources */ = {isa = PBXBuildFile; fileRef = 4DD4F58A1DFB808700032A29 /* LUEntry.m */; };
		4DD4F64C1DFB808700032A29 /* LUEntryTableViewCell.m in Sources */ = {isa = PBXBuildFile; fileRef = 4DD4F58C1DFB808700032A29 /* LUEntryTableViewCell.m */; };
		4DD4F64D1DFB808700032A29 /* LUEntryTableViewCell.m in Sources */ = {isa = PBXBuildFile; fileRef = 4DD4F58C1DFB808700032A29 /* LUEntryTableViewCell.m */; };
		4DD4F64E1DFB808700032A29 /* LUCVar.m in Sources */ = {isa = PBXBuildFile; fileRef = 4DD4F58F1DFB808700032A29 /* LUCVar.m */; };
		4DD4F64F1DFB808700032A29 /* LUCVar.m in Sources */ = {isa = PBXBuildFile; fileRef = 4DD4F58F1DFB808700032A29 /* LUCVar.m */; };
		4DD4F6501DFB808700032A29 /* LUCVarBooleanTableViewCell.m in Sources */ = {isa = PBXBuildFile; fileRef = 4DD4F5911DFB808700032A29 /* LUCVarBooleanTableViewCell.m */; };
		4DD4F6511DFB808700032A29 /* LUCVarBooleanTableViewCell.m in Sources */ = {isa = PBXBuildFile; fileRef = 4DD4F5911DFB808700032A29 /* LUCVarBooleanTableViewCell.m */; };
		4DD4F6521DFB808700032A29 /* LUCVarFactory.m in Sources */ = {isa = PBXBuildFile; fileRef = 4DD4F5941DFB808700032A29 /* LUCVarFactory.m */; };
		4DD4F6531DFB808700032A29 /* LUCVarFactory.m in Sources */ = {isa = PBXBuildFile; fileRef = 4DD4F5941DFB808700032A29 /* LUCVarFactory.m */; };
		4DD4F6541DFB808700032A29 /* LUCVarFloatTableViewCell.m in Sources */ = {isa = PBXBuildFile; fileRef = 4DD4F5961DFB808700032A29 /* LUCVarFloatTableViewCell.m */; };
		4DD4F6551DFB808700032A29 /* LUCVarFloatTableViewCell.m in Sources */ = {isa = PBXBuildFile; fileRef = 4DD4F5961DFB808700032A29 /* LUCVarFloatTableViewCell.m */; };
		4DD4F6561DFB808700032A29 /* LUCVarInputTableViewCell.m in Sources */ = {isa = PBXBuildFile; fileRef = 4DD4F5981DFB808700032A29 /* LUCVarInputTableViewCell.m */; };
		4DD4F6571DFB808700032A29 /* LUCVarInputTableViewCell.m in Sources */ = {isa = PBXBuildFile; fileRef = 4DD4F5981DFB808700032A29 /* LUCVarInputTableViewCell.m */; };
		4DD4F6581DFB808700032A29 /* LUCVarIntegerTableViewCell.m in Sources */ = {isa = PBXBuildFile; fileRef = 4DD4F59B1DFB808700032A29 /* LUCVarIntegerTableViewCell.m */; };
		4DD4F6591DFB808700032A29 /* LUCVarIntegerTableViewCell.m in Sources */ = {isa = PBXBuildFile; fileRef = 4DD4F59B1DFB808700032A29 /* LUCVarIntegerTableViewCell.m */; };
		4DD4F65A1DFB808700032A29 /* LUCVarStringTableViewCell.m in Sources */ = {isa = PBXBuildFile; fileRef = 4DD4F59D1DFB808700032A29 /* LUCVarStringTableViewCell.m */; };
		4DD4F65B1DFB808700032A29 /* LUCVarStringTableViewCell.m in Sources */ = {isa = PBXBuildFile; fileRef = 4DD4F59D1DFB808700032A29 /* LUCVarStringTableViewCell.m */; };
		4DD4F65C1DFB808700032A29 /* LUCVarTableViewCell.m in Sources */ = {isa = PBXBuildFile; fileRef = 4DD4F59F1DFB808700032A29 /* LUCVarTableViewCell.m */; };
		4DD4F65D1DFB808700032A29 /* LUCVarTableViewCell.m in Sources */ = {isa = PBXBuildFile; fileRef = 4DD4F59F1DFB808700032A29 /* LUCVarTableViewCell.m */; };
		4DD4F65E1DFB808700032A29 /* LUConsolePlugin.m in Sources */ = {isa = PBXBuildFile; fileRef = 4DD4F5E71DFB808700032A29 /* LUConsolePlugin.m */; };
		4DD4F65F1DFB808700032A29 /* LUConsolePlugin.m in Sources */ = {isa = PBXBuildFile; fileRef = 4DD4F5E71DFB808700032A29 /* LUConsolePlugin.m */; };
		4DD4F6601DFB808700032A29 /* LUConsolePluginSettings.m in Sources */ = {isa = PBXBuildFile; fileRef = 4DD4F5E91DFB808700032A29 /* LUConsolePluginSettings.m */; };
		4DD4F6611DFB808700032A29 /* LUConsolePluginSettings.m in Sources */ = {isa = PBXBuildFile; fileRef = 4DD4F5E91DFB808700032A29 /* LUConsolePluginSettings.m */; };
		4DD4F6621DFB808700032A29 /* lunar_unity_native_interface.m in Sources */ = {isa = PBXBuildFile; fileRef = 4DD4F5EB1DFB808700032A29 /* lunar_unity_native_interface.m */; };
		4DD4F6631DFB808700032A29 /* lunar_unity_native_interface.m in Sources */ = {isa = PBXBuildFile; fileRef = 4DD4F5EB1DFB808700032A29 /* lunar_unity_native_interface.m */; };
		4DD4F6641DFB808700032A29 /* LUUnityScriptMessenger.m in Sources */ = {isa = PBXBuildFile; fileRef = 4DD4F5ED1DFB808700032A29 /* LUUnityScriptMessenger.m */; };
		4DD4F6651DFB808700032A29 /* LUUnityScriptMessenger.m in Sources */ = {isa = PBXBuildFile; fileRef = 4DD4F5ED1DFB808700032A29 /* LUUnityScriptMessenger.m */; };
		4DD4F6661DFB808700032A29 /* LUActionButton.m in Sources */ = {isa = PBXBuildFile; fileRef = 4DD4F5F01DFB808700032A29 /* LUActionButton.m */; };
		4DD4F6671DFB808700032A29 /* LUActionButton.m in Sources */ = {isa = PBXBuildFile; fileRef = 4DD4F5F01DFB808700032A29 /* LUActionButton.m */; };
		4DD4F6681DFB808700032A29 /* LUButton.m in Sources */ = {isa = PBXBuildFile; fileRef = 4DD4F5F21DFB808700032A29 /* LUButton.m */; };
		4DD4F6691DFB808700032A29 /* LUButton.m in Sources */ = {isa = PBXBuildFile; fileRef = 4DD4F5F21DFB808700032A29 /* LUButton.m */; };
		4DD4F66A1DFB808700032A29 /* LUPanViewGestureRecognizer.m in Sources */ = {isa = PBXBuildFile; fileRef = 4DD4F5F41DFB808700032A29 /* LUPanViewGestureRecognizer.m */; };
		4DD4F66B1DFB808700032A29 /* LUPanViewGestureRecognizer.m in Sources */ = {isa = PBXBuildFile; fileRef = 4DD4F5F41DFB808700032A29 /* LUPanViewGestureRecognizer.m */; };
		4DD4F66C1DFB808700032A29 /* LUPassTouchView.m in Sources */ = {isa = PBXBuildFile; fileRef = 4DD4F5F61DFB808700032A29 /* LUPassTouchView.m */; };
		4DD4F66D1DFB808700032A29 /* LUPassTouchView.m in Sources */ = {isa = PBXBuildFile; fileRef = 4DD4F5F61DFB808700032A29 /* LUPassTouchView.m */; };
		4DD4F66E1DFB808700032A29 /* LUSwitch.m in Sources */ = {isa = PBXBuildFile; fileRef = 4DD4F5F81DFB808700032A29 /* LUSwitch.m */; };
		4DD4F66F1DFB808700032A29 /* LUSwitch.m in Sources */ = {isa = PBXBuildFile; fileRef = 4DD4F5F81DFB808700032A29 /* LUSwitch.m */; };
		4DD4F6701DFB808700032A29 /* LUTableView.m in Sources */ = {isa = PBXBuildFile; fileRef = 4DD4F5FA1DFB808700032A29 /* LUTableView.m */; };
		4DD4F6711DFB808700032A29 /* LUTableView.m in Sources */ = {isa = PBXBuildFile; fileRef = 4DD4F5FA1DFB808700032A29 /* LUTableView.m */; };
		4DD4F6721DFB808700032A29 /* LUTheme.m in Sources */ = {isa = PBXBuildFile; fileRef = 4DD4F5FC1DFB808700032A29 /* LUTheme.m */; };
		4DD4F6731DFB808700032A29 /* LUTheme.m in Sources */ = {isa = PBXBuildFile; fileRef = 4DD4F5FC1DFB808700032A29 /* LUTheme.m */; };
		4DD4F6741DFB808700032A29 /* LUToggleButton.m in Sources */ = {isa = PBXBuildFile; fileRef = 4DD4F5FE1DFB808700032A29 /* LUToggleButton.m */; };
		4DD4F6751DFB808700032A29 /* LUToggleButton.m in Sources */ = {isa = PBXBuildFile; fileRef = 4DD4F5FE1DFB808700032A29 /* LUToggleButton.m */; };
		4DD4F6761DFB808700032A29 /* LUViewController.m in Sources */ = {isa = PBXBuildFile; fileRef = 4DD4F6001DFB808700032A29 /* LUViewController.m */; };
		4DD4F6771DFB808700032A29 /* LUViewController.m in Sources */ = {isa = PBXBuildFile; fileRef = 4DD4F6001DFB808700032A29 /* LUViewController.m */; };
		4DD4F6781DFB808700032A29 /* LUWindow.m in Sources */ = {isa = PBXBuildFile; fileRef = 4DD4F6021DFB808700032A29 /* LUWindow.m */; };
		4DD4F6791DFB808700032A29 /* LUWindow.m in Sources */ = {isa = PBXBuildFile; fileRef = 4DD4F6021DFB808700032A29 /* LUWindow.m */; };
		4DD4F67A1DFB808700032A29 /* LUAssert.m in Sources */ = {isa = PBXBuildFile; fileRef = 4DD4F6051DFB808700032A29 /* LUAssert.m */; };
		4DD4F67B1DFB808700032A29 /* LUAssert.m in Sources */ = {isa = PBXBuildFile; fileRef = 4DD4F6051DFB808700032A29 /* LUAssert.m */; };
		4DD4F67C1DFB808700032A29 /* LUAvailability.m in Sources */ = {isa = PBXBuildFile; fileRef = 4DD4F6071DFB808700032A29 /* LUAvailability.m */; };
		4DD4F67D1DFB808700032A29 /* LUAvailability.m in Sources */ = {isa = PBXBuildFile; fileRef = 4DD4F6071DFB808700032A29 /* LUAvailability.m */; };
		4DD4F67E1DFB808700032A29 /* LUFileUtils.m in Sources */ = {isa = PBXBuildFile; fileRef = 4DD4F60A1DFB808700032A29 /* LUFileUtils.m */; };
		4DD4F67F1DFB808700032A29 /* LUFileUtils.m in Sources */ = {isa = PBXBuildFile; fileRef = 4DD4F60A1DFB808700032A29 /* LUFileUtils.m */; };
		4DD4F6801DFB808700032A29 /* LUImageUtils.m in Sources */ = {isa = PBXBuildFile; fileRef = 4DD4F60C1DFB808700032A29 /* LUImageUtils.m */; };
		4DD4F6811DFB808700032A29 /* LUImageUtils.m in Sources */ = {isa = PBXBuildFile; fileRef = 4DD4F60C1DFB808700032A29 /* LUImageUtils.m */; };
		4DD4F6821DFB808700032A29 /* LULittleHelper.m in Sources */ = {isa = PBXBuildFile; fileRef = 4DD4F60E1DFB808700032A29 /* LULittleHelper.m */; };
		4DD4F6831DFB808700032A29 /* LULittleHelper.m in Sources */ = {isa = PBXBuildFile; fileRef = 4DD4F60E1DFB808700032A29 /* LULittleHelper.m */; };
		4DD4F6841DFB808700032A29 /* LUMutableArray.m in Sources */ = {isa = PBXBuildFile; fileRef = 4DD4F6101DFB808700032A29 /* LUMutableArray.m */; };
		4DD4F6851DFB808700032A29 /* LUMutableArray.m in Sources */ = {isa = PBXBuildFile; fileRef = 4DD4F6101DFB808700032A29 /* LUMutableArray.m */; };
		4DD4F6861DFB808700032A29 /* LUObject.m in Sources */ = {isa = PBXBuildFile; fileRef = 4DD4F6121DFB808700032A29 /* LUObject.m */; };
		4DD4F6871DFB808700032A29 /* LUObject.m in Sources */ = {isa = PBXBuildFile; fileRef = 4DD4F6121DFB808700032A29 /* LUObject.m */; };
		4DD4F6881DFB808700032A29 /* LUSerializableObject.m in Sources */ = {isa = PBXBuildFile; fileRef = 4DD4F6141DFB808700032A29 /* LUSerializableObject.m */; };
		4DD4F6891DFB808700032A29 /* LUSerializableObject.m in Sources */ = {isa = PBXBuildFile; fileRef = 4DD4F6141DFB808700032A29 /* LUSerializableObject.m */; };
		4DD4F68A1DFB808700032A29 /* LUSerializationUtils.m in Sources */ = {isa = PBXBuildFile; fileRef = 4DD4F6161DFB808700032A29 /* LUSerializationUtils.m */; };
		4DD4F68B1DFB808700032A29 /* LUSerializationUtils.m in Sources */ = {isa = PBXBuildFile; fileRef = 4DD4F6161DFB808700032A29 /* LUSerializationUtils.m */; };
		4DD4F68C1DFB808700032A29 /* LUSortedList.m in Sources */ = {isa = PBXBuildFile; fileRef = 4DD4F6181DFB808700032A29 /* LUSortedList.m */; };
		4DD4F68D1DFB808700032A29 /* LUSortedList.m in Sources */ = {isa = PBXBuildFile; fileRef = 4DD4F6181DFB808700032A29 /* LUSortedList.m */; };
		4DD4F68E1DFB808700032A29 /* LUStacktrace.m in Sources */ = {isa = PBXBuildFile; fileRef = 4DD4F61A1DFB808700032A29 /* LUStacktrace.m */; };
		4DD4F68F1DFB808700032A29 /* LUStacktrace.m in Sources */ = {isa = PBXBuildFile; fileRef = 4DD4F61A1DFB808700032A29 /* LUStacktrace.m */; };
		4DD4F6901DFB808700032A29 /* LUStringUtils.m in Sources */ = {isa = PBXBuildFile; fileRef = 4DD4F61C1DFB808700032A29 /* LUStringUtils.m */; };
		4DD4F6911DFB808700032A29 /* LUStringUtils.m in Sources */ = {isa = PBXBuildFile; fileRef = 4DD4F61C1DFB808700032A29 /* LUStringUtils.m */; };
		4DD4F6921DFB808700032A29 /* LUThreading.m in Sources */ = {isa = PBXBuildFile; fileRef = 4DD4F61E1DFB808700032A29 /* LUThreading.m */; };
		4DD4F6931DFB808700032A29 /* LUThreading.m in Sources */ = {isa = PBXBuildFile; fileRef = 4DD4F61E1DFB808700032A29 /* LUThreading.m */; };
		4DD4F6941DFB808700032A29 /* LUExceptionWarningController.m in Sources */ = {isa = PBXBuildFile; fileRef = 4DD4F6221DFB808700032A29 /* LUExceptionWarningController.m */; };
		4DD4F6951DFB808700032A29 /* LUExceptionWarningController.m in Sources */ = {isa = PBXBuildFile; fileRef = 4DD4F6221DFB808700032A29 /* LUExceptionWarningController.m */; };
		840F087F1DEA6B7400E9F13D /* TestCase.m in Sources */ = {isa = PBXBuildFile; fileRef = 840F08751DEA6B7400E9F13D /* TestCase.m */; };
		840F08801DEA6B7400E9F13D /* LUActionRegistryFilterTest.m in Sources */ = {isa = PBXBuildFile; fileRef = 840F08761DEA6B7400E9F13D /* LUActionRegistryFilterTest.m */; };
		840F08811DEA6B7400E9F13D /* LUActionRegistryTest.m in Sources */ = {isa = PBXBuildFile; fileRef = 840F08771DEA6B7400E9F13D /* LUActionRegistryTest.m */; };
		840F08821DEA6B7400E9F13D /* LUConsoleEntryListTest.m in Sources */ = {isa = PBXBuildFile; fileRef = 840F08781DEA6B7400E9F13D /* LUConsoleEntryListTest.m */; };
		840F08831DEA6B7400E9F13D /* LUConsoleEntryLookupTableTest.m in Sources */ = {isa = PBXBuildFile; fileRef = 840F08791DEA6B7400E9F13D /* LUConsoleEntryLookupTableTest.m */; };
		840F08841DEA6B7400E9F13D /* LUConsoleTest.m in Sources */ = {isa = PBXBuildFile; fileRef = 840F087A1DEA6B7400E9F13D /* LUConsoleTest.m */; };
		840F08851DEA6B7400E9F13D /* LUMutableArrayTest.m in Sources */ = {isa = PBXBuildFile; fileRef = 840F087B1DEA6B7400E9F13D /* LUMutableArrayTest.m */; };
		840F08861DEA6B7400E9F13D /* LUSortedListTest.m in Sources */ = {isa = PBXBuildFile; fileRef = 840F087C1DEA6B7400E9F13D /* LUSortedListTest.m */; };
		840F08871DEA6B7400E9F13D /* LUStacktraceTest.m in Sources */ = {isa = PBXBuildFile; fileRef = 840F087D1DEA6B7400E9F13D /* LUStacktraceTest.m */; };
		840F08881DEA6B7400E9F13D /* LUStringUtilsTest.m in Sources */ = {isa = PBXBuildFile; fileRef = 840F087E1DEA6B7400E9F13D /* LUStringUtilsTest.m */; };
		844741B51B719C3100F5ABD3 /* libLunarConsole.a in Frameworks */ = {isa = PBXBuildFile; fileRef = 844741A91B719C3100F5ABD3 /* libLunarConsole.a */; };
/* End PBXBuildFile section */

/* Begin PBXContainerItemProxy section */
		844741B61B719C3100F5ABD3 /* PBXContainerItemProxy */ = {
			isa = PBXContainerItemProxy;
			containerPortal = 844741A11B719C3100F5ABD3 /* Project object */;
			proxyType = 1;
			remoteGlobalIDString = 844741A81B719C3100F5ABD3;
			remoteInfo = LunarConsole;
		};
/* End PBXContainerItemProxy section */

/* Begin PBXCopyFilesBuildPhase section */
		4DD4F54D1DFB7F4B00032A29 /* CopyFiles */ = {
			isa = PBXCopyFilesBuildPhase;
			buildActionMask = 2147483647;
			dstPath = "include/$(PRODUCT_NAME)";
			dstSubfolderSpec = 16;
			files = (
			);
			runOnlyForDeploymentPostprocessing = 0;
		};
		844741A71B719C3100F5ABD3 /* CopyFiles */ = {
			isa = PBXCopyFilesBuildPhase;
			buildActionMask = 2147483647;
			dstPath = "include/$(PRODUCT_NAME)";
			dstSubfolderSpec = 16;
			files = (
			);
			runOnlyForDeploymentPostprocessing = 0;
		};
/* End PBXCopyFilesBuildPhase section */

/* Begin PBXFileReference section */
		4DD4F5511DFB7F4B00032A29 /* libLunarConsoleFree.a */ = {isa = PBXFileReference; explicitFileType = archive.ar; includeInIndex = 0; path = libLunarConsoleFree.a; sourceTree = BUILT_PRODUCTS_DIR; };
		4DD4F5561DFB808700032A29 /* LUConsole.h */ = {isa = PBXFileReference; fileEncoding = 4; lastKnownFileType = sourcecode.c.h; path = LUConsole.h; sourceTree = "<group>"; };
		4DD4F5571DFB808700032A29 /* LUConsole.m */ = {isa = PBXFileReference; fileEncoding = 4; lastKnownFileType = sourcecode.c.objc; path = LUConsole.m; sourceTree = "<group>"; };
		4DD4F5581DFB808700032A29 /* LUConsoleController.h */ = {isa = PBXFileReference; fileEncoding = 4; lastKnownFileType = sourcecode.c.h; path = LUConsoleController.h; sourceTree = "<group>"; };
		4DD4F5591DFB808700032A29 /* LUConsoleController.m */ = {isa = PBXFileReference; fileEncoding = 4; lastKnownFileType = sourcecode.c.objc; path = LUConsoleController.m; sourceTree = "<group>"; };
		4DD4F55A1DFB808700032A29 /* LUConsoleController.xib */ = {isa = PBXFileReference; fileEncoding = 4; lastKnownFileType = file.xib; path = LUConsoleController.xib; sourceTree = "<group>"; };
		4DD4F55B1DFB808700032A29 /* LUConsoleLogController.h */ = {isa = PBXFileReference; fileEncoding = 4; lastKnownFileType = sourcecode.c.h; path = LUConsoleLogController.h; sourceTree = "<group>"; };
		4DD4F55C1DFB808700032A29 /* LUConsoleLogController.m */ = {isa = PBXFileReference; fileEncoding = 4; lastKnownFileType = sourcecode.c.objc; path = LUConsoleLogController.m; sourceTree = "<group>"; };
		4DD4F55D1DFB808700032A29 /* LUConsoleLogController.xib */ = {isa = PBXFileReference; fileEncoding = 4; lastKnownFileType = file.xib; path = LUConsoleLogController.xib; sourceTree = "<group>"; };
		4DD4F55E1DFB808700032A29 /* LUConsoleLogDetailsController.h */ = {isa = PBXFileReference; fileEncoding = 4; lastKnownFileType = sourcecode.c.h; path = LUConsoleLogDetailsController.h; sourceTree = "<group>"; };
		4DD4F55F1DFB808700032A29 /* LUConsoleLogDetailsController.m */ = {isa = PBXFileReference; fileEncoding = 4; lastKnownFileType = sourcecode.c.objc; path = LUConsoleLogDetailsController.m; sourceTree = "<group>"; };
		4DD4F5601DFB808700032A29 /* LUConsoleLogDetailsController.xib */ = {isa = PBXFileReference; fileEncoding = 4; lastKnownFileType = file.xib; path = LUConsoleLogDetailsController.xib; sourceTree = "<group>"; };
		4DD4F5611DFB808700032A29 /* LUConsoleLogEntry.h */ = {isa = PBXFileReference; fileEncoding = 4; lastKnownFileType = sourcecode.c.h; path = LUConsoleLogEntry.h; sourceTree = "<group>"; };
		4DD4F5621DFB808700032A29 /* LUConsoleLogEntry.m */ = {isa = PBXFileReference; fileEncoding = 4; lastKnownFileType = sourcecode.c.objc; path = LUConsoleLogEntry.m; sourceTree = "<group>"; };
		4DD4F5631DFB808700032A29 /* LUConsoleLogEntryList.h */ = {isa = PBXFileReference; fileEncoding = 4; lastKnownFileType = sourcecode.c.h; path = LUConsoleLogEntryList.h; sourceTree = "<group>"; };
		4DD4F5641DFB808700032A29 /* LUConsoleLogEntryList.m */ = {isa = PBXFileReference; fileEncoding = 4; lastKnownFileType = sourcecode.c.objc; path = LUConsoleLogEntryList.m; sourceTree = "<group>"; };
		4DD4F5651DFB808700032A29 /* LUConsoleLogEntryLookupTable.h */ = {isa = PBXFileReference; fileEncoding = 4; lastKnownFileType = sourcecode.c.h; path = LUConsoleLogEntryLookupTable.h; sourceTree = "<group>"; };
		4DD4F5661DFB808700032A29 /* LUConsoleLogEntryLookupTable.m */ = {isa = PBXFileReference; fileEncoding = 4; lastKnownFileType = sourcecode.c.objc; path = LUConsoleLogEntryLookupTable.m; sourceTree = "<group>"; };
		4DD4F5671DFB808700032A29 /* LUConsoleLogEntryTableViewCell.h */ = {isa = PBXFileReference; fileEncoding = 4; lastKnownFileType = sourcecode.c.h; path = LUConsoleLogEntryTableViewCell.h; sourceTree = "<group>"; };
		4DD4F5681DFB808700032A29 /* LUConsoleLogEntryTableViewCell.m */ = {isa = PBXFileReference; fileEncoding = 4; lastKnownFileType = sourcecode.c.objc; path = LUConsoleLogEntryTableViewCell.m; sourceTree = "<group>"; };
		4DD4F5691DFB808700032A29 /* LUConsoleLogMenuController.h */ = {isa = PBXFileReference; fileEncoding = 4; lastKnownFileType = sourcecode.c.h; path = LUConsoleLogMenuController.h; sourceTree = "<group>"; };
		4DD4F56A1DFB808700032A29 /* LUConsoleLogMenuController.m */ = {isa = PBXFileReference; fileEncoding = 4; lastKnownFileType = sourcecode.c.objc; path = LUConsoleLogMenuController.m; sourceTree = "<group>"; };
		4DD4F56B1DFB808700032A29 /* LUConsoleLogMenuController.xib */ = {isa = PBXFileReference; fileEncoding = 4; lastKnownFileType = file.xib; path = LUConsoleLogMenuController.xib; sourceTree = "<group>"; };
		4DD4F56C1DFB808700032A29 /* LUConsoleLogTypeButton.h */ = {isa = PBXFileReference; fileEncoding = 4; lastKnownFileType = sourcecode.c.h; path = LUConsoleLogTypeButton.h; sourceTree = "<group>"; };
		4DD4F56D1DFB808700032A29 /* LUConsoleLogTypeButton.m */ = {isa = PBXFileReference; fileEncoding = 4; lastKnownFileType = sourcecode.c.objc; path = LUConsoleLogTypeButton.m; sourceTree = "<group>"; };
		4DD4F56E1DFB808700032A29 /* LUConsoleOverlayController.h */ = {isa = PBXFileReference; fileEncoding = 4; lastKnownFileType = sourcecode.c.h; path = LUConsoleOverlayController.h; sourceTree = "<group>"; };
		4DD4F56F1DFB808700032A29 /* LUConsoleOverlayController.m */ = {isa = PBXFileReference; fileEncoding = 4; lastKnownFileType = sourcecode.c.objc; path = LUConsoleOverlayController.m; sourceTree = "<group>"; };
		4DD4F5701DFB808700032A29 /* LUConsoleOverlayController.xib */ = {isa = PBXFileReference; fileEncoding = 4; lastKnownFileType = file.xib; path = LUConsoleOverlayController.xib; sourceTree = "<group>"; };
		4DD4F5711DFB808700032A29 /* LUConsolePopupController.h */ = {isa = PBXFileReference; fileEncoding = 4; lastKnownFileType = sourcecode.c.h; path = LUConsolePopupController.h; sourceTree = "<group>"; };
		4DD4F5721DFB808700032A29 /* LUConsolePopupController.m */ = {isa = PBXFileReference; fileEncoding = 4; lastKnownFileType = sourcecode.c.objc; path = LUConsolePopupController.m; sourceTree = "<group>"; };
		4DD4F5731DFB808700032A29 /* LUConsolePopupController.xib */ = {isa = PBXFileReference; fileEncoding = 4; lastKnownFileType = file.xib; path = LUConsolePopupController.xib; sourceTree = "<group>"; };
		4DD4F5741DFB808700032A29 /* LUConsoleResizeController.h */ = {isa = PBXFileReference; fileEncoding = 4; lastKnownFileType = sourcecode.c.h; path = LUConsoleResizeController.h; sourceTree = "<group>"; };
		4DD4F5751DFB808700032A29 /* LUConsoleResizeController.m */ = {isa = PBXFileReference; fileEncoding = 4; lastKnownFileType = sourcecode.c.objc; path = LUConsoleResizeController.m; sourceTree = "<group>"; };
		4DD4F5761DFB808700032A29 /* LUConsoleResizeController.xib */ = {isa = PBXFileReference; fileEncoding = 4; lastKnownFileType = file.xib; path = LUConsoleResizeController.xib; sourceTree = "<group>"; };
		4DD4F5771DFB808700032A29 /* LUConsoleSettingsController.h */ = {isa = PBXFileReference; fileEncoding = 4; lastKnownFileType = sourcecode.c.h; path = LUConsoleSettingsController.h; sourceTree = "<group>"; };
		4DD4F5781DFB808700032A29 /* LUConsoleSettingsController.m */ = {isa = PBXFileReference; fileEncoding = 4; lastKnownFileType = sourcecode.c.objc; path = LUConsoleSettingsController.m; sourceTree = "<group>"; };
		4DD4F5791DFB808700032A29 /* LUConsoleSettingsController.xib */ = {isa = PBXFileReference; fileEncoding = 4; lastKnownFileType = file.xib; path = LUConsoleSettingsController.xib; sourceTree = "<group>"; };
		4DD4F57A1DFB808700032A29 /* LUSettingsTableCellBool.xib */ = {isa = PBXFileReference; fileEncoding = 4; lastKnownFileType = file.xib; path = LUSettingsTableCellBool.xib; sourceTree = "<group>"; };
		4DD4F57D1DFB808700032A29 /* LUAction.h */ = {isa = PBXFileReference; fileEncoding = 4; lastKnownFileType = sourcecode.c.h; path = LUAction.h; sourceTree = "<group>"; };
		4DD4F57E1DFB808700032A29 /* LUAction.m */ = {isa = PBXFileReference; fileEncoding = 4; lastKnownFileType = sourcecode.c.objc; path = LUAction.m; sourceTree = "<group>"; };
		4DD4F57F1DFB808700032A29 /* LUActionController.h */ = {isa = PBXFileReference; fileEncoding = 4; lastKnownFileType = sourcecode.c.h; path = LUActionController.h; sourceTree = "<group>"; };
		4DD4F5801DFB808700032A29 /* LUActionController.m */ = {isa = PBXFileReference; fileEncoding = 4; lastKnownFileType = sourcecode.c.objc; path = LUActionController.m; sourceTree = "<group>"; };
		4DD4F5811DFB808700032A29 /* LUActionController.xib */ = {isa = PBXFileReference; fileEncoding = 4; lastKnownFileType = file.xib; path = LUActionController.xib; sourceTree = "<group>"; };
		4DD4F5821DFB808700032A29 /* LUActionRegistry.h */ = {isa = PBXFileReference; fileEncoding = 4; lastKnownFileType = sourcecode.c.h; path = LUActionRegistry.h; sourceTree = "<group>"; };
		4DD4F5831DFB808700032A29 /* LUActionRegistry.m */ = {isa = PBXFileReference; fileEncoding = 4; lastKnownFileType = sourcecode.c.objc; path = LUActionRegistry.m; sourceTree = "<group>"; };
		4DD4F5841DFB808700032A29 /* LUActionRegistryFilter.h */ = {isa = PBXFileReference; fileEncoding = 4; lastKnownFileType = sourcecode.c.h; path = LUActionRegistryFilter.h; sourceTree = "<group>"; };
		4DD4F5851DFB808700032A29 /* LUActionRegistryFilter.m */ = {isa = PBXFileReference; fileEncoding = 4; lastKnownFileType = sourcecode.c.objc; path = LUActionRegistryFilter.m; sourceTree = "<group>"; };
		4DD4F5861DFB808700032A29 /* LUActions.h */ = {isa = PBXFileReference; fileEncoding = 4; lastKnownFileType = sourcecode.c.h; path = LUActions.h; sourceTree = "<group>"; };
		4DD4F5871DFB808700032A29 /* LUActionTableViewCell.h */ = {isa = PBXFileReference; fileEncoding = 4; lastKnownFileType = sourcecode.c.h; path = LUActionTableViewCell.h; sourceTree = "<group>"; };
		4DD4F5881DFB808700032A29 /* LUActionTableViewCell.m */ = {isa = PBXFileReference; fileEncoding = 4; lastKnownFileType = sourcecode.c.objc; path = LUActionTableViewCell.m; sourceTree = "<group>"; };
		4DD4F5891DFB808700032A29 /* LUEntry.h */ = {isa = PBXFileReference; fileEncoding = 4; lastKnownFileType = sourcecode.c.h; path = LUEntry.h; sourceTree = "<group>"; };
		4DD4F58A1DFB808700032A29 /* LUEntry.m */ = {isa = PBXFileReference; fileEncoding = 4; lastKnownFileType = sourcecode.c.objc; path = LUEntry.m; sourceTree = "<group>"; };
		4DD4F58B1DFB808700032A29 /* LUEntryTableViewCell.h */ = {isa = PBXFileReference; fileEncoding = 4; lastKnownFileType = sourcecode.c.h; path = LUEntryTableViewCell.h; sourceTree = "<group>"; };
		4DD4F58C1DFB808700032A29 /* LUEntryTableViewCell.m */ = {isa = PBXFileReference; fileEncoding = 4; lastKnownFileType = sourcecode.c.objc; path = LUEntryTableViewCell.m; sourceTree = "<group>"; };
		4DD4F58E1DFB808700032A29 /* LUCVar.h */ = {isa = PBXFileReference; fileEncoding = 4; lastKnownFileType = sourcecode.c.h; path = LUCVar.h; sourceTree = "<group>"; };
		4DD4F58F1DFB808700032A29 /* LUCVar.m */ = {isa = PBXFileReference; fileEncoding = 4; lastKnownFileType = sourcecode.c.objc; path = LUCVar.m; sourceTree = "<group>"; };
		4DD4F5901DFB808700032A29 /* LUCVarBooleanTableViewCell.h */ = {isa = PBXFileReference; fileEncoding = 4; lastKnownFileType = sourcecode.c.h; path = LUCVarBooleanTableViewCell.h; sourceTree = "<group>"; };
		4DD4F5911DFB808700032A29 /* LUCVarBooleanTableViewCell.m */ = {isa = PBXFileReference; fileEncoding = 4; lastKnownFileType = sourcecode.c.objc; path = LUCVarBooleanTableViewCell.m; sourceTree = "<group>"; };
		4DD4F5921DFB808700032A29 /* LUCVarBooleanTableViewCell.xib */ = {isa = PBXFileReference; fileEncoding = 4; lastKnownFileType = file.xib; path = LUCVarBooleanTableViewCell.xib; sourceTree = "<group>"; };
		4DD4F5931DFB808700032A29 /* LUCVarFactory.h */ = {isa = PBXFileReference; fileEncoding = 4; lastKnownFileType = sourcecode.c.h; path = LUCVarFactory.h; sourceTree = "<group>"; };
		4DD4F5941DFB808700032A29 /* LUCVarFactory.m */ = {isa = PBXFileReference; fileEncoding = 4; lastKnownFileType = sourcecode.c.objc; path = LUCVarFactory.m; sourceTree = "<group>"; };
		4DD4F5951DFB808700032A29 /* LUCVarFloatTableViewCell.h */ = {isa = PBXFileReference; fileEncoding = 4; lastKnownFileType = sourcecode.c.h; path = LUCVarFloatTableViewCell.h; sourceTree = "<group>"; };
		4DD4F5961DFB808700032A29 /* LUCVarFloatTableViewCell.m */ = {isa = PBXFileReference; fileEncoding = 4; lastKnownFileType = sourcecode.c.objc; path = LUCVarFloatTableViewCell.m; sourceTree = "<group>"; };
		4DD4F5971DFB808700032A29 /* LUCVarInputTableViewCell.h */ = {isa = PBXFileReference; fileEncoding = 4; lastKnownFileType = sourcecode.c.h; path = LUCVarInputTableViewCell.h; sourceTree = "<group>"; };
		4DD4F5981DFB808700032A29 /* LUCVarInputTableViewCell.m */ = {isa = PBXFileReference; fileEncoding = 4; lastKnownFileType = sourcecode.c.objc; path = LUCVarInputTableViewCell.m; sourceTree = "<group>"; };
		4DD4F5991DFB808700032A29 /* LUCVarInputTableViewCell.xib */ = {isa = PBXFileReference; fileEncoding = 4; lastKnownFileType = file.xib; path = LUCVarInputTableViewCell.xib; sourceTree = "<group>"; };
		4DD4F59A1DFB808700032A29 /* LUCVarIntegerTableViewCell.h */ = {isa = PBXFileReference; fileEncoding = 4; lastKnownFileType = sourcecode.c.h; path = LUCVarIntegerTableViewCell.h; sourceTree = "<group>"; };
		4DD4F59B1DFB808700032A29 /* LUCVarIntegerTableViewCell.m */ = {isa = PBXFileReference; fileEncoding = 4; lastKnownFileType = sourcecode.c.objc; path = LUCVarIntegerTableViewCell.m; sourceTree = "<group>"; };
		4DD4F59C1DFB808700032A29 /* LUCVarStringTableViewCell.h */ = {isa = PBXFileReference; fileEncoding = 4; lastKnownFileType = sourcecode.c.h; path = LUCVarStringTableViewCell.h; sourceTree = "<group>"; };
		4DD4F59D1DFB808700032A29 /* LUCVarStringTableViewCell.m */ = {isa = PBXFileReference; fileEncoding = 4; lastKnownFileType = sourcecode.c.objc; path = LUCVarStringTableViewCell.m; sourceTree = "<group>"; };
		4DD4F59E1DFB808700032A29 /* LUCVarTableViewCell.h */ = {isa = PBXFileReference; fileEncoding = 4; lastKnownFileType = sourcecode.c.h; path = LUCVarTableViewCell.h; sourceTree = "<group>"; };
		4DD4F59F1DFB808700032A29 /* LUCVarTableViewCell.m */ = {isa = PBXFileReference; fileEncoding = 4; lastKnownFileType = sourcecode.c.objc; path = LUCVarTableViewCell.m; sourceTree = "<group>"; };
		4DD4F5A01DFB808700032A29 /* LUVariables.h */ = {isa = PBXFileReference; fileEncoding = 4; lastKnownFileType = sourcecode.c.h; path = LUVariables.h; sourceTree = "<group>"; };
		4DD4F5A21DFB808700032A29 /* lunar_console_action_button_large_normal.png */ = {isa = PBXFileReference; lastKnownFileType = image.png; path = lunar_console_action_button_large_normal.png; sourceTree = "<group>"; };
		4DD4F5A31DFB808700032A29 /* lunar_console_action_button_large_normal@2x.png */ = {isa = PBXFileReference; lastKnownFileType = image.png; path = "lunar_console_action_button_large_normal@2x.png"; sourceTree = "<group>"; };
		4DD4F5A41DFB808700032A29 /* lunar_console_action_button_large_normal@3x.png */ = {isa = PBXFileReference; lastKnownFileType = image.png; path = "lunar_console_action_button_large_normal@3x.png"; sourceTree = "<group>"; };
		4DD4F5A51DFB808700032A29 /* lunar_console_action_button_large_selected.png */ = {isa = PBXFileReference; lastKnownFileType = image.png; path = lunar_console_action_button_large_selected.png; sourceTree = "<group>"; };
		4DD4F5A61DFB808700032A29 /* lunar_console_action_button_large_selected@2x.png */ = {isa = PBXFileReference; lastKnownFileType = image.png; path = "lunar_console_action_button_large_selected@2x.png"; sourceTree = "<group>"; };
		4DD4F5A71DFB808700032A29 /* lunar_console_action_button_large_selected@3x.png */ = {isa = PBXFileReference; lastKnownFileType = image.png; path = "lunar_console_action_button_large_selected@3x.png"; sourceTree = "<group>"; };
		4DD4F5A81DFB808700032A29 /* lunar_console_actions_empty_warning.png */ = {isa = PBXFileReference; lastKnownFileType = image.png; path = lunar_console_actions_empty_warning.png; sourceTree = "<group>"; };
		4DD4F5A91DFB808700032A29 /* lunar_console_actions_empty_warning@2x.png */ = {isa = PBXFileReference; lastKnownFileType = image.png; path = "lunar_console_actions_empty_warning@2x.png"; sourceTree = "<group>"; };
		4DD4F5AA1DFB808700032A29 /* lunar_console_actions_empty_warning@3x.png */ = {isa = PBXFileReference; lastKnownFileType = image.png; path = "lunar_console_actions_empty_warning@3x.png"; sourceTree = "<group>"; };
		4DD4F5AB1DFB808700032A29 /* lunar_console_collapse_background.png */ = {isa = PBXFileReference; lastKnownFileType = image.png; path = lunar_console_collapse_background.png; sourceTree = "<group>"; };
		4DD4F5AC1DFB808700032A29 /* lunar_console_collapse_background@2x.png */ = {isa = PBXFileReference; lastKnownFileType = image.png; path = "lunar_console_collapse_background@2x.png"; sourceTree = "<group>"; };
		4DD4F5AD1DFB808700032A29 /* lunar_console_collapse_background@3x.png */ = {isa = PBXFileReference; lastKnownFileType = image.png; path = "lunar_console_collapse_background@3x.png"; sourceTree = "<group>"; };
		4DD4F5AE1DFB808700032A29 /* lunar_console_icon_button_clear.png */ = {isa = PBXFileReference; lastKnownFileType = image.png; path = lunar_console_icon_button_clear.png; sourceTree = "<group>"; };
		4DD4F5AF1DFB808700032A29 /* lunar_console_icon_button_clear@2x.png */ = {isa = PBXFileReference; lastKnownFileType = image.png; path = "lunar_console_icon_button_clear@2x.png"; sourceTree = "<group>"; };
		4DD4F5B01DFB808700032A29 /* lunar_console_icon_button_clear@3x.png */ = {isa = PBXFileReference; lastKnownFileType = image.png; path = "lunar_console_icon_button_clear@3x.png"; sourceTree = "<group>"; };
		4DD4F5B11DFB808700032A29 /* lunar_console_icon_button_clipboard.png */ = {isa = PBXFileReference; lastKnownFileType = image.png; path = lunar_console_icon_button_clipboard.png; sourceTree = "<group>"; };
		4DD4F5B21DFB808700032A29 /* lunar_console_icon_button_clipboard@2x.png */ = {isa = PBXFileReference; lastKnownFileType = image.png; path = "lunar_console_icon_button_clipboard@2x.png"; sourceTree = "<group>"; };
		4DD4F5B31DFB808700032A29 /* lunar_console_icon_button_clipboard@3x.png */ = {isa = PBXFileReference; lastKnownFileType = image.png; path = "lunar_console_icon_button_clipboard@3x.png"; sourceTree = "<group>"; };
		4DD4F5B41DFB808700032A29 /* lunar_console_icon_button_close.png */ = {isa = PBXFileReference; lastKnownFileType = image.png; path = lunar_console_icon_button_close.png; sourceTree = "<group>"; };
		4DD4F5B51DFB808700032A29 /* lunar_console_icon_button_close@2x.png */ = {isa = PBXFileReference; lastKnownFileType = image.png; path = "lunar_console_icon_button_close@2x.png"; sourceTree = "<group>"; };
		4DD4F5B61DFB808700032A29 /* lunar_console_icon_button_close@3x.png */ = {isa = PBXFileReference; lastKnownFileType = image.png; path = "lunar_console_icon_button_close@3x.png"; sourceTree = "<group>"; };
		4DD4F5B71DFB808700032A29 /* lunar_console_icon_button_collapse.png */ = {isa = PBXFileReference; lastKnownFileType = image.png; path = lunar_console_icon_button_collapse.png; sourceTree = "<group>"; };
		4DD4F5B81DFB808700032A29 /* lunar_console_icon_button_collapse@2x.png */ = {isa = PBXFileReference; lastKnownFileType = image.png; path = "lunar_console_icon_button_collapse@2x.png"; sourceTree = "<group>"; };
		4DD4F5B91DFB808700032A29 /* lunar_console_icon_button_collapse@3x.png */ = {isa = PBXFileReference; lastKnownFileType = image.png; path = "lunar_console_icon_button_collapse@3x.png"; sourceTree = "<group>"; };
		4DD4F5BA1DFB808700032A29 /* lunar_console_icon_button_console.png */ = {isa = PBXFileReference; lastKnownFileType = image.png; path = lunar_console_icon_button_console.png; sourceTree = "<group>"; };
		4DD4F5BB1DFB808700032A29 /* lunar_console_icon_button_console@2x.png */ = {isa = PBXFileReference; lastKnownFileType = image.png; path = "lunar_console_icon_button_console@2x.png"; sourceTree = "<group>"; };
		4DD4F5BC1DFB808700032A29 /* lunar_console_icon_button_console@3x.png */ = {isa = PBXFileReference; lastKnownFileType = image.png; path = "lunar_console_icon_button_console@3x.png"; sourceTree = "<group>"; };
		4DD4F5BD1DFB808700032A29 /* lunar_console_icon_button_email.png */ = {isa = PBXFileReference; lastKnownFileType = image.png; path = lunar_console_icon_button_email.png; sourceTree = "<group>"; };
		4DD4F5BE1DFB808700032A29 /* lunar_console_icon_button_email@2x.png */ = {isa = PBXFileReference; lastKnownFileType = image.png; path = "lunar_console_icon_button_email@2x.png"; sourceTree = "<group>"; };
		4DD4F5BF1DFB808700032A29 /* lunar_console_icon_button_email@3x.png */ = {isa = PBXFileReference; lastKnownFileType = image.png; path = "lunar_console_icon_button_email@3x.png"; sourceTree = "<group>"; };
		4DD4F5C01DFB808700032A29 /* lunar_console_icon_button_expand.png */ = {isa = PBXFileReference; lastKnownFileType = image.png; path = lunar_console_icon_button_expand.png; sourceTree = "<group>"; };
		4DD4F5C11DFB808700032A29 /* lunar_console_icon_button_expand@2x.png */ = {isa = PBXFileReference; lastKnownFileType = image.png; path = "lunar_console_icon_button_expand@2x.png"; sourceTree = "<group>"; };
		4DD4F5C21DFB808700032A29 /* lunar_console_icon_button_expand@3x.png */ = {isa = PBXFileReference; lastKnownFileType = image.png; path = "lunar_console_icon_button_expand@3x.png"; sourceTree = "<group>"; };
		4DD4F5C31DFB808700032A29 /* lunar_console_icon_button_lock.png */ = {isa = PBXFileReference; lastKnownFileType = image.png; path = lunar_console_icon_button_lock.png; sourceTree = "<group>"; };
		4DD4F5C41DFB808700032A29 /* lunar_console_icon_button_lock@2x.png */ = {isa = PBXFileReference; lastKnownFileType = image.png; path = "lunar_console_icon_button_lock@2x.png"; sourceTree = "<group>"; };
		4DD4F5C51DFB808700032A29 /* lunar_console_icon_button_lock@3x.png */ = {isa = PBXFileReference; lastKnownFileType = image.png; path = "lunar_console_icon_button_lock@3x.png"; sourceTree = "<group>"; };
		4DD4F5C61DFB808700032A29 /* lunar_console_icon_button_more.png */ = {isa = PBXFileReference; lastKnownFileType = image.png; path = lunar_console_icon_button_more.png; sourceTree = "<group>"; };
		4DD4F5C71DFB808700032A29 /* lunar_console_icon_button_more@2x.png */ = {isa = PBXFileReference; lastKnownFileType = image.png; path = "lunar_console_icon_button_more@2x.png"; sourceTree = "<group>"; };
		4DD4F5C81DFB808700032A29 /* lunar_console_icon_button_more@3x.png */ = {isa = PBXFileReference; lastKnownFileType = image.png; path = "lunar_console_icon_button_more@3x.png"; sourceTree = "<group>"; };
		4DD4F5C91DFB808700032A29 /* lunar_console_icon_button_settings.png */ = {isa = PBXFileReference; lastKnownFileType = image.png; path = lunar_console_icon_button_settings.png; sourceTree = "<group>"; };
		4DD4F5CA1DFB808700032A29 /* lunar_console_icon_button_settings@2x.png */ = {isa = PBXFileReference; lastKnownFileType = image.png; path = "lunar_console_icon_button_settings@2x.png"; sourceTree = "<group>"; };
		4DD4F5CB1DFB808700032A29 /* lunar_console_icon_button_settings@3x.png */ = {isa = PBXFileReference; lastKnownFileType = image.png; path = "lunar_console_icon_button_settings@3x.png"; sourceTree = "<group>"; };
		4DD4F5CC1DFB808700032A29 /* lunar_console_icon_button_unlock.png */ = {isa = PBXFileReference; lastKnownFileType = image.png; path = lunar_console_icon_button_unlock.png; sourceTree = "<group>"; };
		4DD4F5CD1DFB808700032A29 /* lunar_console_icon_button_unlock@2x.png */ = {isa = PBXFileReference; lastKnownFileType = image.png; path = "lunar_console_icon_button_unlock@2x.png"; sourceTree = "<group>"; };
		4DD4F5CE1DFB808700032A29 /* lunar_console_icon_button_unlock@3x.png */ = {isa = PBXFileReference; lastKnownFileType = image.png; path = "lunar_console_icon_button_unlock@3x.png"; sourceTree = "<group>"; };
		4DD4F5CF1DFB808700032A29 /* lunar_console_icon_log.png */ = {isa = PBXFileReference; lastKnownFileType = image.png; path = lunar_console_icon_log.png; sourceTree = "<group>"; };
		4DD4F5D01DFB808700032A29 /* lunar_console_icon_log@2x.png */ = {isa = PBXFileReference; lastKnownFileType = image.png; path = "lunar_console_icon_log@2x.png"; sourceTree = "<group>"; };
		4DD4F5D11DFB808700032A29 /* lunar_console_icon_log@3x.png */ = {isa = PBXFileReference; lastKnownFileType = image.png; path = "lunar_console_icon_log@3x.png"; sourceTree = "<group>"; };
		4DD4F5D21DFB808700032A29 /* lunar_console_icon_log_error.png */ = {isa = PBXFileReference; lastKnownFileType = image.png; path = lunar_console_icon_log_error.png; sourceTree = "<group>"; };
		4DD4F5D31DFB808700032A29 /* lunar_console_icon_log_error@2x.png */ = {isa = PBXFileReference; lastKnownFileType = image.png; path = "lunar_console_icon_log_error@2x.png"; sourceTree = "<group>"; };
		4DD4F5D41DFB808700032A29 /* lunar_console_icon_log_error@3x.png */ = {isa = PBXFileReference; lastKnownFileType = image.png; path = "lunar_console_icon_log_error@3x.png"; sourceTree = "<group>"; };
		4DD4F5D51DFB808700032A29 /* lunar_console_icon_log_warning.png */ = {isa = PBXFileReference; lastKnownFileType = image.png; path = lunar_console_icon_log_warning.png; sourceTree = "<group>"; };
		4DD4F5D61DFB808700032A29 /* lunar_console_icon_log_warning@2x.png */ = {isa = PBXFileReference; lastKnownFileType = image.png; path = "lunar_console_icon_log_warning@2x.png"; sourceTree = "<group>"; };
		4DD4F5D71DFB808700032A29 /* lunar_console_icon_log_warning@3x.png */ = {isa = PBXFileReference; lastKnownFileType = image.png; path = "lunar_console_icon_log_warning@3x.png"; sourceTree = "<group>"; };
		4DD4F5D81DFB808700032A29 /* lunar_console_icon_settings.png */ = {isa = PBXFileReference; lastKnownFileType = image.png; path = lunar_console_icon_settings.png; sourceTree = "<group>"; };
		4DD4F5D91DFB808700032A29 /* lunar_console_icon_settings@2x.png */ = {isa = PBXFileReference; lastKnownFileType = image.png; path = "lunar_console_icon_settings@2x.png"; sourceTree = "<group>"; };
		4DD4F5DA1DFB808700032A29 /* lunar_console_icon_settings@3x.png */ = {isa = PBXFileReference; lastKnownFileType = image.png; path = "lunar_console_icon_settings@3x.png"; sourceTree = "<group>"; };
		4DD4F5DB1DFB808700032A29 /* lunar_console_log_button_background.png */ = {isa = PBXFileReference; lastKnownFileType = image.png; path = lunar_console_log_button_background.png; sourceTree = "<group>"; };
		4DD4F5DC1DFB808700032A29 /* lunar_console_log_button_background@2x.png */ = {isa = PBXFileReference; lastKnownFileType = image.png; path = "lunar_console_log_button_background@2x.png"; sourceTree = "<group>"; };
		4DD4F5DD1DFB808700032A29 /* lunar_console_log_button_background@3x.png */ = {isa = PBXFileReference; lastKnownFileType = image.png; path = "lunar_console_log_button_background@3x.png"; sourceTree = "<group>"; };
		4DD4F5DE1DFB808700032A29 /* lunar_console_resize_handle_horizontal.png */ = {isa = PBXFileReference; lastKnownFileType = image.png; path = lunar_console_resize_handle_horizontal.png; sourceTree = "<group>"; };
		4DD4F5DF1DFB808700032A29 /* lunar_console_resize_handle_horizontal@2x.png */ = {isa = PBXFileReference; lastKnownFileType = image.png; path = "lunar_console_resize_handle_horizontal@2x.png"; sourceTree = "<group>"; };
		4DD4F5E01DFB808700032A29 /* lunar_console_resize_handle_horizontal@3x.png */ = {isa = PBXFileReference; lastKnownFileType = image.png; path = "lunar_console_resize_handle_horizontal@3x.png"; sourceTree = "<group>"; };
		4DD4F5E11DFB808700032A29 /* lunar_console_resize_handle_vertical.png */ = {isa = PBXFileReference; lastKnownFileType = image.png; path = lunar_console_resize_handle_vertical.png; sourceTree = "<group>"; };
		4DD4F5E21DFB808700032A29 /* lunar_console_resize_handle_vertical@2x.png */ = {isa = PBXFileReference; lastKnownFileType = image.png; path = "lunar_console_resize_handle_vertical@2x.png"; sourceTree = "<group>"; };
		4DD4F5E31DFB808700032A29 /* lunar_console_resize_handle_vertical@3x.png */ = {isa = PBXFileReference; lastKnownFileType = image.png; path = "lunar_console_resize_handle_vertical@3x.png"; sourceTree = "<group>"; };
		4DD4F5E41DFB808700032A29 /* Lunar.h */ = {isa = PBXFileReference; fileEncoding = 4; lastKnownFileType = sourcecode.c.h; path = Lunar.h; sourceTree = "<group>"; };
		4DD4F5E61DFB808700032A29 /* LUConsolePlugin.h */ = {isa = PBXFileReference; fileEncoding = 4; lastKnownFileType = sourcecode.c.h; path = LUConsolePlugin.h; sourceTree = "<group>"; };
		4DD4F5E71DFB808700032A29 /* LUConsolePlugin.m */ = {isa = PBXFileReference; fileEncoding = 4; lastKnownFileType = sourcecode.c.objc; path = LUConsolePlugin.m; sourceTree = "<group>"; };
		4DD4F5E81DFB808700032A29 /* LUConsolePluginSettings.h */ = {isa = PBXFileReference; fileEncoding = 4; lastKnownFileType = sourcecode.c.h; path = LUConsolePluginSettings.h; sourceTree = "<group>"; };
		4DD4F5E91DFB808700032A29 /* LUConsolePluginSettings.m */ = {isa = PBXFileReference; fileEncoding = 4; lastKnownFileType = sourcecode.c.objc; path = LUConsolePluginSettings.m; sourceTree = "<group>"; };
		4DD4F5EA1DFB808700032A29 /* lunar_unity_native_interface.h */ = {isa = PBXFileReference; fileEncoding = 4; lastKnownFileType = sourcecode.c.h; path = lunar_unity_native_interface.h; sourceTree = "<group>"; };
		4DD4F5EB1DFB808700032A29 /* lunar_unity_native_interface.m */ = {isa = PBXFileReference; fileEncoding = 4; lastKnownFileType = sourcecode.c.objc; path = lunar_unity_native_interface.m; sourceTree = "<group>"; };
		4DD4F5EC1DFB808700032A29 /* LUUnityScriptMessenger.h */ = {isa = PBXFileReference; fileEncoding = 4; lastKnownFileType = sourcecode.c.h; path = LUUnityScriptMessenger.h; sourceTree = "<group>"; };
		4DD4F5ED1DFB808700032A29 /* LUUnityScriptMessenger.m */ = {isa = PBXFileReference; fileEncoding = 4; lastKnownFileType = sourcecode.c.objc; path = LUUnityScriptMessenger.m; sourceTree = "<group>"; };
		4DD4F5EF1DFB808700032A29 /* LUActionButton.h */ = {isa = PBXFileReference; fileEncoding = 4; lastKnownFileType = sourcecode.c.h; path = LUActionButton.h; sourceTree = "<group>"; };
		4DD4F5F01DFB808700032A29 /* LUActionButton.m */ = {isa = PBXFileReference; fileEncoding = 4; lastKnownFileType = sourcecode.c.objc; path = LUActionButton.m; sourceTree = "<group>"; };
		4DD4F5F11DFB808700032A29 /* LUButton.h */ = {isa = PBXFileReference; fileEncoding = 4; lastKnownFileType = sourcecode.c.h; path = LUButton.h; sourceTree = "<group>"; };
		4DD4F5F21DFB808700032A29 /* LUButton.m */ = {isa = PBXFileReference; fileEncoding = 4; lastKnownFileType = sourcecode.c.objc; path = LUButton.m; sourceTree = "<group>"; };
		4DD4F5F31DFB808700032A29 /* LUPanViewGestureRecognizer.h */ = {isa = PBXFileReference; fileEncoding = 4; lastKnownFileType = sourcecode.c.h; path = LUPanViewGestureRecognizer.h; sourceTree = "<group>"; };
		4DD4F5F41DFB808700032A29 /* LUPanViewGestureRecognizer.m */ = {isa = PBXFileReference; fileEncoding = 4; lastKnownFileType = sourcecode.c.objc; path = LUPanViewGestureRecognizer.m; sourceTree = "<group>"; };
		4DD4F5F51DFB808700032A29 /* LUPassTouchView.h */ = {isa = PBXFileReference; fileEncoding = 4; lastKnownFileType = sourcecode.c.h; path = LUPassTouchView.h; sourceTree = "<group>"; };
		4DD4F5F61DFB808700032A29 /* LUPassTouchView.m */ = {isa = PBXFileReference; fileEncoding = 4; lastKnownFileType = sourcecode.c.objc; path = LUPassTouchView.m; sourceTree = "<group>"; };
		4DD4F5F71DFB808700032A29 /* LUSwitch.h */ = {isa = PBXFileReference; fileEncoding = 4; lastKnownFileType = sourcecode.c.h; path = LUSwitch.h; sourceTree = "<group>"; };
		4DD4F5F81DFB808700032A29 /* LUSwitch.m */ = {isa = PBXFileReference; fileEncoding = 4; lastKnownFileType = sourcecode.c.objc; path = LUSwitch.m; sourceTree = "<group>"; };
		4DD4F5F91DFB808700032A29 /* LUTableView.h */ = {isa = PBXFileReference; fileEncoding = 4; lastKnownFileType = sourcecode.c.h; path = LUTableView.h; sourceTree = "<group>"; };
		4DD4F5FA1DFB808700032A29 /* LUTableView.m */ = {isa = PBXFileReference; fileEncoding = 4; lastKnownFileType = sourcecode.c.objc; path = LUTableView.m; sourceTree = "<group>"; };
		4DD4F5FB1DFB808700032A29 /* LUTheme.h */ = {isa = PBXFileReference; fileEncoding = 4; lastKnownFileType = sourcecode.c.h; path = LUTheme.h; sourceTree = "<group>"; };
		4DD4F5FC1DFB808700032A29 /* LUTheme.m */ = {isa = PBXFileReference; fileEncoding = 4; lastKnownFileType = sourcecode.c.objc; path = LUTheme.m; sourceTree = "<group>"; };
		4DD4F5FD1DFB808700032A29 /* LUToggleButton.h */ = {isa = PBXFileReference; fileEncoding = 4; lastKnownFileType = sourcecode.c.h; path = LUToggleButton.h; sourceTree = "<group>"; };
		4DD4F5FE1DFB808700032A29 /* LUToggleButton.m */ = {isa = PBXFileReference; fileEncoding = 4; lastKnownFileType = sourcecode.c.objc; path = LUToggleButton.m; sourceTree = "<group>"; };
		4DD4F5FF1DFB808700032A29 /* LUViewController.h */ = {isa = PBXFileReference; fileEncoding = 4; lastKnownFileType = sourcecode.c.h; path = LUViewController.h; sourceTree = "<group>"; };
		4DD4F6001DFB808700032A29 /* LUViewController.m */ = {isa = PBXFileReference; fileEncoding = 4; lastKnownFileType = sourcecode.c.objc; path = LUViewController.m; sourceTree = "<group>"; };
		4DD4F6011DFB808700032A29 /* LUWindow.h */ = {isa = PBXFileReference; fileEncoding = 4; lastKnownFileType = sourcecode.c.h; path = LUWindow.h; sourceTree = "<group>"; };
		4DD4F6021DFB808700032A29 /* LUWindow.m */ = {isa = PBXFileReference; fileEncoding = 4; lastKnownFileType = sourcecode.c.objc; path = LUWindow.m; sourceTree = "<group>"; };
		4DD4F6041DFB808700032A29 /* LUAssert.h */ = {isa = PBXFileReference; fileEncoding = 4; lastKnownFileType = sourcecode.c.h; path = LUAssert.h; sourceTree = "<group>"; };
		4DD4F6051DFB808700032A29 /* LUAssert.m */ = {isa = PBXFileReference; fileEncoding = 4; lastKnownFileType = sourcecode.c.objc; path = LUAssert.m; sourceTree = "<group>"; };
		4DD4F6061DFB808700032A29 /* LUAvailability.h */ = {isa = PBXFileReference; fileEncoding = 4; lastKnownFileType = sourcecode.c.h; path = LUAvailability.h; sourceTree = "<group>"; };
		4DD4F6071DFB808700032A29 /* LUAvailability.m */ = {isa = PBXFileReference; fileEncoding = 4; lastKnownFileType = sourcecode.c.objc; path = LUAvailability.m; sourceTree = "<group>"; };
		4DD4F6081DFB808700032A29 /* LUDefines.h */ = {isa = PBXFileReference; fileEncoding = 4; lastKnownFileType = sourcecode.c.h; path = LUDefines.h; sourceTree = "<group>"; };
		4DD4F6091DFB808700032A29 /* LUFileUtils.h */ = {isa = PBXFileReference; fileEncoding = 4; lastKnownFileType = sourcecode.c.h; path = LUFileUtils.h; sourceTree = "<group>"; };
		4DD4F60A1DFB808700032A29 /* LUFileUtils.m */ = {isa = PBXFileReference; fileEncoding = 4; lastKnownFileType = sourcecode.c.objc; path = LUFileUtils.m; sourceTree = "<group>"; };
		4DD4F60B1DFB808700032A29 /* LUImageUtils.h */ = {isa = PBXFileReference; fileEncoding = 4; lastKnownFileType = sourcecode.c.h; path = LUImageUtils.h; sourceTree = "<group>"; };
		4DD4F60C1DFB808700032A29 /* LUImageUtils.m */ = {isa = PBXFileReference; fileEncoding = 4; lastKnownFileType = sourcecode.c.objc; path = LUImageUtils.m; sourceTree = "<group>"; };
		4DD4F60D1DFB808700032A29 /* LULittleHelper.h */ = {isa = PBXFileReference; fileEncoding = 4; lastKnownFileType = sourcecode.c.h; path = LULittleHelper.h; sourceTree = "<group>"; };
		4DD4F60E1DFB808700032A29 /* LULittleHelper.m */ = {isa = PBXFileReference; fileEncoding = 4; lastKnownFileType = sourcecode.c.objc; path = LULittleHelper.m; sourceTree = "<group>"; };
		4DD4F60F1DFB808700032A29 /* LUMutableArray.h */ = {isa = PBXFileReference; fileEncoding = 4; lastKnownFileType = sourcecode.c.h; path = LUMutableArray.h; sourceTree = "<group>"; };
		4DD4F6101DFB808700032A29 /* LUMutableArray.m */ = {isa = PBXFileReference; fileEncoding = 4; lastKnownFileType = sourcecode.c.objc; path = LUMutableArray.m; sourceTree = "<group>"; };
		4DD4F6111DFB808700032A29 /* LUObject.h */ = {isa = PBXFileReference; fileEncoding = 4; lastKnownFileType = sourcecode.c.h; path = LUObject.h; sourceTree = "<group>"; };
		4DD4F6121DFB808700032A29 /* LUObject.m */ = {isa = PBXFileReference; fileEncoding = 4; lastKnownFileType = sourcecode.c.objc; path = LUObject.m; sourceTree = "<group>"; };
		4DD4F6131DFB808700032A29 /* LUSerializableObject.h */ = {isa = PBXFileReference; fileEncoding = 4; lastKnownFileType = sourcecode.c.h; path = LUSerializableObject.h; sourceTree = "<group>"; };
		4DD4F6141DFB808700032A29 /* LUSerializableObject.m */ = {isa = PBXFileReference; fileEncoding = 4; lastKnownFileType = sourcecode.c.objc; path = LUSerializableObject.m; sourceTree = "<group>"; };
		4DD4F6151DFB808700032A29 /* LUSerializationUtils.h */ = {isa = PBXFileReference; fileEncoding = 4; lastKnownFileType = sourcecode.c.h; path = LUSerializationUtils.h; sourceTree = "<group>"; };
		4DD4F6161DFB808700032A29 /* LUSerializationUtils.m */ = {isa = PBXFileReference; fileEncoding = 4; lastKnownFileType = sourcecode.c.objc; path = LUSerializationUtils.m; sourceTree = "<group>"; };
		4DD4F6171DFB808700032A29 /* LUSortedList.h */ = {isa = PBXFileReference; fileEncoding = 4; lastKnownFileType = sourcecode.c.h; path = LUSortedList.h; sourceTree = "<group>"; };
		4DD4F6181DFB808700032A29 /* LUSortedList.m */ = {isa = PBXFileReference; fileEncoding = 4; lastKnownFileType = sourcecode.c.objc; path = LUSortedList.m; sourceTree = "<group>"; };
		4DD4F6191DFB808700032A29 /* LUStacktrace.h */ = {isa = PBXFileReference; fileEncoding = 4; lastKnownFileType = sourcecode.c.h; path = LUStacktrace.h; sourceTree = "<group>"; };
		4DD4F61A1DFB808700032A29 /* LUStacktrace.m */ = {isa = PBXFileReference; fileEncoding = 4; lastKnownFileType = sourcecode.c.objc; path = LUStacktrace.m; sourceTree = "<group>"; };
		4DD4F61B1DFB808700032A29 /* LUStringUtils.h */ = {isa = PBXFileReference; fileEncoding = 4; lastKnownFileType = sourcecode.c.h; path = LUStringUtils.h; sourceTree = "<group>"; };
		4DD4F61C1DFB808700032A29 /* LUStringUtils.m */ = {isa = PBXFileReference; fileEncoding = 4; lastKnownFileType = sourcecode.c.objc; path = LUStringUtils.m; sourceTree = "<group>"; };
		4DD4F61D1DFB808700032A29 /* LUThreading.h */ = {isa = PBXFileReference; fileEncoding = 4; lastKnownFileType = sourcecode.c.h; path = LUThreading.h; sourceTree = "<group>"; };
		4DD4F61E1DFB808700032A29 /* LUThreading.m */ = {isa = PBXFileReference; fileEncoding = 4; lastKnownFileType = sourcecode.c.objc; path = LUThreading.m; sourceTree = "<group>"; };
		4DD4F61F1DFB808700032A29 /* LUUtils.h */ = {isa = PBXFileReference; fileEncoding = 4; lastKnownFileType = sourcecode.c.h; path = LUUtils.h; sourceTree = "<group>"; };
		4DD4F6211DFB808700032A29 /* LUExceptionWarningController.h */ = {isa = PBXFileReference; fileEncoding = 4; lastKnownFileType = sourcecode.c.h; path = LUExceptionWarningController.h; sourceTree = "<group>"; };
		4DD4F6221DFB808700032A29 /* LUExceptionWarningController.m */ = {isa = PBXFileReference; fileEncoding = 4; lastKnownFileType = sourcecode.c.objc; path = LUExceptionWarningController.m; sourceTree = "<group>"; };
		4DD4F6231DFB808700032A29 /* LUExceptionWarningController.xib */ = {isa = PBXFileReference; fileEncoding = 4; lastKnownFileType = file.xib; path = LUExceptionWarningController.xib; sourceTree = "<group>"; };
		840F08741DEA6B7400E9F13D /* TestCase.h */ = {isa = PBXFileReference; fileEncoding = 4; lastKnownFileType = sourcecode.c.h; path = TestCase.h; sourceTree = "<group>"; };
		840F08751DEA6B7400E9F13D /* TestCase.m */ = {isa = PBXFileReference; fileEncoding = 4; lastKnownFileType = sourcecode.c.objc; path = TestCase.m; sourceTree = "<group>"; };
		840F08761DEA6B7400E9F13D /* LUActionRegistryFilterTest.m */ = {isa = PBXFileReference; fileEncoding = 4; lastKnownFileType = sourcecode.c.objc; path = LUActionRegistryFilterTest.m; sourceTree = "<group>"; };
		840F08771DEA6B7400E9F13D /* LUActionRegistryTest.m */ = {isa = PBXFileReference; fileEncoding = 4; lastKnownFileType = sourcecode.c.objc; path = LUActionRegistryTest.m; sourceTree = "<group>"; };
		840F08781DEA6B7400E9F13D /* LUConsoleEntryListTest.m */ = {isa = PBXFileReference; fileEncoding = 4; lastKnownFileType = sourcecode.c.objc; path = LUConsoleEntryListTest.m; sourceTree = "<group>"; };
		840F08791DEA6B7400E9F13D /* LUConsoleEntryLookupTableTest.m */ = {isa = PBXFileReference; fileEncoding = 4; lastKnownFileType = sourcecode.c.objc; path = LUConsoleEntryLookupTableTest.m; sourceTree = "<group>"; };
		840F087A1DEA6B7400E9F13D /* LUConsoleTest.m */ = {isa = PBXFileReference; fileEncoding = 4; lastKnownFileType = sourcecode.c.objc; path = LUConsoleTest.m; sourceTree = "<group>"; };
		840F087B1DEA6B7400E9F13D /* LUMutableArrayTest.m */ = {isa = PBXFileReference; fileEncoding = 4; lastKnownFileType = sourcecode.c.objc; path = LUMutableArrayTest.m; sourceTree = "<group>"; };
		840F087C1DEA6B7400E9F13D /* LUSortedListTest.m */ = {isa = PBXFileReference; fileEncoding = 4; lastKnownFileType = sourcecode.c.objc; path = LUSortedListTest.m; sourceTree = "<group>"; };
		840F087D1DEA6B7400E9F13D /* LUStacktraceTest.m */ = {isa = PBXFileReference; fileEncoding = 4; lastKnownFileType = sourcecode.c.objc; path = LUStacktraceTest.m; sourceTree = "<group>"; };
		840F087E1DEA6B7400E9F13D /* LUStringUtilsTest.m */ = {isa = PBXFileReference; fileEncoding = 4; lastKnownFileType = sourcecode.c.objc; path = LUStringUtilsTest.m; sourceTree = "<group>"; };
		844741A91B719C3100F5ABD3 /* libLunarConsole.a */ = {isa = PBXFileReference; explicitFileType = archive.ar; includeInIndex = 0; path = libLunarConsole.a; sourceTree = BUILT_PRODUCTS_DIR; };
		844741B41B719C3100F5ABD3 /* LunarConsoleTests.xctest */ = {isa = PBXFileReference; explicitFileType = wrapper.cfbundle; includeInIndex = 0; path = LunarConsoleTests.xctest; sourceTree = BUILT_PRODUCTS_DIR; };
		844741BA1B719C3100F5ABD3 /* Info.plist */ = {isa = PBXFileReference; lastKnownFileType = text.plist.xml; path = Info.plist; sourceTree = "<group>"; };
/* End PBXFileReference section */

/* Begin PBXFrameworksBuildPhase section */
		4DD4F54C1DFB7F4B00032A29 /* Frameworks */ = {
			isa = PBXFrameworksBuildPhase;
			buildActionMask = 2147483647;
			files = (
			);
			runOnlyForDeploymentPostprocessing = 0;
		};
		844741A61B719C3100F5ABD3 /* Frameworks */ = {
			isa = PBXFrameworksBuildPhase;
			buildActionMask = 2147483647;
			files = (
			);
			runOnlyForDeploymentPostprocessing = 0;
		};
		844741B11B719C3100F5ABD3 /* Frameworks */ = {
			isa = PBXFrameworksBuildPhase;
			buildActionMask = 2147483647;
			files = (
				844741B51B719C3100F5ABD3 /* libLunarConsole.a in Frameworks */,
			);
			runOnlyForDeploymentPostprocessing = 0;
		};
/* End PBXFrameworksBuildPhase section */

/* Begin PBXGroup section */
		4DD4F5541DFB808700032A29 /* Common */ = {
			isa = PBXGroup;
			children = (
				4DD4F5551DFB808700032A29 /* Console */,
				4DD4F57B1DFB808700032A29 /* Entries */,
				4DD4F5A11DFB808700032A29 /* Images */,
				4DD4F5E41DFB808700032A29 /* Lunar.h */,
				4DD4F5E51DFB808700032A29 /* Plugin */,
				4DD4F5EE1DFB808700032A29 /* UI */,
				4DD4F6031DFB808700032A29 /* Utils */,
				4DD4F6201DFB808700032A29 /* Warning */,
			);
			name = Common;
			path = LunarConsole/Common;
			sourceTree = "<group>";
		};
		4DD4F5551DFB808700032A29 /* Console */ = {
			isa = PBXGroup;
			children = (
				4DD4F5561DFB808700032A29 /* LUConsole.h */,
				4DD4F5571DFB808700032A29 /* LUConsole.m */,
				4DD4F5581DFB808700032A29 /* LUConsoleController.h */,
				4DD4F5591DFB808700032A29 /* LUConsoleController.m */,
				4DD4F55A1DFB808700032A29 /* LUConsoleController.xib */,
				4DD4F55B1DFB808700032A29 /* LUConsoleLogController.h */,
				4DD4F55C1DFB808700032A29 /* LUConsoleLogController.m */,
				4DD4F55D1DFB808700032A29 /* LUConsoleLogController.xib */,
				4DD4F55E1DFB808700032A29 /* LUConsoleLogDetailsController.h */,
				4DD4F55F1DFB808700032A29 /* LUConsoleLogDetailsController.m */,
				4DD4F5601DFB808700032A29 /* LUConsoleLogDetailsController.xib */,
				4DD4F5611DFB808700032A29 /* LUConsoleLogEntry.h */,
				4DD4F5621DFB808700032A29 /* LUConsoleLogEntry.m */,
				4DD4F5631DFB808700032A29 /* LUConsoleLogEntryList.h */,
				4DD4F5641DFB808700032A29 /* LUConsoleLogEntryList.m */,
				4DD4F5651DFB808700032A29 /* LUConsoleLogEntryLookupTable.h */,
				4DD4F5661DFB808700032A29 /* LUConsoleLogEntryLookupTable.m */,
				4DD4F5671DFB808700032A29 /* LUConsoleLogEntryTableViewCell.h */,
				4DD4F5681DFB808700032A29 /* LUConsoleLogEntryTableViewCell.m */,
				4DD4F5691DFB808700032A29 /* LUConsoleLogMenuController.h */,
				4DD4F56A1DFB808700032A29 /* LUConsoleLogMenuController.m */,
				4DD4F56B1DFB808700032A29 /* LUConsoleLogMenuController.xib */,
				4DD4F56C1DFB808700032A29 /* LUConsoleLogTypeButton.h */,
				4DD4F56D1DFB808700032A29 /* LUConsoleLogTypeButton.m */,
				4DD4F56E1DFB808700032A29 /* LUConsoleOverlayController.h */,
				4DD4F56F1DFB808700032A29 /* LUConsoleOverlayController.m */,
				4DD4F5701DFB808700032A29 /* LUConsoleOverlayController.xib */,
				4DD4F5711DFB808700032A29 /* LUConsolePopupController.h */,
				4DD4F5721DFB808700032A29 /* LUConsolePopupController.m */,
				4DD4F5731DFB808700032A29 /* LUConsolePopupController.xib */,
				4DD4F5741DFB808700032A29 /* LUConsoleResizeController.h */,
				4DD4F5751DFB808700032A29 /* LUConsoleResizeController.m */,
				4DD4F5761DFB808700032A29 /* LUConsoleResizeController.xib */,
				4DD4F5771DFB808700032A29 /* LUConsoleSettingsController.h */,
				4DD4F5781DFB808700032A29 /* LUConsoleSettingsController.m */,
				4DD4F5791DFB808700032A29 /* LUConsoleSettingsController.xib */,
				4DD4F57A1DFB808700032A29 /* LUSettingsTableCellBool.xib */,
			);
			path = Console;
			sourceTree = "<group>";
		};
		4DD4F57B1DFB808700032A29 /* Entries */ = {
			isa = PBXGroup;
			children = (
				4DD4F57C1DFB808700032A29 /* Actions */,
				4DD4F5891DFB808700032A29 /* LUEntry.h */,
				4DD4F58A1DFB808700032A29 /* LUEntry.m */,
				4DD4F58B1DFB808700032A29 /* LUEntryTableViewCell.h */,
				4DD4F58C1DFB808700032A29 /* LUEntryTableViewCell.m */,
				4DD4F58D1DFB808700032A29 /* Variables */,
			);
			path = Entries;
			sourceTree = "<group>";
		};
		4DD4F57C1DFB808700032A29 /* Actions */ = {
			isa = PBXGroup;
			children = (
				4DD4F57D1DFB808700032A29 /* LUAction.h */,
				4DD4F57E1DFB808700032A29 /* LUAction.m */,
				4DD4F57F1DFB808700032A29 /* LUActionController.h */,
				4DD4F5801DFB808700032A29 /* LUActionController.m */,
				4DD4F5811DFB808700032A29 /* LUActionController.xib */,
				4DD4F5821DFB808700032A29 /* LUActionRegistry.h */,
				4DD4F5831DFB808700032A29 /* LUActionRegistry.m */,
				4DD4F5841DFB808700032A29 /* LUActionRegistryFilter.h */,
				4DD4F5851DFB808700032A29 /* LUActionRegistryFilter.m */,
				4DD4F5861DFB808700032A29 /* LUActions.h */,
				4DD4F5871DFB808700032A29 /* LUActionTableViewCell.h */,
				4DD4F5881DFB808700032A29 /* LUActionTableViewCell.m */,
			);
			path = Actions;
			sourceTree = "<group>";
		};
		4DD4F58D1DFB808700032A29 /* Variables */ = {
			isa = PBXGroup;
			children = (
				4DD4F58E1DFB808700032A29 /* LUCVar.h */,
				4DD4F58F1DFB808700032A29 /* LUCVar.m */,
				4DD4F5901DFB808700032A29 /* LUCVarBooleanTableViewCell.h */,
				4DD4F5911DFB808700032A29 /* LUCVarBooleanTableViewCell.m */,
				4DD4F5921DFB808700032A29 /* LUCVarBooleanTableViewCell.xib */,
				4DD4F5931DFB808700032A29 /* LUCVarFactory.h */,
				4DD4F5941DFB808700032A29 /* LUCVarFactory.m */,
				4DD4F5951DFB808700032A29 /* LUCVarFloatTableViewCell.h */,
				4DD4F5961DFB808700032A29 /* LUCVarFloatTableViewCell.m */,
				4DD4F5971DFB808700032A29 /* LUCVarInputTableViewCell.h */,
				4DD4F5981DFB808700032A29 /* LUCVarInputTableViewCell.m */,
				4DD4F5991DFB808700032A29 /* LUCVarInputTableViewCell.xib */,
				4DD4F59A1DFB808700032A29 /* LUCVarIntegerTableViewCell.h */,
				4DD4F59B1DFB808700032A29 /* LUCVarIntegerTableViewCell.m */,
				4DD4F59C1DFB808700032A29 /* LUCVarStringTableViewCell.h */,
				4DD4F59D1DFB808700032A29 /* LUCVarStringTableViewCell.m */,
				4DD4F59E1DFB808700032A29 /* LUCVarTableViewCell.h */,
				4DD4F59F1DFB808700032A29 /* LUCVarTableViewCell.m */,
				4DD4F5A01DFB808700032A29 /* LUVariables.h */,
			);
			path = Variables;
			sourceTree = "<group>";
		};
		4DD4F5A11DFB808700032A29 /* Images */ = {
			isa = PBXGroup;
			children = (
				4DD4F5A21DFB808700032A29 /* lunar_console_action_button_large_normal.png */,
				4DD4F5A31DFB808700032A29 /* lunar_console_action_button_large_normal@2x.png */,
				4DD4F5A41DFB808700032A29 /* lunar_console_action_button_large_normal@3x.png */,
				4DD4F5A51DFB808700032A29 /* lunar_console_action_button_large_selected.png */,
				4DD4F5A61DFB808700032A29 /* lunar_console_action_button_large_selected@2x.png */,
				4DD4F5A71DFB808700032A29 /* lunar_console_action_button_large_selected@3x.png */,
				4DD4F5A81DFB808700032A29 /* lunar_console_actions_empty_warning.png */,
				4DD4F5A91DFB808700032A29 /* lunar_console_actions_empty_warning@2x.png */,
				4DD4F5AA1DFB808700032A29 /* lunar_console_actions_empty_warning@3x.png */,
				4DD4F5AB1DFB808700032A29 /* lunar_console_collapse_background.png */,
				4DD4F5AC1DFB808700032A29 /* lunar_console_collapse_background@2x.png */,
				4DD4F5AD1DFB808700032A29 /* lunar_console_collapse_background@3x.png */,
				4DD4F5AE1DFB808700032A29 /* lunar_console_icon_button_clear.png */,
				4DD4F5AF1DFB808700032A29 /* lunar_console_icon_button_clear@2x.png */,
				4DD4F5B01DFB808700032A29 /* lunar_console_icon_button_clear@3x.png */,
				4DD4F5B11DFB808700032A29 /* lunar_console_icon_button_clipboard.png */,
				4DD4F5B21DFB808700032A29 /* lunar_console_icon_button_clipboard@2x.png */,
				4DD4F5B31DFB808700032A29 /* lunar_console_icon_button_clipboard@3x.png */,
				4DD4F5B41DFB808700032A29 /* lunar_console_icon_button_close.png */,
				4DD4F5B51DFB808700032A29 /* lunar_console_icon_button_close@2x.png */,
				4DD4F5B61DFB808700032A29 /* lunar_console_icon_button_close@3x.png */,
				4DD4F5B71DFB808700032A29 /* lunar_console_icon_button_collapse.png */,
				4DD4F5B81DFB808700032A29 /* lunar_console_icon_button_collapse@2x.png */,
				4DD4F5B91DFB808700032A29 /* lunar_console_icon_button_collapse@3x.png */,
				4DD4F5BA1DFB808700032A29 /* lunar_console_icon_button_console.png */,
				4DD4F5BB1DFB808700032A29 /* lunar_console_icon_button_console@2x.png */,
				4DD4F5BC1DFB808700032A29 /* lunar_console_icon_button_console@3x.png */,
				4DD4F5BD1DFB808700032A29 /* lunar_console_icon_button_email.png */,
				4DD4F5BE1DFB808700032A29 /* lunar_console_icon_button_email@2x.png */,
				4DD4F5BF1DFB808700032A29 /* lunar_console_icon_button_email@3x.png */,
				4DD4F5C01DFB808700032A29 /* lunar_console_icon_button_expand.png */,
				4DD4F5C11DFB808700032A29 /* lunar_console_icon_button_expand@2x.png */,
				4DD4F5C21DFB808700032A29 /* lunar_console_icon_button_expand@3x.png */,
				4DD4F5C31DFB808700032A29 /* lunar_console_icon_button_lock.png */,
				4DD4F5C41DFB808700032A29 /* lunar_console_icon_button_lock@2x.png */,
				4DD4F5C51DFB808700032A29 /* lunar_console_icon_button_lock@3x.png */,
				4DD4F5C61DFB808700032A29 /* lunar_console_icon_button_more.png */,
				4DD4F5C71DFB808700032A29 /* lunar_console_icon_button_more@2x.png */,
				4DD4F5C81DFB808700032A29 /* lunar_console_icon_button_more@3x.png */,
				4DD4F5C91DFB808700032A29 /* lunar_console_icon_button_settings.png */,
				4DD4F5CA1DFB808700032A29 /* lunar_console_icon_button_settings@2x.png */,
				4DD4F5CB1DFB808700032A29 /* lunar_console_icon_button_settings@3x.png */,
				4DD4F5CC1DFB808700032A29 /* lunar_console_icon_button_unlock.png */,
				4DD4F5CD1DFB808700032A29 /* lunar_console_icon_button_unlock@2x.png */,
				4DD4F5CE1DFB808700032A29 /* lunar_console_icon_button_unlock@3x.png */,
				4DD4F5CF1DFB808700032A29 /* lunar_console_icon_log.png */,
				4DD4F5D01DFB808700032A29 /* lunar_console_icon_log@2x.png */,
				4DD4F5D11DFB808700032A29 /* lunar_console_icon_log@3x.png */,
				4DD4F5D21DFB808700032A29 /* lunar_console_icon_log_error.png */,
				4DD4F5D31DFB808700032A29 /* lunar_console_icon_log_error@2x.png */,
				4DD4F5D41DFB808700032A29 /* lunar_console_icon_log_error@3x.png */,
				4DD4F5D51DFB808700032A29 /* lunar_console_icon_log_warning.png */,
				4DD4F5D61DFB808700032A29 /* lunar_console_icon_log_warning@2x.png */,
				4DD4F5D71DFB808700032A29 /* lunar_console_icon_log_warning@3x.png */,
				4DD4F5D81DFB808700032A29 /* lunar_console_icon_settings.png */,
				4DD4F5D91DFB808700032A29 /* lunar_console_icon_settings@2x.png */,
				4DD4F5DA1DFB808700032A29 /* lunar_console_icon_settings@3x.png */,
				4DD4F5DB1DFB808700032A29 /* lunar_console_log_button_background.png */,
				4DD4F5DC1DFB808700032A29 /* lunar_console_log_button_background@2x.png */,
				4DD4F5DD1DFB808700032A29 /* lunar_console_log_button_background@3x.png */,
				4DD4F5DE1DFB808700032A29 /* lunar_console_resize_handle_horizontal.png */,
				4DD4F5DF1DFB808700032A29 /* lunar_console_resize_handle_horizontal@2x.png */,
				4DD4F5E01DFB808700032A29 /* lunar_console_resize_handle_horizontal@3x.png */,
				4DD4F5E11DFB808700032A29 /* lunar_console_resize_handle_vertical.png */,
				4DD4F5E21DFB808700032A29 /* lunar_console_resize_handle_vertical@2x.png */,
				4DD4F5E31DFB808700032A29 /* lunar_console_resize_handle_vertical@3x.png */,
			);
			path = Images;
			sourceTree = "<group>";
		};
		4DD4F5E51DFB808700032A29 /* Plugin */ = {
			isa = PBXGroup;
			children = (
				4DD4F5E61DFB808700032A29 /* LUConsolePlugin.h */,
				4DD4F5E71DFB808700032A29 /* LUConsolePlugin.m */,
				4DD4F5E81DFB808700032A29 /* LUConsolePluginSettings.h */,
				4DD4F5E91DFB808700032A29 /* LUConsolePluginSettings.m */,
				4DD4F5EA1DFB808700032A29 /* lunar_unity_native_interface.h */,
				4DD4F5EB1DFB808700032A29 /* lunar_unity_native_interface.m */,
				4DD4F5EC1DFB808700032A29 /* LUUnityScriptMessenger.h */,
				4DD4F5ED1DFB808700032A29 /* LUUnityScriptMessenger.m */,
			);
			path = Plugin;
			sourceTree = "<group>";
		};
		4DD4F5EE1DFB808700032A29 /* UI */ = {
			isa = PBXGroup;
			children = (
				4DD4F5EF1DFB808700032A29 /* LUActionButton.h */,
				4DD4F5F01DFB808700032A29 /* LUActionButton.m */,
				4DD4F5F11DFB808700032A29 /* LUButton.h */,
				4DD4F5F21DFB808700032A29 /* LUButton.m */,
				4DD4F5F31DFB808700032A29 /* LUPanViewGestureRecognizer.h */,
				4DD4F5F41DFB808700032A29 /* LUPanViewGestureRecognizer.m */,
				4DD4F5F51DFB808700032A29 /* LUPassTouchView.h */,
				4DD4F5F61DFB808700032A29 /* LUPassTouchView.m */,
				4DD4F5F71DFB808700032A29 /* LUSwitch.h */,
				4DD4F5F81DFB808700032A29 /* LUSwitch.m */,
				4DD4F5F91DFB808700032A29 /* LUTableView.h */,
				4DD4F5FA1DFB808700032A29 /* LUTableView.m */,
				4DD4F5FB1DFB808700032A29 /* LUTheme.h */,
				4DD4F5FC1DFB808700032A29 /* LUTheme.m */,
				4DD4F5FD1DFB808700032A29 /* LUToggleButton.h */,
				4DD4F5FE1DFB808700032A29 /* LUToggleButton.m */,
				4DD4F5FF1DFB808700032A29 /* LUViewController.h */,
				4DD4F6001DFB808700032A29 /* LUViewController.m */,
				4DD4F6011DFB808700032A29 /* LUWindow.h */,
				4DD4F6021DFB808700032A29 /* LUWindow.m */,
			);
			path = UI;
			sourceTree = "<group>";
		};
		4DD4F6031DFB808700032A29 /* Utils */ = {
			isa = PBXGroup;
			children = (
				4DD4F6041DFB808700032A29 /* LUAssert.h */,
				4DD4F6051DFB808700032A29 /* LUAssert.m */,
				4DD4F6061DFB808700032A29 /* LUAvailability.h */,
				4DD4F6071DFB808700032A29 /* LUAvailability.m */,
				4DD4F6081DFB808700032A29 /* LUDefines.h */,
				4DD4F6091DFB808700032A29 /* LUFileUtils.h */,
				4DD4F60A1DFB808700032A29 /* LUFileUtils.m */,
				4DD4F60B1DFB808700032A29 /* LUImageUtils.h */,
				4DD4F60C1DFB808700032A29 /* LUImageUtils.m */,
				4DD4F60D1DFB808700032A29 /* LULittleHelper.h */,
				4DD4F60E1DFB808700032A29 /* LULittleHelper.m */,
				4DD4F60F1DFB808700032A29 /* LUMutableArray.h */,
				4DD4F6101DFB808700032A29 /* LUMutableArray.m */,
				4DD4F6111DFB808700032A29 /* LUObject.h */,
				4DD4F6121DFB808700032A29 /* LUObject.m */,
				4DD4F6131DFB808700032A29 /* LUSerializableObject.h */,
				4DD4F6141DFB808700032A29 /* LUSerializableObject.m */,
				4DD4F6151DFB808700032A29 /* LUSerializationUtils.h */,
				4DD4F6161DFB808700032A29 /* LUSerializationUtils.m */,
				4DD4F6171DFB808700032A29 /* LUSortedList.h */,
				4DD4F6181DFB808700032A29 /* LUSortedList.m */,
				4DD4F6191DFB808700032A29 /* LUStacktrace.h */,
				4DD4F61A1DFB808700032A29 /* LUStacktrace.m */,
				4DD4F61B1DFB808700032A29 /* LUStringUtils.h */,
				4DD4F61C1DFB808700032A29 /* LUStringUtils.m */,
				4DD4F61D1DFB808700032A29 /* LUThreading.h */,
				4DD4F61E1DFB808700032A29 /* LUThreading.m */,
				4DD4F61F1DFB808700032A29 /* LUUtils.h */,
			);
			path = Utils;
			sourceTree = "<group>";
		};
		4DD4F6201DFB808700032A29 /* Warning */ = {
			isa = PBXGroup;
			children = (
				4DD4F6211DFB808700032A29 /* LUExceptionWarningController.h */,
				4DD4F6221DFB808700032A29 /* LUExceptionWarningController.m */,
				4DD4F6231DFB808700032A29 /* LUExceptionWarningController.xib */,
			);
			path = Warning;
			sourceTree = "<group>";
		};
		840F08731DEA6B7400E9F13D /* Helpers */ = {
			isa = PBXGroup;
			children = (
				840F08741DEA6B7400E9F13D /* TestCase.h */,
				840F08751DEA6B7400E9F13D /* TestCase.m */,
			);
			path = Helpers;
			sourceTree = "<group>";
		};
		844741A01B719C3100F5ABD3 = {
			isa = PBXGroup;
			children = (
				4DD4F5541DFB808700032A29 /* Common */,
				844741B81B719C3100F5ABD3 /* LunarConsoleTests */,
				844741AA1B719C3100F5ABD3 /* Products */,
			);
			sourceTree = "<group>";
		};
		844741AA1B719C3100F5ABD3 /* Products */ = {
			isa = PBXGroup;
			children = (
				844741A91B719C3100F5ABD3 /* libLunarConsole.a */,
				844741B41B719C3100F5ABD3 /* LunarConsoleTests.xctest */,
				4DD4F5511DFB7F4B00032A29 /* libLunarConsoleFree.a */,
			);
			name = Products;
			sourceTree = "<group>";
		};
		844741B81B719C3100F5ABD3 /* LunarConsoleTests */ = {
			isa = PBXGroup;
			children = (
				840F08731DEA6B7400E9F13D /* Helpers */,
				840F08761DEA6B7400E9F13D /* LUActionRegistryFilterTest.m */,
				840F08771DEA6B7400E9F13D /* LUActionRegistryTest.m */,
				840F08781DEA6B7400E9F13D /* LUConsoleEntryListTest.m */,
				840F08791DEA6B7400E9F13D /* LUConsoleEntryLookupTableTest.m */,
				840F087A1DEA6B7400E9F13D /* LUConsoleTest.m */,
				840F087B1DEA6B7400E9F13D /* LUMutableArrayTest.m */,
				840F087C1DEA6B7400E9F13D /* LUSortedListTest.m */,
				840F087D1DEA6B7400E9F13D /* LUStacktraceTest.m */,
				840F087E1DEA6B7400E9F13D /* LUStringUtilsTest.m */,
				844741B91B719C3100F5ABD3 /* Supporting Files */,
			);
			path = LunarConsoleTests;
			sourceTree = "<group>";
		};
		844741B91B719C3100F5ABD3 /* Supporting Files */ = {
			isa = PBXGroup;
			children = (
				844741BA1B719C3100F5ABD3 /* Info.plist */,
			);
			name = "Supporting Files";
			sourceTree = "<group>";
		};
/* End PBXGroup section */

/* Begin PBXNativeTarget section */
		4DD4F5111DFB7F4B00032A29 /* LunarConsoleFree */ = {
			isa = PBXNativeTarget;
			buildConfigurationList = 4DD4F54E1DFB7F4B00032A29 /* Build configuration list for PBXNativeTarget "LunarConsoleFree" */;
			buildPhases = (
				4DD4F5121DFB7F4B00032A29 /* Sources */,
				4DD4F54C1DFB7F4B00032A29 /* Frameworks */,
				4DD4F54D1DFB7F4B00032A29 /* CopyFiles */,
			);
			buildRules = (
			);
			dependencies = (
			);
			name = LunarConsoleFree;
			productName = LunarConsole;
			productReference = 4DD4F5511DFB7F4B00032A29 /* libLunarConsoleFree.a */;
			productType = "com.apple.product-type.library.static";
		};
		844741A81B719C3100F5ABD3 /* LunarConsole */ = {
			isa = PBXNativeTarget;
			buildConfigurationList = 844741BD1B719C3100F5ABD3 /* Build configuration list for PBXNativeTarget "LunarConsole" */;
			buildPhases = (
				844741A51B719C3100F5ABD3 /* Sources */,
				844741A61B719C3100F5ABD3 /* Frameworks */,
				844741A71B719C3100F5ABD3 /* CopyFiles */,
			);
			buildRules = (
			);
			dependencies = (
			);
			name = LunarConsole;
			productName = LunarConsole;
			productReference = 844741A91B719C3100F5ABD3 /* libLunarConsole.a */;
			productType = "com.apple.product-type.library.static";
		};
		844741B31B719C3100F5ABD3 /* LunarConsoleTests */ = {
			isa = PBXNativeTarget;
			buildConfigurationList = 844741C01B719C3100F5ABD3 /* Build configuration list for PBXNativeTarget "LunarConsoleTests" */;
			buildPhases = (
				844741B01B719C3100F5ABD3 /* Sources */,
				844741B11B719C3100F5ABD3 /* Frameworks */,
				844741B21B719C3100F5ABD3 /* Resources */,
			);
			buildRules = (
			);
			dependencies = (
				844741B71B719C3100F5ABD3 /* PBXTargetDependency */,
			);
			name = LunarConsoleTests;
			productName = LunarConsoleTests;
			productReference = 844741B41B719C3100F5ABD3 /* LunarConsoleTests.xctest */;
			productType = "com.apple.product-type.bundle.unit-test";
		};
/* End PBXNativeTarget section */

/* Begin PBXProject section */
		844741A11B719C3100F5ABD3 /* Project object */ = {
			isa = PBXProject;
			attributes = {
				LastUpgradeCheck = 0810;
				ORGANIZATIONNAME = "Space Madness";
				TargetAttributes = {
					844741A81B719C3100F5ABD3 = {
						CreatedOnToolsVersion = 6.4;
					};
					844741B31B719C3100F5ABD3 = {
						CreatedOnToolsVersion = 6.4;
					};
				};
			};
			buildConfigurationList = 844741A41B719C3100F5ABD3 /* Build configuration list for PBXProject "LunarConsole" */;
			compatibilityVersion = "Xcode 3.2";
			developmentRegion = English;
			hasScannedForEncodings = 0;
			knownRegions = (
				en,
			);
			mainGroup = 844741A01B719C3100F5ABD3;
			productRefGroup = 844741AA1B719C3100F5ABD3 /* Products */;
			projectDirPath = "";
			projectRoot = "";
			targets = (
				844741A81B719C3100F5ABD3 /* LunarConsole */,
				4DD4F5111DFB7F4B00032A29 /* LunarConsoleFree */,
				844741B31B719C3100F5ABD3 /* LunarConsoleTests */,
			);
		};
/* End PBXProject section */

/* Begin PBXResourcesBuildPhase section */
		844741B21B719C3100F5ABD3 /* Resources */ = {
			isa = PBXResourcesBuildPhase;
			buildActionMask = 2147483647;
			files = (
			);
			runOnlyForDeploymentPostprocessing = 0;
		};
/* End PBXResourcesBuildPhase section */

/* Begin PBXSourcesBuildPhase section */
		4DD4F5121DFB7F4B00032A29 /* Sources */ = {
			isa = PBXSourcesBuildPhase;
			buildActionMask = 2147483647;
			files = (
				4DD4F6791DFB808700032A29 /* LUWindow.m in Sources */,
				4DD4F6591DFB808700032A29 /* LUCVarIntegerTableViewCell.m in Sources */,
				4DD4F6551DFB808700032A29 /* LUCVarFloatTableViewCell.m in Sources */,
				4DD4F6751DFB808700032A29 /* LUToggleButton.m in Sources */,
				4DD4F68D1DFB808700032A29 /* LUSortedList.m in Sources */,
				4DD4F67B1DFB808700032A29 /* LUAssert.m in Sources */,
				4DD4F6271DFB808700032A29 /* LUConsoleController.m in Sources */,
				4DD4F6651DFB808700032A29 /* LUUnityScriptMessenger.m in Sources */,
				4DD4F6691DFB808700032A29 /* LUButton.m in Sources */,
				4DD4F68F1DFB808700032A29 /* LUStacktrace.m in Sources */,
				4DD4F6611DFB808700032A29 /* LUConsolePluginSettings.m in Sources */,
				4DD4F6371DFB808700032A29 /* LUConsoleLogTypeButton.m in Sources */,
				4DD4F6831DFB808700032A29 /* LULittleHelper.m in Sources */,
				4DD4F6431DFB808700032A29 /* LUActionController.m in Sources */,
				4DD4F6251DFB808700032A29 /* LUConsole.m in Sources */,
				4DD4F66B1DFB808700032A29 /* LUPanViewGestureRecognizer.m in Sources */,
				4DD4F6771DFB808700032A29 /* LUViewController.m in Sources */,
				4DD4F6311DFB808700032A29 /* LUConsoleLogEntryLookupTable.m in Sources */,
				4DD4F6391DFB808700032A29 /* LUConsoleOverlayController.m in Sources */,
				4DD4F6631DFB808700032A29 /* lunar_unity_native_interface.m in Sources */,
				4DD4F6511DFB808700032A29 /* LUCVarBooleanTableViewCell.m in Sources */,
				4DD4F67F1DFB808700032A29 /* LUFileUtils.m in Sources */,
				4DD4F65B1DFB808700032A29 /* LUCVarStringTableViewCell.m in Sources */,
				4DD4F6931DFB808700032A29 /* LUThreading.m in Sources */,
				4DD4F68B1DFB808700032A29 /* LUSerializationUtils.m in Sources */,
				4DD4F6891DFB808700032A29 /* LUSerializableObject.m in Sources */,
				4DD4F62F1DFB808700032A29 /* LUConsoleLogEntryList.m in Sources */,
				4DD4F6731DFB808700032A29 /* LUTheme.m in Sources */,
				4DD4F6351DFB808700032A29 /* LUConsoleLogMenuController.m in Sources */,
				4DD4F64F1DFB808700032A29 /* LUCVar.m in Sources */,
				4DD4F66D1DFB808700032A29 /* LUPassTouchView.m in Sources */,
				4DD4F63F1DFB808700032A29 /* LUConsoleSettingsController.m in Sources */,
				4DD4F64D1DFB808700032A29 /* LUEntryTableViewCell.m in Sources */,
				4DD4F6851DFB808700032A29 /* LUMutableArray.m in Sources */,
				4DD4F6471DFB808700032A29 /* LUActionRegistryFilter.m in Sources */,
				4DD4F6331DFB808700032A29 /* LUConsoleLogEntryTableViewCell.m in Sources */,
				4DD4F64B1DFB808700032A29 /* LUEntry.m in Sources */,
				4DD4F66F1DFB808700032A29 /* LUSwitch.m in Sources */,
				4DD4F67D1DFB808700032A29 /* LUAvailability.m in Sources */,
				4DD4F6531DFB808700032A29 /* LUCVarFactory.m in Sources */,
				4DD4F6571DFB808700032A29 /* LUCVarInputTableViewCell.m in Sources */,
				4DD4F6811DFB808700032A29 /* LUImageUtils.m in Sources */,
				4DD4F6411DFB808700032A29 /* LUAction.m in Sources */,
				4DD4F6671DFB808700032A29 /* LUActionButton.m in Sources */,
				4DD4F65F1DFB808700032A29 /* LUConsolePlugin.m in Sources */,
				4DD4F65D1DFB808700032A29 /* LUCVarTableViewCell.m in Sources */,
				4DD4F6451DFB808700032A29 /* LUActionRegistry.m in Sources */,
				4DD4F6911DFB808700032A29 /* LUStringUtils.m in Sources */,
				4DD4F62B1DFB808700032A29 /* LUConsoleLogDetailsController.m in Sources */,
				4DD4F6871DFB808700032A29 /* LUObject.m in Sources */,
				4DD4F6711DFB808700032A29 /* LUTableView.m in Sources */,
				4DD4F63B1DFB808700032A29 /* LUConsolePopupController.m in Sources */,
				4DD4F62D1DFB808700032A29 /* LUConsoleLogEntry.m in Sources */,
				4DD4F6491DFB808700032A29 /* LUActionTableViewCell.m in Sources */,
				4DD4F63D1DFB808700032A29 /* LUConsoleResizeController.m in Sources */,
				4DD4F6291DFB808700032A29 /* LUConsoleLogController.m in Sources */,
				4DD4F6951DFB808700032A29 /* LUExceptionWarningController.m in Sources */,
			);
			runOnlyForDeploymentPostprocessing = 0;
		};
		844741A51B719C3100F5ABD3 /* Sources */ = {
			isa = PBXSourcesBuildPhase;
			buildActionMask = 2147483647;
			files = (
				4DD4F6781DFB808700032A29 /* LUWindow.m in Sources */,
				4DD4F6581DFB808700032A29 /* LUCVarIntegerTableViewCell.m in Sources */,
				4DD4F6541DFB808700032A29 /* LUCVarFloatTableViewCell.m in Sources */,
				4DD4F6741DFB808700032A29 /* LUToggleButton.m in Sources */,
				4DD4F68C1DFB808700032A29 /* LUSortedList.m in Sources */,
				4DD4F67A1DFB808700032A29 /* LUAssert.m in Sources */,
				4DD4F6261DFB808700032A29 /* LUConsoleController.m in Sources */,
				4DD4F6641DFB808700032A29 /* LUUnityScriptMessenger.m in Sources */,
				4DD4F6681DFB808700032A29 /* LUButton.m in Sources */,
				4DD4F68E1DFB808700032A29 /* LUStacktrace.m in Sources */,
				4DD4F6601DFB808700032A29 /* LUConsolePluginSettings.m in Sources */,
				4DD4F6361DFB808700032A29 /* LUConsoleLogTypeButton.m in Sources */,
				4DD4F6821DFB808700032A29 /* LULittleHelper.m in Sources */,
				4DD4F6421DFB808700032A29 /* LUActionController.m in Sources */,
				4DD4F6241DFB808700032A29 /* LUConsole.m in Sources */,
				4DD4F66A1DFB808700032A29 /* LUPanViewGestureRecognizer.m in Sources */,
				4DD4F6761DFB808700032A29 /* LUViewController.m in Sources */,
				4DD4F6301DFB808700032A29 /* LUConsoleLogEntryLookupTable.m in Sources */,
				4DD4F6381DFB808700032A29 /* LUConsoleOverlayController.m in Sources */,
				4DD4F6621DFB808700032A29 /* lunar_unity_native_interface.m in Sources */,
				4DD4F6501DFB808700032A29 /* LUCVarBooleanTableViewCell.m in Sources */,
				4DD4F67E1DFB808700032A29 /* LUFileUtils.m in Sources */,
				4DD4F65A1DFB808700032A29 /* LUCVarStringTableViewCell.m in Sources */,
				4DD4F6921DFB808700032A29 /* LUThreading.m in Sources */,
				4DD4F68A1DFB808700032A29 /* LUSerializationUtils.m in Sources */,
				4DD4F6881DFB808700032A29 /* LUSerializableObject.m in Sources */,
				4DD4F62E1DFB808700032A29 /* LUConsoleLogEntryList.m in Sources */,
				4DD4F6721DFB808700032A29 /* LUTheme.m in Sources */,
				4DD4F6341DFB808700032A29 /* LUConsoleLogMenuController.m in Sources */,
				4DD4F64E1DFB808700032A29 /* LUCVar.m in Sources */,
				4DD4F66C1DFB808700032A29 /* LUPassTouchView.m in Sources */,
				4DD4F63E1DFB808700032A29 /* LUConsoleSettingsController.m in Sources */,
				4DD4F64C1DFB808700032A29 /* LUEntryTableViewCell.m in Sources */,
				4DD4F6841DFB808700032A29 /* LUMutableArray.m in Sources */,
				4DD4F6461DFB808700032A29 /* LUActionRegistryFilter.m in Sources */,
				4DD4F6321DFB808700032A29 /* LUConsoleLogEntryTableViewCell.m in Sources */,
				4DD4F64A1DFB808700032A29 /* LUEntry.m in Sources */,
				4DD4F66E1DFB808700032A29 /* LUSwitch.m in Sources */,
				4DD4F67C1DFB808700032A29 /* LUAvailability.m in Sources */,
				4DD4F6521DFB808700032A29 /* LUCVarFactory.m in Sources */,
				4DD4F6561DFB808700032A29 /* LUCVarInputTableViewCell.m in Sources */,
				4DD4F6801DFB808700032A29 /* LUImageUtils.m in Sources */,
				4DD4F6401DFB808700032A29 /* LUAction.m in Sources */,
				4DD4F6661DFB808700032A29 /* LUActionButton.m in Sources */,
				4DD4F65E1DFB808700032A29 /* LUConsolePlugin.m in Sources */,
				4DD4F65C1DFB808700032A29 /* LUCVarTableViewCell.m in Sources */,
				4DD4F6441DFB808700032A29 /* LUActionRegistry.m in Sources */,
				4DD4F6901DFB808700032A29 /* LUStringUtils.m in Sources */,
				4DD4F62A1DFB808700032A29 /* LUConsoleLogDetailsController.m in Sources */,
				4DD4F6861DFB808700032A29 /* LUObject.m in Sources */,
				4DD4F6701DFB808700032A29 /* LUTableView.m in Sources */,
				4DD4F63A1DFB808700032A29 /* LUConsolePopupController.m in Sources */,
				4DD4F62C1DFB808700032A29 /* LUConsoleLogEntry.m in Sources */,
				4DD4F6481DFB808700032A29 /* LUActionTableViewCell.m in Sources */,
				4DD4F63C1DFB808700032A29 /* LUConsoleResizeController.m in Sources */,
				4DD4F6281DFB808700032A29 /* LUConsoleLogController.m in Sources */,
				4DD4F6941DFB808700032A29 /* LUExceptionWarningController.m in Sources */,
			);
			runOnlyForDeploymentPostprocessing = 0;
		};
		844741B01B719C3100F5ABD3 /* Sources */ = {
			isa = PBXSourcesBuildPhase;
			buildActionMask = 2147483647;
			files = (
				840F08841DEA6B7400E9F13D /* LUConsoleTest.m in Sources */,
				840F08871DEA6B7400E9F13D /* LUStacktraceTest.m in Sources */,
				840F08811DEA6B7400E9F13D /* LUActionRegistryTest.m in Sources */,
				840F08821DEA6B7400E9F13D /* LUConsoleEntryListTest.m in Sources */,
				840F08861DEA6B7400E9F13D /* LUSortedListTest.m in Sources */,
				840F08851DEA6B7400E9F13D /* LUMutableArrayTest.m in Sources */,
				840F087F1DEA6B7400E9F13D /* TestCase.m in Sources */,
				840F08881DEA6B7400E9F13D /* LUStringUtilsTest.m in Sources */,
				840F08831DEA6B7400E9F13D /* LUConsoleEntryLookupTableTest.m in Sources */,
				840F08801DEA6B7400E9F13D /* LUActionRegistryFilterTest.m in Sources */,
			);
			runOnlyForDeploymentPostprocessing = 0;
		};
/* End PBXSourcesBuildPhase section */

/* Begin PBXTargetDependency section */
		844741B71B719C3100F5ABD3 /* PBXTargetDependency */ = {
			isa = PBXTargetDependency;
			target = 844741A81B719C3100F5ABD3 /* LunarConsole */;
			targetProxy = 844741B61B719C3100F5ABD3 /* PBXContainerItemProxy */;
		};
/* End PBXTargetDependency section */

/* Begin XCBuildConfiguration section */
		4DD4F54F1DFB7F4B00032A29 /* Debug */ = {
			isa = XCBuildConfiguration;
			buildSettings = {
				CLANG_ENABLE_OBJC_ARC = YES;
				OTHER_LDFLAGS = "-ObjC";
				PRODUCT_NAME = "$(TARGET_NAME)";
				SKIP_INSTALL = YES;
			};
			name = Debug;
		};
		4DD4F5501DFB7F4B00032A29 /* Release */ = {
			isa = XCBuildConfiguration;
			buildSettings = {
				CLANG_ENABLE_OBJC_ARC = YES;
				OTHER_LDFLAGS = "-ObjC";
				PRODUCT_NAME = "$(TARGET_NAME)";
				SKIP_INSTALL = YES;
			};
			name = Release;
		};
		844741BB1B719C3100F5ABD3 /* Debug */ = {
			isa = XCBuildConfiguration;
			buildSettings = {
				ALWAYS_SEARCH_USER_PATHS = NO;
				CLANG_CXX_LANGUAGE_STANDARD = "gnu++0x";
				CLANG_CXX_LIBRARY = "libc++";
				CLANG_ENABLE_MODULES = YES;
				CLANG_ENABLE_OBJC_ARC = NO;
				CLANG_WARN_BOOL_CONVERSION = YES;
				CLANG_WARN_CONSTANT_CONVERSION = YES;
				CLANG_WARN_DIRECT_OBJC_ISA_USAGE = YES_ERROR;
				CLANG_WARN_EMPTY_BODY = YES;
				CLANG_WARN_ENUM_CONVERSION = YES;
				CLANG_WARN_INFINITE_RECURSION = YES;
				CLANG_WARN_INT_CONVERSION = YES;
				CLANG_WARN_OBJC_ROOT_CLASS = YES_ERROR;
				CLANG_WARN_SUSPICIOUS_MOVE = YES;
				CLANG_WARN_UNREACHABLE_CODE = YES;
				CLANG_WARN__DUPLICATE_METHOD_MATCH = YES;
				COPY_PHASE_STRIP = NO;
				DEBUG_INFORMATION_FORMAT = "dwarf-with-dsym";
				ENABLE_STRICT_OBJC_MSGSEND = YES;
				ENABLE_TESTABILITY = YES;
				GCC_C_LANGUAGE_STANDARD = gnu99;
				GCC_DYNAMIC_NO_PIC = NO;
				GCC_NO_COMMON_BLOCKS = YES;
				GCC_OPTIMIZATION_LEVEL = 0;
				GCC_PREPROCESSOR_DEFINITIONS = (
					"DEBUG=1",
					LUNAR_CONSOLE_DEVELOPMENT,
					"$(inherited)",
				);
				GCC_SYMBOLS_PRIVATE_EXTERN = NO;
				GCC_TREAT_WARNINGS_AS_ERRORS = YES;
				GCC_WARN_64_TO_32_BIT_CONVERSION = YES;
				GCC_WARN_ABOUT_RETURN_TYPE = YES_ERROR;
				GCC_WARN_UNDECLARED_SELECTOR = YES;
				GCC_WARN_UNINITIALIZED_AUTOS = YES_AGGRESSIVE;
				GCC_WARN_UNUSED_FUNCTION = YES;
				GCC_WARN_UNUSED_VARIABLE = YES;
				IPHONEOS_DEPLOYMENT_TARGET = 8.0;
				MTL_ENABLE_DEBUG_INFO = YES;
				ONLY_ACTIVE_ARCH = YES;
				SDKROOT = iphoneos;
			};
			name = Debug;
		};
		844741BC1B719C3100F5ABD3 /* Release */ = {
			isa = XCBuildConfiguration;
			buildSettings = {
				ALWAYS_SEARCH_USER_PATHS = NO;
				CLANG_CXX_LANGUAGE_STANDARD = "gnu++0x";
				CLANG_CXX_LIBRARY = "libc++";
				CLANG_ENABLE_MODULES = YES;
				CLANG_ENABLE_OBJC_ARC = NO;
				CLANG_WARN_BOOL_CONVERSION = YES;
				CLANG_WARN_CONSTANT_CONVERSION = YES;
				CLANG_WARN_DIRECT_OBJC_ISA_USAGE = YES_ERROR;
				CLANG_WARN_EMPTY_BODY = YES;
				CLANG_WARN_ENUM_CONVERSION = YES;
				CLANG_WARN_INFINITE_RECURSION = YES;
				CLANG_WARN_INT_CONVERSION = YES;
				CLANG_WARN_OBJC_ROOT_CLASS = YES_ERROR;
				CLANG_WARN_SUSPICIOUS_MOVE = YES;
				CLANG_WARN_UNREACHABLE_CODE = YES;
				CLANG_WARN__DUPLICATE_METHOD_MATCH = YES;
				COPY_PHASE_STRIP = NO;
				DEBUG_INFORMATION_FORMAT = "dwarf-with-dsym";
				ENABLE_NS_ASSERTIONS = NO;
				ENABLE_STRICT_OBJC_MSGSEND = YES;
				GCC_C_LANGUAGE_STANDARD = gnu99;
				GCC_NO_COMMON_BLOCKS = YES;
				GCC_TREAT_WARNINGS_AS_ERRORS = YES;
				GCC_WARN_64_TO_32_BIT_CONVERSION = YES;
				GCC_WARN_ABOUT_RETURN_TYPE = YES_ERROR;
				GCC_WARN_UNDECLARED_SELECTOR = YES;
				GCC_WARN_UNINITIALIZED_AUTOS = YES_AGGRESSIVE;
				GCC_WARN_UNUSED_FUNCTION = YES;
				GCC_WARN_UNUSED_VARIABLE = YES;
				IPHONEOS_DEPLOYMENT_TARGET = 8.0;
				MTL_ENABLE_DEBUG_INFO = NO;
				SDKROOT = iphoneos;
				VALIDATE_PRODUCT = YES;
			};
			name = Release;
		};
		844741BE1B719C3100F5ABD3 /* Debug */ = {
			isa = XCBuildConfiguration;
			buildSettings = {
				CLANG_ENABLE_OBJC_ARC = YES;
				OTHER_LDFLAGS = "-ObjC";
				PRODUCT_NAME = "$(TARGET_NAME)";
				SKIP_INSTALL = YES;
			};
			name = Debug;
		};
		844741BF1B719C3100F5ABD3 /* Release */ = {
			isa = XCBuildConfiguration;
			buildSettings = {
				CLANG_ENABLE_OBJC_ARC = YES;
				OTHER_LDFLAGS = "-ObjC";
				PRODUCT_NAME = "$(TARGET_NAME)";
				SKIP_INSTALL = YES;
			};
			name = Release;
		};
		844741C11B719C3100F5ABD3 /* Debug */ = {
			isa = XCBuildConfiguration;
			buildSettings = {
				"CODE_SIGN_IDENTITY[sdk=iphoneos*]" = "iPhone Developer";
				FRAMEWORK_SEARCH_PATHS = (
					"$(SDKROOT)/Developer/Library/Frameworks",
					"$(inherited)",
				);
				GCC_PREPROCESSOR_DEFINITIONS = (
					"DEBUG=1",
					"$(inherited)",
				);
				INFOPLIST_FILE = LunarConsoleTests/Info.plist;
				LD_RUNPATH_SEARCH_PATHS = "$(inherited) @executable_path/Frameworks @loader_path/Frameworks";
				PRODUCT_BUNDLE_IDENTIFIER = "com.spacemadness.$(PRODUCT_NAME:rfc1034identifier)";
				PRODUCT_NAME = "$(TARGET_NAME)";
			};
			name = Debug;
		};
		844741C21B719C3100F5ABD3 /* Release */ = {
			isa = XCBuildConfiguration;
			buildSettings = {
				"CODE_SIGN_IDENTITY[sdk=iphoneos*]" = "iPhone Developer";
				FRAMEWORK_SEARCH_PATHS = (
					"$(SDKROOT)/Developer/Library/Frameworks",
					"$(inherited)",
				);
				INFOPLIST_FILE = LunarConsoleTests/Info.plist;
				LD_RUNPATH_SEARCH_PATHS = "$(inherited) @executable_path/Frameworks @loader_path/Frameworks";
				PRODUCT_BUNDLE_IDENTIFIER = "com.spacemadness.$(PRODUCT_NAME:rfc1034identifier)";
				PRODUCT_NAME = "$(TARGET_NAME)";
			};
			name = Release;
		};
/* End XCBuildConfiguration section */

/* Begin XCConfigurationList section */
		4DD4F54E1DFB7F4B00032A29 /* Build configuration list for PBXNativeTarget "LunarConsoleFree" */ = {
			isa = XCConfigurationList;
			buildConfigurations = (
				4DD4F54F1DFB7F4B00032A29 /* Debug */,
				4DD4F5501DFB7F4B00032A29 /* Release */,
			);
			defaultConfigurationIsVisible = 0;
			defaultConfigurationName = Release;
		};
		844741A41B719C3100F5ABD3 /* Build configuration list for PBXProject "LunarConsole" */ = {
			isa = XCConfigurationList;
			buildConfigurations = (
				844741BB1B719C3100F5ABD3 /* Debug */,
				844741BC1B719C3100F5ABD3 /* Release */,
			);
			defaultConfigurationIsVisible = 0;
			defaultConfigurationName = Release;
		};
		844741BD1B719C3100F5ABD3 /* Build configuration list for PBXNativeTarget "LunarConsole" */ = {
			isa = XCConfigurationList;
			buildConfigurations = (
				844741BE1B719C3100F5ABD3 /* Debug */,
				844741BF1B719C3100F5ABD3 /* Release */,
			);
			defaultConfigurationIsVisible = 0;
			defaultConfigurationName = Release;
		};
		844741C01B719C3100F5ABD3 /* Build configuration list for PBXNativeTarget "LunarConsoleTests" */ = {
			isa = XCConfigurationList;
			buildConfigurations = (
				844741C11B719C3100F5ABD3 /* Debug */,
				844741C21B719C3100F5ABD3 /* Release */,
			);
			defaultConfigurationIsVisible = 0;
			defaultConfigurationName = Release;
		};
/* End XCConfigurationList section */
	};
	rootObject = 844741A11B719C3100F5ABD3 /* Project object */;
}
