// !$*UTF8*$!
{
	archiveVersion = 1;
	classes = {
	};
	objectVersion = 46;
	objects = {

/* Begin PBXBuildFile section */
		840F07F41DE97E0000E9F13D /* LUImageUtils.m in Sources */ = {isa = PBXBuildFile; fileRef = 840F07F31DE97E0000E9F13D /* LUImageUtils.m */; };
		840F07F81DEA1E5A00E9F13D /* LUActionButton.m in Sources */ = {isa = PBXBuildFile; fileRef = 840F07F71DEA1E5A00E9F13D /* LUActionButton.m */; };
		840F07FF1DEA251900E9F13D /* LUButton.m in Sources */ = {isa = PBXBuildFile; fileRef = 840F07FE1DEA251900E9F13D /* LUButton.m */; };
		840F08101DEA320E00E9F13D /* LUPanViewGestureRecognizer.m in Sources */ = {isa = PBXBuildFile; fileRef = 840F080F1DEA320E00E9F13D /* LUPanViewGestureRecognizer.m */; };
		840F08131DEA389B00E9F13D /* LUPassTouchView.m in Sources */ = {isa = PBXBuildFile; fileRef = 840F08121DEA389B00E9F13D /* LUPassTouchView.m */; };
		840F08161DEA502A00E9F13D /* LUConsoleController.m in Sources */ = {isa = PBXBuildFile; fileRef = 840F08151DEA502A00E9F13D /* LUConsoleController.m */; };
		840F083B1DEA53DF00E9F13D /* LUAction.m in Sources */ = {isa = PBXBuildFile; fileRef = 840F081E1DEA53DF00E9F13D /* LUAction.m */; };
		840F083C1DEA53DF00E9F13D /* LUActionController.m in Sources */ = {isa = PBXBuildFile; fileRef = 840F08201DEA53DF00E9F13D /* LUActionController.m */; };
		840F083D1DEA53DF00E9F13D /* LUActionRegistry.m in Sources */ = {isa = PBXBuildFile; fileRef = 840F08231DEA53DF00E9F13D /* LUActionRegistry.m */; };
		840F083E1DEA53DF00E9F13D /* LUActionRegistryFilter.m in Sources */ = {isa = PBXBuildFile; fileRef = 840F08251DEA53DF00E9F13D /* LUActionRegistryFilter.m */; };
		840F083F1DEA53DF00E9F13D /* LUActionTableViewCell.m in Sources */ = {isa = PBXBuildFile; fileRef = 840F08271DEA53DF00E9F13D /* LUActionTableViewCell.m */; };
		840F08401DEA53DF00E9F13D /* LUCVar.m in Sources */ = {isa = PBXBuildFile; fileRef = 840F082A1DEA53DF00E9F13D /* LUCVar.m */; };
		840F08411DEA53DF00E9F13D /* LUCVarBooleanTableViewCell.m in Sources */ = {isa = PBXBuildFile; fileRef = 840F082C1DEA53DF00E9F13D /* LUCVarBooleanTableViewCell.m */; };
		840F08421DEA53DF00E9F13D /* LUCVarFactory.m in Sources */ = {isa = PBXBuildFile; fileRef = 840F082F1DEA53DF00E9F13D /* LUCVarFactory.m */; };
		840F08431DEA53DF00E9F13D /* LUCVarFloatTableViewCell.m in Sources */ = {isa = PBXBuildFile; fileRef = 840F08311DEA53DF00E9F13D /* LUCVarFloatTableViewCell.m */; };
		840F08441DEA53DF00E9F13D /* LUCVarInputTableViewCell.m in Sources */ = {isa = PBXBuildFile; fileRef = 840F08331DEA53DF00E9F13D /* LUCVarInputTableViewCell.m */; };
		840F08451DEA53DF00E9F13D /* LUCVarIntegerTableViewCell.m in Sources */ = {isa = PBXBuildFile; fileRef = 840F08361DEA53DF00E9F13D /* LUCVarIntegerTableViewCell.m */; };
		840F08461DEA53DF00E9F13D /* LUCVarStringTableViewCell.m in Sources */ = {isa = PBXBuildFile; fileRef = 840F08381DEA53DF00E9F13D /* LUCVarStringTableViewCell.m */; };
		840F08471DEA53DF00E9F13D /* LUCVarTableViewCell.m in Sources */ = {isa = PBXBuildFile; fileRef = 840F083A1DEA53DF00E9F13D /* LUCVarTableViewCell.m */; };
		840F084D1DEA566F00E9F13D /* LUSortedList.m in Sources */ = {isa = PBXBuildFile; fileRef = 840F084C1DEA566F00E9F13D /* LUSortedList.m */; };
		840F087F1DEA6B7400E9F13D /* TestCase.m in Sources */ = {isa = PBXBuildFile; fileRef = 840F08751DEA6B7400E9F13D /* TestCase.m */; };
		840F08801DEA6B7400E9F13D /* LUActionRegistryFilterTest.m in Sources */ = {isa = PBXBuildFile; fileRef = 840F08761DEA6B7400E9F13D /* LUActionRegistryFilterTest.m */; };
		840F08811DEA6B7400E9F13D /* LUActionRegistryTest.m in Sources */ = {isa = PBXBuildFile; fileRef = 840F08771DEA6B7400E9F13D /* LUActionRegistryTest.m */; };
		840F08821DEA6B7400E9F13D /* LUConsoleEntryListTest.m in Sources */ = {isa = PBXBuildFile; fileRef = 840F08781DEA6B7400E9F13D /* LUConsoleEntryListTest.m */; };
		840F08831DEA6B7400E9F13D /* LUConsoleEntryLookupTableTest.m in Sources */ = {isa = PBXBuildFile; fileRef = 840F08791DEA6B7400E9F13D /* LUConsoleEntryLookupTableTest.m */; };
		840F08841DEA6B7400E9F13D /* LUConsoleTest.m in Sources */ = {isa = PBXBuildFile; fileRef = 840F087A1DEA6B7400E9F13D /* LUConsoleTest.m */; };
		840F08851DEA6B7400E9F13D /* LUMutableArrayTest.m in Sources */ = {isa = PBXBuildFile; fileRef = 840F087B1DEA6B7400E9F13D /* LUMutableArrayTest.m */; };
		840F08861DEA6B7400E9F13D /* LUSortedListTest.m in Sources */ = {isa = PBXBuildFile; fileRef = 840F087C1DEA6B7400E9F13D /* LUSortedListTest.m */; };
		840F08871DEA6B7400E9F13D /* LUStacktraceTest.m in Sources */ = {isa = PBXBuildFile; fileRef = 840F087D1DEA6B7400E9F13D /* LUStacktraceTest.m */; };
		840F08881DEA6B7400E9F13D /* LUStringUtilsTest.m in Sources */ = {isa = PBXBuildFile; fileRef = 840F087E1DEA6B7400E9F13D /* LUStringUtilsTest.m */; };
		840F08CC1DED086E00E9F13D /* LUConsoleResizeController.m in Sources */ = {isa = PBXBuildFile; fileRef = 840F08CA1DED086E00E9F13D /* LUConsoleResizeController.m */; };
		84368BCF1DF154E90099321C /* LUConsolePopupController.m in Sources */ = {isa = PBXBuildFile; fileRef = 84368BCD1DF154E90099321C /* LUConsolePopupController.m */; };
		84368BEB1DF662170099321C /* LUSerializationUtils.m in Sources */ = {isa = PBXBuildFile; fileRef = 84368BEA1DF662170099321C /* LUSerializationUtils.m */; };
		84368BEE1DF664220099321C /* LUFileUtils.m in Sources */ = {isa = PBXBuildFile; fileRef = 84368BED1DF664220099321C /* LUFileUtils.m */; };
		84368BF11DF669750099321C /* LUSerializableObject.m in Sources */ = {isa = PBXBuildFile; fileRef = 84368BF01DF669750099321C /* LUSerializableObject.m */; };
		844741B51B719C3100F5ABD3 /* libLunarConsole.a in Frameworks */ = {isa = PBXBuildFile; fileRef = 844741A91B719C3100F5ABD3 /* libLunarConsole.a */; };
		84B7BD8E1D2229810048472B /* LUEntry.m in Sources */ = {isa = PBXBuildFile; fileRef = 84B7BD8B1D2229810048472B /* LUEntry.m */; };
		84B7BD8F1D2229810048472B /* LUEntryTableViewCell.m in Sources */ = {isa = PBXBuildFile; fileRef = 84B7BD8D1D2229810048472B /* LUEntryTableViewCell.m */; };
		84B7BD921D222A160048472B /* LUViewController.m in Sources */ = {isa = PBXBuildFile; fileRef = 84B7BD911D222A160048472B /* LUViewController.m */; };
		84EA4FCA1C57163000A0635C /* LUConsoleLogEntryLookupTable.m in Sources */ = {isa = PBXBuildFile; fileRef = 84EA4FC91C57163000A0635C /* LUConsoleLogEntryLookupTable.m */; };
		84FF9A1A1D69257F0034E40E /* LUConsoleOverlayController.m in Sources */ = {isa = PBXBuildFile; fileRef = 84FF9A181D69257F0034E40E /* LUConsoleOverlayController.m */; };
		EF08369E1B7ABCCE00DFB877 /* LUConsole.m in Sources */ = {isa = PBXBuildFile; fileRef = EF0836531B7ABCCE00DFB877 /* LUConsole.m */; };
		EF08369F1B7ABCCE00DFB877 /* LUConsoleLogEntry.m in Sources */ = {isa = PBXBuildFile; fileRef = EF0836551B7ABCCE00DFB877 /* LUConsoleLogEntry.m */; };
		EF0836A01B7ABCCE00DFB877 /* LUConsoleLogEntryList.m in Sources */ = {isa = PBXBuildFile; fileRef = EF0836571B7ABCCE00DFB877 /* LUConsoleLogEntryList.m */; };
		EF0836A31B7ABCCE00DFB877 /* LUConsolePlugin.m in Sources */ = {isa = PBXBuildFile; fileRef = EF0836831B7ABCCE00DFB877 /* LUConsolePlugin.m */; };
		EF0836A41B7ABCCE00DFB877 /* lunar_unity_native_interface.m in Sources */ = {isa = PBXBuildFile; fileRef = EF0836851B7ABCCE00DFB877 /* lunar_unity_native_interface.m */; };
		EF0836A71B7ABCCE00DFB877 /* LUTheme.m in Sources */ = {isa = PBXBuildFile; fileRef = EF08368C1B7ABCCE00DFB877 /* LUTheme.m */; };
		EF0836A81B7ABCCE00DFB877 /* LUToggleButton.m in Sources */ = {isa = PBXBuildFile; fileRef = EF08368E1B7ABCCE00DFB877 /* LUToggleButton.m */; };
		EF0836A91B7ABCCE00DFB877 /* LUWindow.m in Sources */ = {isa = PBXBuildFile; fileRef = EF0836901B7ABCCE00DFB877 /* LUWindow.m */; };
		EF0836AA1B7ABCCE00DFB877 /* LUAssert.m in Sources */ = {isa = PBXBuildFile; fileRef = EF0836931B7ABCCE00DFB877 /* LUAssert.m */; };
		EF0836AB1B7ABCCE00DFB877 /* LUAvailability.m in Sources */ = {isa = PBXBuildFile; fileRef = EF0836951B7ABCCE00DFB877 /* LUAvailability.m */; };
		EF0836AC1B7ABCCE00DFB877 /* LUMutableArray.m in Sources */ = {isa = PBXBuildFile; fileRef = EF0836981B7ABCCE00DFB877 /* LUMutableArray.m */; };
		EF0836AD1B7ABCCE00DFB877 /* LUObject.m in Sources */ = {isa = PBXBuildFile; fileRef = EF08369A1B7ABCCE00DFB877 /* LUObject.m */; };
		EF0836AE1B7ABCCE00DFB877 /* LUThreading.m in Sources */ = {isa = PBXBuildFile; fileRef = EF08369C1B7ABCCE00DFB877 /* LUThreading.m */; };
		EF21AE201BF5383E0053D50B /* LULittleHelper.m in Sources */ = {isa = PBXBuildFile; fileRef = EF21AE1F1BF5383E0053D50B /* LULittleHelper.m */; };
		EF21AE231BF548810053D50B /* LUTableView.m in Sources */ = {isa = PBXBuildFile; fileRef = EF21AE221BF548810053D50B /* LUTableView.m */; };
		EF4C364D1D6E6B1D0036585B /* LUSwitch.m in Sources */ = {isa = PBXBuildFile; fileRef = EF4C364C1D6E6B1D0036585B /* LUSwitch.m */; };
		EF5AD10B1D6B9CF100B27500 /* LUConsolePluginSettings.m in Sources */ = {isa = PBXBuildFile; fileRef = EF5AD10A1D6B9CF100B27500 /* LUConsolePluginSettings.m */; };
		EF5AD10E1D6BB24400B27500 /* LUConsoleSettingsController.m in Sources */ = {isa = PBXBuildFile; fileRef = EF5AD10D1D6BB24400B27500 /* LUConsoleSettingsController.m */; };
		EF64F8F91C03DCE8008DCB8E /* LUStacktrace.m in Sources */ = {isa = PBXBuildFile; fileRef = EF64F8F81C03DCE8008DCB8E /* LUStacktrace.m */; };
		EF98F6511CC1A0B3004943CF /* LUUnityScriptMessenger.m in Sources */ = {isa = PBXBuildFile; fileRef = EF98F6501CC1A0B3004943CF /* LUUnityScriptMessenger.m */; };
		EFB99CC91D21E15A00C95E80 /* LUConsoleLogController.m in Sources */ = {isa = PBXBuildFile; fileRef = EFB99CC71D21E15A00C95E80 /* LUConsoleLogController.m */; };
		EFB99CD11D21E37F00C95E80 /* LUConsoleLogDetailsController.m in Sources */ = {isa = PBXBuildFile; fileRef = EFB99CCF1D21E37F00C95E80 /* LUConsoleLogDetailsController.m */; };
		EFB99CD71D21E4A500C95E80 /* LUConsoleLogMenuController.m in Sources */ = {isa = PBXBuildFile; fileRef = EFB99CD51D21E4A500C95E80 /* LUConsoleLogMenuController.m */; };
		EFB99CDC1D21E60000C95E80 /* LUConsoleLogTypeButton.m in Sources */ = {isa = PBXBuildFile; fileRef = EFB99CDB1D21E60000C95E80 /* LUConsoleLogTypeButton.m */; };
		EFB99CDF1D21E67200C95E80 /* LUConsoleLogEntryTableViewCell.m in Sources */ = {isa = PBXBuildFile; fileRef = EFB99CDE1D21E67200C95E80 /* LUConsoleLogEntryTableViewCell.m */; };
		EFB99CE41D21E6EA00C95E80 /* LUExceptionWarningController.m in Sources */ = {isa = PBXBuildFile; fileRef = EFB99CE21D21E6EA00C95E80 /* LUExceptionWarningController.m */; };
		EFB99CEA1D21EF6300C95E80 /* LUStringUtils.m in Sources */ = {isa = PBXBuildFile; fileRef = EFB99CE91D21EF6300C95E80 /* LUStringUtils.m */; };
/* End PBXBuildFile section */

/* Begin PBXContainerItemProxy section */
		844741B61B719C3100F5ABD3 /* PBXContainerItemProxy */ = {
			isa = PBXContainerItemProxy;
			containerPortal = 844741A11B719C3100F5ABD3 /* Project object */;
			proxyType = 1;
			remoteGlobalIDString = 844741A81B719C3100F5ABD3;
			remoteInfo = LunarConsole;
		};
/* End PBXContainerItemProxy section */

/* Begin PBXCopyFilesBuildPhase section */
		844741A71B719C3100F5ABD3 /* CopyFiles */ = {
			isa = PBXCopyFilesBuildPhase;
			buildActionMask = 2147483647;
			dstPath = "include/$(PRODUCT_NAME)";
			dstSubfolderSpec = 16;
			files = (
			);
			runOnlyForDeploymentPostprocessing = 0;
		};
/* End PBXCopyFilesBuildPhase section */

/* Begin PBXFileReference section */
		840F07EC1DE9790400E9F13D /* lunar_console_action_button_large_normal.png */ = {isa = PBXFileReference; lastKnownFileType = image.png; path = lunar_console_action_button_large_normal.png; sourceTree = "<group>"; };
		840F07ED1DE9790400E9F13D /* lunar_console_action_button_large_normal@2x.png */ = {isa = PBXFileReference; lastKnownFileType = image.png; path = "lunar_console_action_button_large_normal@2x.png"; sourceTree = "<group>"; };
		840F07EE1DE9790400E9F13D /* lunar_console_action_button_large_normal@3x.png */ = {isa = PBXFileReference; lastKnownFileType = image.png; path = "lunar_console_action_button_large_normal@3x.png"; sourceTree = "<group>"; };
		840F07EF1DE97A8800E9F13D /* lunar_console_action_button_large_selected.png */ = {isa = PBXFileReference; lastKnownFileType = image.png; path = lunar_console_action_button_large_selected.png; sourceTree = "<group>"; };
		840F07F01DE97A8800E9F13D /* lunar_console_action_button_large_selected@2x.png */ = {isa = PBXFileReference; lastKnownFileType = image.png; path = "lunar_console_action_button_large_selected@2x.png"; sourceTree = "<group>"; };
		840F07F11DE97A8800E9F13D /* lunar_console_action_button_large_selected@3x.png */ = {isa = PBXFileReference; lastKnownFileType = image.png; path = "lunar_console_action_button_large_selected@3x.png"; sourceTree = "<group>"; };
		840F07F21DE97D9A00E9F13D /* LUImageUtils.h */ = {isa = PBXFileReference; lastKnownFileType = sourcecode.c.h; path = LUImageUtils.h; sourceTree = "<group>"; };
		840F07F31DE97E0000E9F13D /* LUImageUtils.m */ = {isa = PBXFileReference; fileEncoding = 4; lastKnownFileType = sourcecode.c.objc; path = LUImageUtils.m; sourceTree = "<group>"; };
		840F07F61DEA1E5A00E9F13D /* LUActionButton.h */ = {isa = PBXFileReference; fileEncoding = 4; lastKnownFileType = sourcecode.c.h; path = LUActionButton.h; sourceTree = "<group>"; };
		840F07F71DEA1E5A00E9F13D /* LUActionButton.m */ = {isa = PBXFileReference; fileEncoding = 4; lastKnownFileType = sourcecode.c.objc; path = LUActionButton.m; sourceTree = "<group>"; };
		840F07FD1DEA251900E9F13D /* LUButton.h */ = {isa = PBXFileReference; fileEncoding = 4; lastKnownFileType = sourcecode.c.h; path = LUButton.h; sourceTree = "<group>"; };
		840F07FE1DEA251900E9F13D /* LUButton.m */ = {isa = PBXFileReference; fileEncoding = 4; lastKnownFileType = sourcecode.c.objc; path = LUButton.m; sourceTree = "<group>"; };
		840F080E1DEA320E00E9F13D /* LUPanViewGestureRecognizer.h */ = {isa = PBXFileReference; fileEncoding = 4; lastKnownFileType = sourcecode.c.h; path = LUPanViewGestureRecognizer.h; sourceTree = "<group>"; };
		840F080F1DEA320E00E9F13D /* LUPanViewGestureRecognizer.m */ = {isa = PBXFileReference; fileEncoding = 4; lastKnownFileType = sourcecode.c.objc; path = LUPanViewGestureRecognizer.m; sourceTree = "<group>"; };
		840F08111DEA389B00E9F13D /* LUPassTouchView.h */ = {isa = PBXFileReference; fileEncoding = 4; lastKnownFileType = sourcecode.c.h; path = LUPassTouchView.h; sourceTree = "<group>"; };
		840F08121DEA389B00E9F13D /* LUPassTouchView.m */ = {isa = PBXFileReference; fileEncoding = 4; lastKnownFileType = sourcecode.c.objc; path = LUPassTouchView.m; sourceTree = "<group>"; };
		840F08141DEA502A00E9F13D /* LUConsoleController.h */ = {isa = PBXFileReference; fileEncoding = 4; lastKnownFileType = sourcecode.c.h; path = LUConsoleController.h; sourceTree = "<group>"; };
		840F08151DEA502A00E9F13D /* LUConsoleController.m */ = {isa = PBXFileReference; fileEncoding = 4; lastKnownFileType = sourcecode.c.objc; path = LUConsoleController.m; sourceTree = "<group>"; };
		840F081D1DEA53DF00E9F13D /* LUAction.h */ = {isa = PBXFileReference; fileEncoding = 4; lastKnownFileType = sourcecode.c.h; path = LUAction.h; sourceTree = "<group>"; };
		840F081E1DEA53DF00E9F13D /* LUAction.m */ = {isa = PBXFileReference; fileEncoding = 4; lastKnownFileType = sourcecode.c.objc; path = LUAction.m; sourceTree = "<group>"; };
		840F081F1DEA53DF00E9F13D /* LUActionController.h */ = {isa = PBXFileReference; fileEncoding = 4; lastKnownFileType = sourcecode.c.h; path = LUActionController.h; sourceTree = "<group>"; };
		840F08201DEA53DF00E9F13D /* LUActionController.m */ = {isa = PBXFileReference; fileEncoding = 4; lastKnownFileType = sourcecode.c.objc; path = LUActionController.m; sourceTree = "<group>"; };
		840F08211DEA53DF00E9F13D /* LUActionController.xib */ = {isa = PBXFileReference; fileEncoding = 4; lastKnownFileType = file.xib; path = LUActionController.xib; sourceTree = "<group>"; };
		840F08221DEA53DF00E9F13D /* LUActionRegistry.h */ = {isa = PBXFileReference; fileEncoding = 4; lastKnownFileType = sourcecode.c.h; path = LUActionRegistry.h; sourceTree = "<group>"; };
		840F08231DEA53DF00E9F13D /* LUActionRegistry.m */ = {isa = PBXFileReference; fileEncoding = 4; lastKnownFileType = sourcecode.c.objc; path = LUActionRegistry.m; sourceTree = "<group>"; };
		840F08241DEA53DF00E9F13D /* LUActionRegistryFilter.h */ = {isa = PBXFileReference; fileEncoding = 4; lastKnownFileType = sourcecode.c.h; path = LUActionRegistryFilter.h; sourceTree = "<group>"; };
		840F08251DEA53DF00E9F13D /* LUActionRegistryFilter.m */ = {isa = PBXFileReference; fileEncoding = 4; lastKnownFileType = sourcecode.c.objc; path = LUActionRegistryFilter.m; sourceTree = "<group>"; };
		840F08261DEA53DF00E9F13D /* LUActionTableViewCell.h */ = {isa = PBXFileReference; fileEncoding = 4; lastKnownFileType = sourcecode.c.h; path = LUActionTableViewCell.h; sourceTree = "<group>"; };
		840F08271DEA53DF00E9F13D /* LUActionTableViewCell.m */ = {isa = PBXFileReference; fileEncoding = 4; lastKnownFileType = sourcecode.c.objc; path = LUActionTableViewCell.m; sourceTree = "<group>"; };
		840F08291DEA53DF00E9F13D /* LUCVar.h */ = {isa = PBXFileReference; fileEncoding = 4; lastKnownFileType = sourcecode.c.h; path = LUCVar.h; sourceTree = "<group>"; };
		840F082A1DEA53DF00E9F13D /* LUCVar.m */ = {isa = PBXFileReference; fileEncoding = 4; lastKnownFileType = sourcecode.c.objc; path = LUCVar.m; sourceTree = "<group>"; };
		840F082B1DEA53DF00E9F13D /* LUCVarBooleanTableViewCell.h */ = {isa = PBXFileReference; fileEncoding = 4; lastKnownFileType = sourcecode.c.h; path = LUCVarBooleanTableViewCell.h; sourceTree = "<group>"; };
		840F082C1DEA53DF00E9F13D /* LUCVarBooleanTableViewCell.m */ = {isa = PBXFileReference; fileEncoding = 4; lastKnownFileType = sourcecode.c.objc; path = LUCVarBooleanTableViewCell.m; sourceTree = "<group>"; };
		840F082D1DEA53DF00E9F13D /* LUCVarBooleanTableViewCell.xib */ = {isa = PBXFileReference; fileEncoding = 4; lastKnownFileType = file.xib; path = LUCVarBooleanTableViewCell.xib; sourceTree = "<group>"; };
		840F082E1DEA53DF00E9F13D /* LUCVarFactory.h */ = {isa = PBXFileReference; fileEncoding = 4; lastKnownFileType = sourcecode.c.h; path = LUCVarFactory.h; sourceTree = "<group>"; };
		840F082F1DEA53DF00E9F13D /* LUCVarFactory.m */ = {isa = PBXFileReference; fileEncoding = 4; lastKnownFileType = sourcecode.c.objc; path = LUCVarFactory.m; sourceTree = "<group>"; };
		840F08301DEA53DF00E9F13D /* LUCVarFloatTableViewCell.h */ = {isa = PBXFileReference; fileEncoding = 4; lastKnownFileType = sourcecode.c.h; path = LUCVarFloatTableViewCell.h; sourceTree = "<group>"; };
		840F08311DEA53DF00E9F13D /* LUCVarFloatTableViewCell.m */ = {isa = PBXFileReference; fileEncoding = 4; lastKnownFileType = sourcecode.c.objc; path = LUCVarFloatTableViewCell.m; sourceTree = "<group>"; };
		840F08321DEA53DF00E9F13D /* LUCVarInputTableViewCell.h */ = {isa = PBXFileReference; fileEncoding = 4; lastKnownFileType = sourcecode.c.h; path = LUCVarInputTableViewCell.h; sourceTree = "<group>"; };
		840F08331DEA53DF00E9F13D /* LUCVarInputTableViewCell.m */ = {isa = PBXFileReference; fileEncoding = 4; lastKnownFileType = sourcecode.c.objc; path = LUCVarInputTableViewCell.m; sourceTree = "<group>"; };
		840F08341DEA53DF00E9F13D /* LUCVarInputTableViewCell.xib */ = {isa = PBXFileReference; fileEncoding = 4; lastKnownFileType = file.xib; path = LUCVarInputTableViewCell.xib; sourceTree = "<group>"; };
		840F08351DEA53DF00E9F13D /* LUCVarIntegerTableViewCell.h */ = {isa = PBXFileReference; fileEncoding = 4; lastKnownFileType = sourcecode.c.h; path = LUCVarIntegerTableViewCell.h; sourceTree = "<group>"; };
		840F08361DEA53DF00E9F13D /* LUCVarIntegerTableViewCell.m */ = {isa = PBXFileReference; fileEncoding = 4; lastKnownFileType = sourcecode.c.objc; path = LUCVarIntegerTableViewCell.m; sourceTree = "<group>"; };
		840F08371DEA53DF00E9F13D /* LUCVarStringTableViewCell.h */ = {isa = PBXFileReference; fileEncoding = 4; lastKnownFileType = sourcecode.c.h; path = LUCVarStringTableViewCell.h; sourceTree = "<group>"; };
		840F08381DEA53DF00E9F13D /* LUCVarStringTableViewCell.m */ = {isa = PBXFileReference; fileEncoding = 4; lastKnownFileType = sourcecode.c.objc; path = LUCVarStringTableViewCell.m; sourceTree = "<group>"; };
		840F08391DEA53DF00E9F13D /* LUCVarTableViewCell.h */ = {isa = PBXFileReference; fileEncoding = 4; lastKnownFileType = sourcecode.c.h; path = LUCVarTableViewCell.h; sourceTree = "<group>"; };
		840F083A1DEA53DF00E9F13D /* LUCVarTableViewCell.m */ = {isa = PBXFileReference; fileEncoding = 4; lastKnownFileType = sourcecode.c.objc; path = LUCVarTableViewCell.m; sourceTree = "<group>"; };
		840F08491DEA555E00E9F13D /* LUVariables.h */ = {isa = PBXFileReference; lastKnownFileType = sourcecode.c.h; path = LUVariables.h; sourceTree = "<group>"; };
		840F084B1DEA566F00E9F13D /* LUSortedList.h */ = {isa = PBXFileReference; fileEncoding = 4; lastKnownFileType = sourcecode.c.h; path = LUSortedList.h; sourceTree = "<group>"; };
		840F084C1DEA566F00E9F13D /* LUSortedList.m */ = {isa = PBXFileReference; fileEncoding = 4; lastKnownFileType = sourcecode.c.objc; path = LUSortedList.m; sourceTree = "<group>"; };
		840F084F1DEA56C400E9F13D /* LUUtils.h */ = {isa = PBXFileReference; lastKnownFileType = sourcecode.c.h; path = LUUtils.h; sourceTree = "<group>"; };
		840F08501DEA58A700E9F13D /* LUActions.h */ = {isa = PBXFileReference; lastKnownFileType = sourcecode.c.h; path = LUActions.h; sourceTree = "<group>"; };
		840F086A1DEA6A2E00E9F13D /* lunar_console_actions_empty_warning.png */ = {isa = PBXFileReference; lastKnownFileType = image.png; path = lunar_console_actions_empty_warning.png; sourceTree = "<group>"; };
		840F086B1DEA6A2E00E9F13D /* lunar_console_actions_empty_warning@2x.png */ = {isa = PBXFileReference; lastKnownFileType = image.png; path = "lunar_console_actions_empty_warning@2x.png"; sourceTree = "<group>"; };
		840F086C1DEA6A2E00E9F13D /* lunar_console_actions_empty_warning@3x.png */ = {isa = PBXFileReference; lastKnownFileType = image.png; path = "lunar_console_actions_empty_warning@3x.png"; sourceTree = "<group>"; };
		840F08741DEA6B7400E9F13D /* TestCase.h */ = {isa = PBXFileReference; fileEncoding = 4; lastKnownFileType = sourcecode.c.h; path = TestCase.h; sourceTree = "<group>"; };
		840F08751DEA6B7400E9F13D /* TestCase.m */ = {isa = PBXFileReference; fileEncoding = 4; lastKnownFileType = sourcecode.c.objc; path = TestCase.m; sourceTree = "<group>"; };
		840F08761DEA6B7400E9F13D /* LUActionRegistryFilterTest.m */ = {isa = PBXFileReference; fileEncoding = 4; lastKnownFileType = sourcecode.c.objc; path = LUActionRegistryFilterTest.m; sourceTree = "<group>"; };
		840F08771DEA6B7400E9F13D /* LUActionRegistryTest.m */ = {isa = PBXFileReference; fileEncoding = 4; lastKnownFileType = sourcecode.c.objc; path = LUActionRegistryTest.m; sourceTree = "<group>"; };
		840F08781DEA6B7400E9F13D /* LUConsoleEntryListTest.m */ = {isa = PBXFileReference; fileEncoding = 4; lastKnownFileType = sourcecode.c.objc; path = LUConsoleEntryListTest.m; sourceTree = "<group>"; };
		840F08791DEA6B7400E9F13D /* LUConsoleEntryLookupTableTest.m */ = {isa = PBXFileReference; fileEncoding = 4; lastKnownFileType = sourcecode.c.objc; path = LUConsoleEntryLookupTableTest.m; sourceTree = "<group>"; };
		840F087A1DEA6B7400E9F13D /* LUConsoleTest.m */ = {isa = PBXFileReference; fileEncoding = 4; lastKnownFileType = sourcecode.c.objc; path = LUConsoleTest.m; sourceTree = "<group>"; };
		840F087B1DEA6B7400E9F13D /* LUMutableArrayTest.m */ = {isa = PBXFileReference; fileEncoding = 4; lastKnownFileType = sourcecode.c.objc; path = LUMutableArrayTest.m; sourceTree = "<group>"; };
		840F087C1DEA6B7400E9F13D /* LUSortedListTest.m */ = {isa = PBXFileReference; fileEncoding = 4; lastKnownFileType = sourcecode.c.objc; path = LUSortedListTest.m; sourceTree = "<group>"; };
		840F087D1DEA6B7400E9F13D /* LUStacktraceTest.m */ = {isa = PBXFileReference; fileEncoding = 4; lastKnownFileType = sourcecode.c.objc; path = LUStacktraceTest.m; sourceTree = "<group>"; };
		840F087E1DEA6B7400E9F13D /* LUStringUtilsTest.m */ = {isa = PBXFileReference; fileEncoding = 4; lastKnownFileType = sourcecode.c.objc; path = LUStringUtilsTest.m; sourceTree = "<group>"; };
		840F08891DEA98AD00E9F13D /* LUConsoleController.xib */ = {isa = PBXFileReference; fileEncoding = 4; lastKnownFileType = file.xib; path = LUConsoleController.xib; sourceTree = "<group>"; };
		840F08C91DED086E00E9F13D /* LUConsoleResizeController.h */ = {isa = PBXFileReference; fileEncoding = 4; lastKnownFileType = sourcecode.c.h; path = LUConsoleResizeController.h; sourceTree = "<group>"; };
		840F08CA1DED086E00E9F13D /* LUConsoleResizeController.m */ = {isa = PBXFileReference; fileEncoding = 4; lastKnownFileType = sourcecode.c.objc; path = LUConsoleResizeController.m; sourceTree = "<group>"; };
		840F08CB1DED086E00E9F13D /* LUConsoleResizeController.xib */ = {isa = PBXFileReference; fileEncoding = 4; lastKnownFileType = file.xib; path = LUConsoleResizeController.xib; sourceTree = "<group>"; };
		84368BCC1DF154E90099321C /* LUConsolePopupController.h */ = {isa = PBXFileReference; fileEncoding = 4; lastKnownFileType = sourcecode.c.h; path = LUConsolePopupController.h; sourceTree = "<group>"; };
		84368BCD1DF154E90099321C /* LUConsolePopupController.m */ = {isa = PBXFileReference; fileEncoding = 4; lastKnownFileType = sourcecode.c.objc; path = LUConsolePopupController.m; sourceTree = "<group>"; };
		84368BCE1DF154E90099321C /* LUConsolePopupController.xib */ = {isa = PBXFileReference; fileEncoding = 4; lastKnownFileType = file.xib; path = LUConsolePopupController.xib; sourceTree = "<group>"; };
		84368BD31DF26F880099321C /* lunar_console_resize_handle_horizontal.png */ = {isa = PBXFileReference; lastKnownFileType = image.png; path = lunar_console_resize_handle_horizontal.png; sourceTree = "<group>"; };
		84368BD41DF26F880099321C /* lunar_console_resize_handle_horizontal@2x.png */ = {isa = PBXFileReference; lastKnownFileType = image.png; path = "lunar_console_resize_handle_horizontal@2x.png"; sourceTree = "<group>"; };
		84368BD51DF26F880099321C /* lunar_console_resize_handle_horizontal@3x.png */ = {isa = PBXFileReference; lastKnownFileType = image.png; path = "lunar_console_resize_handle_horizontal@3x.png"; sourceTree = "<group>"; };
		84368BD61DF26F880099321C /* lunar_console_resize_handle_vertical.png */ = {isa = PBXFileReference; lastKnownFileType = image.png; path = lunar_console_resize_handle_vertical.png; sourceTree = "<group>"; };
		84368BD71DF26F880099321C /* lunar_console_resize_handle_vertical@2x.png */ = {isa = PBXFileReference; lastKnownFileType = image.png; path = "lunar_console_resize_handle_vertical@2x.png"; sourceTree = "<group>"; };
		84368BD81DF26F880099321C /* lunar_console_resize_handle_vertical@3x.png */ = {isa = PBXFileReference; lastKnownFileType = image.png; path = "lunar_console_resize_handle_vertical@3x.png"; sourceTree = "<group>"; };
		84368BE91DF662170099321C /* LUSerializationUtils.h */ = {isa = PBXFileReference; fileEncoding = 4; lastKnownFileType = sourcecode.c.h; path = LUSerializationUtils.h; sourceTree = "<group>"; };
		84368BEA1DF662170099321C /* LUSerializationUtils.m */ = {isa = PBXFileReference; fileEncoding = 4; lastKnownFileType = sourcecode.c.objc; path = LUSerializationUtils.m; sourceTree = "<group>"; };
		84368BEC1DF664220099321C /* LUFileUtils.h */ = {isa = PBXFileReference; fileEncoding = 4; lastKnownFileType = sourcecode.c.h; path = LUFileUtils.h; sourceTree = "<group>"; };
		84368BED1DF664220099321C /* LUFileUtils.m */ = {isa = PBXFileReference; fileEncoding = 4; lastKnownFileType = sourcecode.c.objc; path = LUFileUtils.m; sourceTree = "<group>"; };
		84368BEF1DF669750099321C /* LUSerializableObject.h */ = {isa = PBXFileReference; fileEncoding = 4; lastKnownFileType = sourcecode.c.h; path = LUSerializableObject.h; sourceTree = "<group>"; };
		84368BF01DF669750099321C /* LUSerializableObject.m */ = {isa = PBXFileReference; fileEncoding = 4; lastKnownFileType = sourcecode.c.objc; path = LUSerializableObject.m; sourceTree = "<group>"; };
		844741A91B719C3100F5ABD3 /* libLunarConsole.a */ = {isa = PBXFileReference; explicitFileType = archive.ar; includeInIndex = 0; path = libLunarConsole.a; sourceTree = BUILT_PRODUCTS_DIR; };
		844741B41B719C3100F5ABD3 /* LunarConsoleTests.xctest */ = {isa = PBXFileReference; explicitFileType = wrapper.cfbundle; includeInIndex = 0; path = LunarConsoleTests.xctest; sourceTree = BUILT_PRODUCTS_DIR; };
		844741BA1B719C3100F5ABD3 /* Info.plist */ = {isa = PBXFileReference; lastKnownFileType = text.plist.xml; path = Info.plist; sourceTree = "<group>"; };
		846EE8871C5EEF3100C688FF /* lunar_console_icon_button_expand.png */ = {isa = PBXFileReference; lastKnownFileType = image.png; path = lunar_console_icon_button_expand.png; sourceTree = "<group>"; };
		846EE8881C5EEF3100C688FF /* lunar_console_icon_button_expand@2x.png */ = {isa = PBXFileReference; lastKnownFileType = image.png; path = "lunar_console_icon_button_expand@2x.png"; sourceTree = "<group>"; };
		846EE8891C5EEF3100C688FF /* lunar_console_icon_button_expand@3x.png */ = {isa = PBXFileReference; lastKnownFileType = image.png; path = "lunar_console_icon_button_expand@3x.png"; sourceTree = "<group>"; };
		846EE8921C5EF8C200C688FF /* lunar_console_icon_settings.png */ = {isa = PBXFileReference; lastKnownFileType = image.png; path = lunar_console_icon_settings.png; sourceTree = "<group>"; };
		846EE8931C5EF8C200C688FF /* lunar_console_icon_settings@2x.png */ = {isa = PBXFileReference; lastKnownFileType = image.png; path = "lunar_console_icon_settings@2x.png"; sourceTree = "<group>"; };
		846EE8941C5EF8C200C688FF /* lunar_console_icon_settings@3x.png */ = {isa = PBXFileReference; lastKnownFileType = image.png; path = "lunar_console_icon_settings@3x.png"; sourceTree = "<group>"; };
		8484AAE01C5ECBC900A6A722 /* lunar_console_icon_button_collapse@3x.png */ = {isa = PBXFileReference; lastKnownFileType = image.png; path = "lunar_console_icon_button_collapse@3x.png"; sourceTree = "<group>"; };
		8484AAE11C5ECBC900A6A722 /* lunar_console_icon_button_collapse@2x.png */ = {isa = PBXFileReference; lastKnownFileType = image.png; path = "lunar_console_icon_button_collapse@2x.png"; sourceTree = "<group>"; };
		8484AAE21C5ECBC900A6A722 /* lunar_console_icon_button_collapse.png */ = {isa = PBXFileReference; lastKnownFileType = image.png; path = lunar_console_icon_button_collapse.png; sourceTree = "<group>"; };
		84B7BD8A1D2229810048472B /* LUEntry.h */ = {isa = PBXFileReference; fileEncoding = 4; lastKnownFileType = sourcecode.c.h; path = LUEntry.h; sourceTree = "<group>"; };
		84B7BD8B1D2229810048472B /* LUEntry.m */ = {isa = PBXFileReference; fileEncoding = 4; lastKnownFileType = sourcecode.c.objc; path = LUEntry.m; sourceTree = "<group>"; };
		84B7BD8C1D2229810048472B /* LUEntryTableViewCell.h */ = {isa = PBXFileReference; fileEncoding = 4; lastKnownFileType = sourcecode.c.h; path = LUEntryTableViewCell.h; sourceTree = "<group>"; };
		84B7BD8D1D2229810048472B /* LUEntryTableViewCell.m */ = {isa = PBXFileReference; fileEncoding = 4; lastKnownFileType = sourcecode.c.objc; path = LUEntryTableViewCell.m; sourceTree = "<group>"; };
		84B7BD901D222A160048472B /* LUViewController.h */ = {isa = PBXFileReference; fileEncoding = 4; lastKnownFileType = sourcecode.c.h; path = LUViewController.h; sourceTree = "<group>"; };
		84B7BD911D222A160048472B /* LUViewController.m */ = {isa = PBXFileReference; fileEncoding = 4; lastKnownFileType = sourcecode.c.objc; path = LUViewController.m; sourceTree = "<group>"; };
		84EA4FC81C57163000A0635C /* LUConsoleLogEntryLookupTable.h */ = {isa = PBXFileReference; fileEncoding = 4; lastKnownFileType = sourcecode.c.h; path = LUConsoleLogEntryLookupTable.h; sourceTree = "<group>"; };
		84EA4FC91C57163000A0635C /* LUConsoleLogEntryLookupTable.m */ = {isa = PBXFileReference; fileEncoding = 4; lastKnownFileType = sourcecode.c.objc; path = LUConsoleLogEntryLookupTable.m; sourceTree = "<group>"; };
		84EA4FCB1C572E6700A0635C /* lunar_console_collapse_background.png */ = {isa = PBXFileReference; lastKnownFileType = image.png; path = lunar_console_collapse_background.png; sourceTree = "<group>"; };
		84EA4FCC1C572E6700A0635C /* lunar_console_collapse_background@2x.png */ = {isa = PBXFileReference; lastKnownFileType = image.png; path = "lunar_console_collapse_background@2x.png"; sourceTree = "<group>"; };
		84EA4FCD1C572E6700A0635C /* lunar_console_collapse_background@3x.png */ = {isa = PBXFileReference; lastKnownFileType = image.png; path = "lunar_console_collapse_background@3x.png"; sourceTree = "<group>"; };
		84EA4FE21C58785200A0635C /* lunar_console_icon_button_more.png */ = {isa = PBXFileReference; lastKnownFileType = image.png; path = lunar_console_icon_button_more.png; sourceTree = "<group>"; };
		84EA4FE31C58785200A0635C /* lunar_console_icon_button_more@2x.png */ = {isa = PBXFileReference; lastKnownFileType = image.png; path = "lunar_console_icon_button_more@2x.png"; sourceTree = "<group>"; };
		84EA4FE41C58785200A0635C /* lunar_console_icon_button_more@3x.png */ = {isa = PBXFileReference; lastKnownFileType = image.png; path = "lunar_console_icon_button_more@3x.png"; sourceTree = "<group>"; };
		84FF9A171D69257F0034E40E /* LUConsoleOverlayController.h */ = {isa = PBXFileReference; fileEncoding = 4; lastKnownFileType = sourcecode.c.h; path = LUConsoleOverlayController.h; sourceTree = "<group>"; };
		84FF9A181D69257F0034E40E /* LUConsoleOverlayController.m */ = {isa = PBXFileReference; fileEncoding = 4; lastKnownFileType = sourcecode.c.objc; path = LUConsoleOverlayController.m; sourceTree = "<group>"; };
		84FF9A191D69257F0034E40E /* LUConsoleOverlayController.xib */ = {isa = PBXFileReference; fileEncoding = 4; lastKnownFileType = file.xib; path = LUConsoleOverlayController.xib; sourceTree = "<group>"; };
		EF0836521B7ABCCE00DFB877 /* LUConsole.h */ = {isa = PBXFileReference; fileEncoding = 4; lastKnownFileType = sourcecode.c.h; path = LUConsole.h; sourceTree = "<group>"; };
		EF0836531B7ABCCE00DFB877 /* LUConsole.m */ = {isa = PBXFileReference; fileEncoding = 4; lastKnownFileType = sourcecode.c.objc; path = LUConsole.m; sourceTree = "<group>"; };
		EF0836541B7ABCCE00DFB877 /* LUConsoleLogEntry.h */ = {isa = PBXFileReference; fileEncoding = 4; lastKnownFileType = sourcecode.c.h; path = LUConsoleLogEntry.h; sourceTree = "<group>"; };
		EF0836551B7ABCCE00DFB877 /* LUConsoleLogEntry.m */ = {isa = PBXFileReference; fileEncoding = 4; lastKnownFileType = sourcecode.c.objc; path = LUConsoleLogEntry.m; sourceTree = "<group>"; };
		EF0836561B7ABCCE00DFB877 /* LUConsoleLogEntryList.h */ = {isa = PBXFileReference; fileEncoding = 4; lastKnownFileType = sourcecode.c.h; path = LUConsoleLogEntryList.h; sourceTree = "<group>"; };
		EF0836571B7ABCCE00DFB877 /* LUConsoleLogEntryList.m */ = {isa = PBXFileReference; fileEncoding = 4; lastKnownFileType = sourcecode.c.objc; path = LUConsoleLogEntryList.m; sourceTree = "<group>"; };
		EF0836601B7ABCCE00DFB877 /* lunar_console_icon_button_clear.png */ = {isa = PBXFileReference; lastKnownFileType = image.png; path = lunar_console_icon_button_clear.png; sourceTree = "<group>"; };
		EF0836611B7ABCCE00DFB877 /* lunar_console_icon_button_clear@2x.png */ = {isa = PBXFileReference; lastKnownFileType = image.png; path = "lunar_console_icon_button_clear@2x.png"; sourceTree = "<group>"; };
		EF0836621B7ABCCE00DFB877 /* lunar_console_icon_button_clear@3x.png */ = {isa = PBXFileReference; lastKnownFileType = image.png; path = "lunar_console_icon_button_clear@3x.png"; sourceTree = "<group>"; };
		EF0836631B7ABCCE00DFB877 /* lunar_console_icon_button_clipboard.png */ = {isa = PBXFileReference; lastKnownFileType = image.png; path = lunar_console_icon_button_clipboard.png; sourceTree = "<group>"; };
		EF0836641B7ABCCE00DFB877 /* lunar_console_icon_button_clipboard@2x.png */ = {isa = PBXFileReference; lastKnownFileType = image.png; path = "lunar_console_icon_button_clipboard@2x.png"; sourceTree = "<group>"; };
		EF0836651B7ABCCE00DFB877 /* lunar_console_icon_button_clipboard@3x.png */ = {isa = PBXFileReference; lastKnownFileType = image.png; path = "lunar_console_icon_button_clipboard@3x.png"; sourceTree = "<group>"; };
		EF0836661B7ABCCE00DFB877 /* lunar_console_icon_button_close.png */ = {isa = PBXFileReference; lastKnownFileType = image.png; path = lunar_console_icon_button_close.png; sourceTree = "<group>"; };
		EF0836671B7ABCCE00DFB877 /* lunar_console_icon_button_close@2x.png */ = {isa = PBXFileReference; lastKnownFileType = image.png; path = "lunar_console_icon_button_close@2x.png"; sourceTree = "<group>"; };
		EF0836681B7ABCCE00DFB877 /* lunar_console_icon_button_close@3x.png */ = {isa = PBXFileReference; lastKnownFileType = image.png; path = "lunar_console_icon_button_close@3x.png"; sourceTree = "<group>"; };
		EF0836691B7ABCCE00DFB877 /* lunar_console_icon_button_console.png */ = {isa = PBXFileReference; lastKnownFileType = image.png; path = lunar_console_icon_button_console.png; sourceTree = "<group>"; };
		EF08366A1B7ABCCE00DFB877 /* lunar_console_icon_button_console@2x.png */ = {isa = PBXFileReference; lastKnownFileType = image.png; path = "lunar_console_icon_button_console@2x.png"; sourceTree = "<group>"; };
		EF08366B1B7ABCCE00DFB877 /* lunar_console_icon_button_console@3x.png */ = {isa = PBXFileReference; lastKnownFileType = image.png; path = "lunar_console_icon_button_console@3x.png"; sourceTree = "<group>"; };
		EF08366C1B7ABCCE00DFB877 /* lunar_console_icon_button_email.png */ = {isa = PBXFileReference; lastKnownFileType = image.png; path = lunar_console_icon_button_email.png; sourceTree = "<group>"; };
		EF08366D1B7ABCCE00DFB877 /* lunar_console_icon_button_email@2x.png */ = {isa = PBXFileReference; lastKnownFileType = image.png; path = "lunar_console_icon_button_email@2x.png"; sourceTree = "<group>"; };
		EF08366E1B7ABCCE00DFB877 /* lunar_console_icon_button_email@3x.png */ = {isa = PBXFileReference; lastKnownFileType = image.png; path = "lunar_console_icon_button_email@3x.png"; sourceTree = "<group>"; };
		EF08366F1B7ABCCE00DFB877 /* lunar_console_icon_button_lock.png */ = {isa = PBXFileReference; lastKnownFileType = image.png; path = lunar_console_icon_button_lock.png; sourceTree = "<group>"; };
		EF0836701B7ABCCE00DFB877 /* lunar_console_icon_button_lock@2x.png */ = {isa = PBXFileReference; lastKnownFileType = image.png; path = "lunar_console_icon_button_lock@2x.png"; sourceTree = "<group>"; };
		EF0836711B7ABCCE00DFB877 /* lunar_console_icon_button_lock@3x.png */ = {isa = PBXFileReference; lastKnownFileType = image.png; path = "lunar_console_icon_button_lock@3x.png"; sourceTree = "<group>"; };
		EF0836721B7ABCCE00DFB877 /* lunar_console_icon_button_unlock.png */ = {isa = PBXFileReference; lastKnownFileType = image.png; path = lunar_console_icon_button_unlock.png; sourceTree = "<group>"; };
		EF0836731B7ABCCE00DFB877 /* lunar_console_icon_button_unlock@2x.png */ = {isa = PBXFileReference; lastKnownFileType = image.png; path = "lunar_console_icon_button_unlock@2x.png"; sourceTree = "<group>"; };
		EF0836741B7ABCCE00DFB877 /* lunar_console_icon_button_unlock@3x.png */ = {isa = PBXFileReference; lastKnownFileType = image.png; path = "lunar_console_icon_button_unlock@3x.png"; sourceTree = "<group>"; };
		EF0836751B7ABCCE00DFB877 /* lunar_console_icon_log.png */ = {isa = PBXFileReference; lastKnownFileType = image.png; path = lunar_console_icon_log.png; sourceTree = "<group>"; };
		EF0836761B7ABCCE00DFB877 /* lunar_console_icon_log@2x.png */ = {isa = PBXFileReference; lastKnownFileType = image.png; path = "lunar_console_icon_log@2x.png"; sourceTree = "<group>"; };
		EF0836771B7ABCCE00DFB877 /* lunar_console_icon_log@3x.png */ = {isa = PBXFileReference; lastKnownFileType = image.png; path = "lunar_console_icon_log@3x.png"; sourceTree = "<group>"; };
		EF0836781B7ABCCE00DFB877 /* lunar_console_icon_log_error.png */ = {isa = PBXFileReference; lastKnownFileType = image.png; path = lunar_console_icon_log_error.png; sourceTree = "<group>"; };
		EF0836791B7ABCCE00DFB877 /* lunar_console_icon_log_error@2x.png */ = {isa = PBXFileReference; lastKnownFileType = image.png; path = "lunar_console_icon_log_error@2x.png"; sourceTree = "<group>"; };
		EF08367A1B7ABCCE00DFB877 /* lunar_console_icon_log_error@3x.png */ = {isa = PBXFileReference; lastKnownFileType = image.png; path = "lunar_console_icon_log_error@3x.png"; sourceTree = "<group>"; };
		EF08367B1B7ABCCE00DFB877 /* lunar_console_icon_log_warning.png */ = {isa = PBXFileReference; lastKnownFileType = image.png; path = lunar_console_icon_log_warning.png; sourceTree = "<group>"; };
		EF08367C1B7ABCCE00DFB877 /* lunar_console_icon_log_warning@2x.png */ = {isa = PBXFileReference; lastKnownFileType = image.png; path = "lunar_console_icon_log_warning@2x.png"; sourceTree = "<group>"; };
		EF08367D1B7ABCCE00DFB877 /* lunar_console_icon_log_warning@3x.png */ = {isa = PBXFileReference; lastKnownFileType = image.png; path = "lunar_console_icon_log_warning@3x.png"; sourceTree = "<group>"; };
		EF08367E1B7ABCCE00DFB877 /* lunar_console_log_button_background.png */ = {isa = PBXFileReference; lastKnownFileType = image.png; path = lunar_console_log_button_background.png; sourceTree = "<group>"; };
		EF08367F1B7ABCCE00DFB877 /* lunar_console_log_button_background@2x.png */ = {isa = PBXFileReference; lastKnownFileType = image.png; path = "lunar_console_log_button_background@2x.png"; sourceTree = "<group>"; };
		EF0836801B7ABCCE00DFB877 /* lunar_console_log_button_background@3x.png */ = {isa = PBXFileReference; lastKnownFileType = image.png; path = "lunar_console_log_button_background@3x.png"; sourceTree = "<group>"; };
		EF0836821B7ABCCE00DFB877 /* LUConsolePlugin.h */ = {isa = PBXFileReference; fileEncoding = 4; lastKnownFileType = sourcecode.c.h; path = LUConsolePlugin.h; sourceTree = "<group>"; };
		EF0836831B7ABCCE00DFB877 /* LUConsolePlugin.m */ = {isa = PBXFileReference; fileEncoding = 4; lastKnownFileType = sourcecode.c.objc; lineEnding = 0; path = LUConsolePlugin.m; sourceTree = "<group>"; xcLanguageSpecificationIdentifier = xcode.lang.objc; };
		EF0836841B7ABCCE00DFB877 /* lunar_unity_native_interface.h */ = {isa = PBXFileReference; fileEncoding = 4; lastKnownFileType = sourcecode.c.h; path = lunar_unity_native_interface.h; sourceTree = "<group>"; };
		EF0836851B7ABCCE00DFB877 /* lunar_unity_native_interface.m */ = {isa = PBXFileReference; fileEncoding = 4; lastKnownFileType = sourcecode.c.objc; path = lunar_unity_native_interface.m; sourceTree = "<group>"; };
		EF08368B1B7ABCCE00DFB877 /* LUTheme.h */ = {isa = PBXFileReference; fileEncoding = 4; lastKnownFileType = sourcecode.c.h; path = LUTheme.h; sourceTree = "<group>"; };
		EF08368C1B7ABCCE00DFB877 /* LUTheme.m */ = {isa = PBXFileReference; fileEncoding = 4; lastKnownFileType = sourcecode.c.objc; path = LUTheme.m; sourceTree = "<group>"; };
		EF08368D1B7ABCCE00DFB877 /* LUToggleButton.h */ = {isa = PBXFileReference; fileEncoding = 4; lastKnownFileType = sourcecode.c.h; path = LUToggleButton.h; sourceTree = "<group>"; };
		EF08368E1B7ABCCE00DFB877 /* LUToggleButton.m */ = {isa = PBXFileReference; fileEncoding = 4; lastKnownFileType = sourcecode.c.objc; path = LUToggleButton.m; sourceTree = "<group>"; };
		EF08368F1B7ABCCE00DFB877 /* LUWindow.h */ = {isa = PBXFileReference; fileEncoding = 4; lastKnownFileType = sourcecode.c.h; path = LUWindow.h; sourceTree = "<group>"; };
		EF0836901B7ABCCE00DFB877 /* LUWindow.m */ = {isa = PBXFileReference; fileEncoding = 4; lastKnownFileType = sourcecode.c.objc; path = LUWindow.m; sourceTree = "<group>"; };
		EF0836921B7ABCCE00DFB877 /* LUAssert.h */ = {isa = PBXFileReference; fileEncoding = 4; lastKnownFileType = sourcecode.c.h; path = LUAssert.h; sourceTree = "<group>"; };
		EF0836931B7ABCCE00DFB877 /* LUAssert.m */ = {isa = PBXFileReference; fileEncoding = 4; lastKnownFileType = sourcecode.c.objc; path = LUAssert.m; sourceTree = "<group>"; };
		EF0836941B7ABCCE00DFB877 /* LUAvailability.h */ = {isa = PBXFileReference; fileEncoding = 4; lastKnownFileType = sourcecode.c.h; path = LUAvailability.h; sourceTree = "<group>"; };
		EF0836951B7ABCCE00DFB877 /* LUAvailability.m */ = {isa = PBXFileReference; fileEncoding = 4; lastKnownFileType = sourcecode.c.objc; path = LUAvailability.m; sourceTree = "<group>"; };
		EF0836961B7ABCCE00DFB877 /* LUDefines.h */ = {isa = PBXFileReference; fileEncoding = 4; lastKnownFileType = sourcecode.c.h; path = LUDefines.h; sourceTree = "<group>"; };
		EF0836971B7ABCCE00DFB877 /* LUMutableArray.h */ = {isa = PBXFileReference; fileEncoding = 4; lastKnownFileType = sourcecode.c.h; path = LUMutableArray.h; sourceTree = "<group>"; };
		EF0836981B7ABCCE00DFB877 /* LUMutableArray.m */ = {isa = PBXFileReference; fileEncoding = 4; lastKnownFileType = sourcecode.c.objc; path = LUMutableArray.m; sourceTree = "<group>"; };
		EF0836991B7ABCCE00DFB877 /* LUObject.h */ = {isa = PBXFileReference; fileEncoding = 4; lastKnownFileType = sourcecode.c.h; path = LUObject.h; sourceTree = "<group>"; };
		EF08369A1B7ABCCE00DFB877 /* LUObject.m */ = {isa = PBXFileReference; fileEncoding = 4; lastKnownFileType = sourcecode.c.objc; path = LUObject.m; sourceTree = "<group>"; };
		EF08369B1B7ABCCE00DFB877 /* LUThreading.h */ = {isa = PBXFileReference; fileEncoding = 4; lastKnownFileType = sourcecode.c.h; path = LUThreading.h; sourceTree = "<group>"; };
		EF08369C1B7ABCCE00DFB877 /* LUThreading.m */ = {isa = PBXFileReference; fileEncoding = 4; lastKnownFileType = sourcecode.c.objc; path = LUThreading.m; sourceTree = "<group>"; };
		EF08369D1B7ABCCE00DFB877 /* Lunar.h */ = {isa = PBXFileReference; fileEncoding = 4; lastKnownFileType = sourcecode.c.h; name = Lunar.h; path = LunarConsole/Lunar.h; sourceTree = "<group>"; };
		EF21AE1E1BF5383E0053D50B /* LULittleHelper.h */ = {isa = PBXFileReference; fileEncoding = 4; lastKnownFileType = sourcecode.c.h; path = LULittleHelper.h; sourceTree = "<group>"; };
		EF21AE1F1BF5383E0053D50B /* LULittleHelper.m */ = {isa = PBXFileReference; fileEncoding = 4; lastKnownFileType = sourcecode.c.objc; path = LULittleHelper.m; sourceTree = "<group>"; };
		EF21AE211BF548810053D50B /* LUTableView.h */ = {isa = PBXFileReference; fileEncoding = 4; lastKnownFileType = sourcecode.c.h; path = LUTableView.h; sourceTree = "<group>"; };
		EF21AE221BF548810053D50B /* LUTableView.m */ = {isa = PBXFileReference; fileEncoding = 4; lastKnownFileType = sourcecode.c.objc; path = LUTableView.m; sourceTree = "<group>"; };
		EF4C364B1D6E6B1D0036585B /* LUSwitch.h */ = {isa = PBXFileReference; fileEncoding = 4; lastKnownFileType = sourcecode.c.h; path = LUSwitch.h; sourceTree = "<group>"; };
		EF4C364C1D6E6B1D0036585B /* LUSwitch.m */ = {isa = PBXFileReference; fileEncoding = 4; lastKnownFileType = sourcecode.c.objc; path = LUSwitch.m; sourceTree = "<group>"; };
		EF5AD0F71D6B977100B27500 /* lunar_console_icon_button_settings.png */ = {isa = PBXFileReference; lastKnownFileType = image.png; path = lunar_console_icon_button_settings.png; sourceTree = "<group>"; };
		EF5AD0F81D6B977100B27500 /* lunar_console_icon_button_settings@2x.png */ = {isa = PBXFileReference; lastKnownFileType = image.png; path = "lunar_console_icon_button_settings@2x.png"; sourceTree = "<group>"; };
		EF5AD0F91D6B977100B27500 /* lunar_console_icon_button_settings@3x.png */ = {isa = PBXFileReference; lastKnownFileType = image.png; path = "lunar_console_icon_button_settings@3x.png"; sourceTree = "<group>"; };
		EF5AD1091D6B9CF100B27500 /* LUConsolePluginSettings.h */ = {isa = PBXFileReference; fileEncoding = 4; lastKnownFileType = sourcecode.c.h; path = LUConsolePluginSettings.h; sourceTree = "<group>"; };
		EF5AD10A1D6B9CF100B27500 /* LUConsolePluginSettings.m */ = {isa = PBXFileReference; fileEncoding = 4; lastKnownFileType = sourcecode.c.objc; path = LUConsolePluginSettings.m; sourceTree = "<group>"; };
		EF5AD10C1D6BB24400B27500 /* LUConsoleSettingsController.h */ = {isa = PBXFileReference; fileEncoding = 4; lastKnownFileType = sourcecode.c.h; path = LUConsoleSettingsController.h; sourceTree = "<group>"; };
		EF5AD10D1D6BB24400B27500 /* LUConsoleSettingsController.m */ = {isa = PBXFileReference; fileEncoding = 4; lastKnownFileType = sourcecode.c.objc; path = LUConsoleSettingsController.m; sourceTree = "<group>"; };
		EF5AD10F1D6BB25800B27500 /* LUConsoleSettingsController.xib */ = {isa = PBXFileReference; fileEncoding = 4; lastKnownFileType = file.xib; path = LUConsoleSettingsController.xib; sourceTree = "<group>"; };
		EF5AD1101D6BB9DE00B27500 /* LUSettingsTableCellBool.xib */ = {isa = PBXFileReference; fileEncoding = 4; lastKnownFileType = file.xib; path = LUSettingsTableCellBool.xib; sourceTree = "<group>"; };
		EF64F8F71C03DCE8008DCB8E /* LUStacktrace.h */ = {isa = PBXFileReference; fileEncoding = 4; lastKnownFileType = sourcecode.c.h; path = LUStacktrace.h; sourceTree = "<group>"; };
		EF64F8F81C03DCE8008DCB8E /* LUStacktrace.m */ = {isa = PBXFileReference; fileEncoding = 4; lastKnownFileType = sourcecode.c.objc; path = LUStacktrace.m; sourceTree = "<group>"; };
		EF98F64F1CC1A0B3004943CF /* LUUnityScriptMessenger.h */ = {isa = PBXFileReference; fileEncoding = 4; lastKnownFileType = sourcecode.c.h; path = LUUnityScriptMessenger.h; sourceTree = "<group>"; };
		EF98F6501CC1A0B3004943CF /* LUUnityScriptMessenger.m */ = {isa = PBXFileReference; fileEncoding = 4; lastKnownFileType = sourcecode.c.objc; path = LUUnityScriptMessenger.m; sourceTree = "<group>"; };
		EFB99CC61D21E15A00C95E80 /* LUConsoleLogController.h */ = {isa = PBXFileReference; fileEncoding = 4; lastKnownFileType = sourcecode.c.h; lineEnding = 0; path = LUConsoleLogController.h; sourceTree = "<group>"; xcLanguageSpecificationIdentifier = xcode.lang.objcpp; };
		EFB99CC71D21E15A00C95E80 /* LUConsoleLogController.m */ = {isa = PBXFileReference; fileEncoding = 4; lastKnownFileType = sourcecode.c.objc; lineEnding = 0; path = LUConsoleLogController.m; sourceTree = "<group>"; xcLanguageSpecificationIdentifier = xcode.lang.objc; };
		EFB99CC81D21E15A00C95E80 /* LUConsoleLogController.xib */ = {isa = PBXFileReference; fileEncoding = 4; lastKnownFileType = file.xib; path = LUConsoleLogController.xib; sourceTree = "<group>"; };
		EFB99CCE1D21E37F00C95E80 /* LUConsoleLogDetailsController.h */ = {isa = PBXFileReference; fileEncoding = 4; lastKnownFileType = sourcecode.c.h; path = LUConsoleLogDetailsController.h; sourceTree = "<group>"; };
		EFB99CCF1D21E37F00C95E80 /* LUConsoleLogDetailsController.m */ = {isa = PBXFileReference; fileEncoding = 4; lastKnownFileType = sourcecode.c.objc; path = LUConsoleLogDetailsController.m; sourceTree = "<group>"; };
		EFB99CD01D21E37F00C95E80 /* LUConsoleLogDetailsController.xib */ = {isa = PBXFileReference; fileEncoding = 4; lastKnownFileType = file.xib; path = LUConsoleLogDetailsController.xib; sourceTree = "<group>"; };
		EFB99CD41D21E4A500C95E80 /* LUConsoleLogMenuController.h */ = {isa = PBXFileReference; fileEncoding = 4; lastKnownFileType = sourcecode.c.h; path = LUConsoleLogMenuController.h; sourceTree = "<group>"; };
		EFB99CD51D21E4A500C95E80 /* LUConsoleLogMenuController.m */ = {isa = PBXFileReference; fileEncoding = 4; lastKnownFileType = sourcecode.c.objc; path = LUConsoleLogMenuController.m; sourceTree = "<group>"; };
		EFB99CD61D21E4A500C95E80 /* LUConsoleLogMenuController.xib */ = {isa = PBXFileReference; fileEncoding = 4; lastKnownFileType = file.xib; path = LUConsoleLogMenuController.xib; sourceTree = "<group>"; };
		EFB99CDA1D21E60000C95E80 /* LUConsoleLogTypeButton.h */ = {isa = PBXFileReference; fileEncoding = 4; lastKnownFileType = sourcecode.c.h; path = LUConsoleLogTypeButton.h; sourceTree = "<group>"; };
		EFB99CDB1D21E60000C95E80 /* LUConsoleLogTypeButton.m */ = {isa = PBXFileReference; fileEncoding = 4; lastKnownFileType = sourcecode.c.objc; path = LUConsoleLogTypeButton.m; sourceTree = "<group>"; };
		EFB99CDD1D21E67200C95E80 /* LUConsoleLogEntryTableViewCell.h */ = {isa = PBXFileReference; fileEncoding = 4; lastKnownFileType = sourcecode.c.h; path = LUConsoleLogEntryTableViewCell.h; sourceTree = "<group>"; };
		EFB99CDE1D21E67200C95E80 /* LUConsoleLogEntryTableViewCell.m */ = {isa = PBXFileReference; fileEncoding = 4; lastKnownFileType = sourcecode.c.objc; path = LUConsoleLogEntryTableViewCell.m; sourceTree = "<group>"; };
		EFB99CE11D21E6EA00C95E80 /* LUExceptionWarningController.h */ = {isa = PBXFileReference; fileEncoding = 4; lastKnownFileType = sourcecode.c.h; path = LUExceptionWarningController.h; sourceTree = "<group>"; };
		EFB99CE21D21E6EA00C95E80 /* LUExceptionWarningController.m */ = {isa = PBXFileReference; fileEncoding = 4; lastKnownFileType = sourcecode.c.objc; path = LUExceptionWarningController.m; sourceTree = "<group>"; };
		EFB99CE31D21E6EA00C95E80 /* LUExceptionWarningController.xib */ = {isa = PBXFileReference; fileEncoding = 4; lastKnownFileType = file.xib; path = LUExceptionWarningController.xib; sourceTree = "<group>"; };
		EFB99CE81D21EF6300C95E80 /* LUStringUtils.h */ = {isa = PBXFileReference; fileEncoding = 4; lastKnownFileType = sourcecode.c.h; path = LUStringUtils.h; sourceTree = "<group>"; };
		EFB99CE91D21EF6300C95E80 /* LUStringUtils.m */ = {isa = PBXFileReference; fileEncoding = 4; lastKnownFileType = sourcecode.c.objc; path = LUStringUtils.m; sourceTree = "<group>"; };
/* End PBXFileReference section */

/* Begin PBXFrameworksBuildPhase section */
		844741A61B719C3100F5ABD3 /* Frameworks */ = {
			isa = PBXFrameworksBuildPhase;
			buildActionMask = 2147483647;
			files = (
			);
			runOnlyForDeploymentPostprocessing = 0;
		};
		844741B11B719C3100F5ABD3 /* Frameworks */ = {
			isa = PBXFrameworksBuildPhase;
			buildActionMask = 2147483647;
			files = (
				844741B51B719C3100F5ABD3 /* libLunarConsole.a in Frameworks */,
			);
			runOnlyForDeploymentPostprocessing = 0;
		};
/* End PBXFrameworksBuildPhase section */

/* Begin PBXGroup section */
		840F081C1DEA53DF00E9F13D /* Actions */ = {
			isa = PBXGroup;
			children = (
				840F081D1DEA53DF00E9F13D /* LUAction.h */,
				840F081E1DEA53DF00E9F13D /* LUAction.m */,
				840F081F1DEA53DF00E9F13D /* LUActionController.h */,
				840F08201DEA53DF00E9F13D /* LUActionController.m */,
				840F08211DEA53DF00E9F13D /* LUActionController.xib */,
				840F08221DEA53DF00E9F13D /* LUActionRegistry.h */,
				840F08231DEA53DF00E9F13D /* LUActionRegistry.m */,
				840F08241DEA53DF00E9F13D /* LUActionRegistryFilter.h */,
				840F08251DEA53DF00E9F13D /* LUActionRegistryFilter.m */,
				840F08261DEA53DF00E9F13D /* LUActionTableViewCell.h */,
				840F08271DEA53DF00E9F13D /* LUActionTableViewCell.m */,
				840F08501DEA58A700E9F13D /* LUActions.h */,
			);
			path = Actions;
			sourceTree = "<group>";
		};
		840F08281DEA53DF00E9F13D /* Variables */ = {
			isa = PBXGroup;
			children = (
				840F08291DEA53DF00E9F13D /* LUCVar.h */,
				840F082A1DEA53DF00E9F13D /* LUCVar.m */,
				840F082B1DEA53DF00E9F13D /* LUCVarBooleanTableViewCell.h */,
				840F082C1DEA53DF00E9F13D /* LUCVarBooleanTableViewCell.m */,
				840F082D1DEA53DF00E9F13D /* LUCVarBooleanTableViewCell.xib */,
				840F082E1DEA53DF00E9F13D /* LUCVarFactory.h */,
				840F082F1DEA53DF00E9F13D /* LUCVarFactory.m */,
				840F08301DEA53DF00E9F13D /* LUCVarFloatTableViewCell.h */,
				840F08311DEA53DF00E9F13D /* LUCVarFloatTableViewCell.m */,
				840F08321DEA53DF00E9F13D /* LUCVarInputTableViewCell.h */,
				840F08331DEA53DF00E9F13D /* LUCVarInputTableViewCell.m */,
				840F08341DEA53DF00E9F13D /* LUCVarInputTableViewCell.xib */,
				840F08351DEA53DF00E9F13D /* LUCVarIntegerTableViewCell.h */,
				840F08361DEA53DF00E9F13D /* LUCVarIntegerTableViewCell.m */,
				840F08371DEA53DF00E9F13D /* LUCVarStringTableViewCell.h */,
				840F08381DEA53DF00E9F13D /* LUCVarStringTableViewCell.m */,
				840F08391DEA53DF00E9F13D /* LUCVarTableViewCell.h */,
				840F083A1DEA53DF00E9F13D /* LUCVarTableViewCell.m */,
				840F08491DEA555E00E9F13D /* LUVariables.h */,
			);
			path = Variables;
			sourceTree = "<group>";
		};
		840F08731DEA6B7400E9F13D /* Helpers */ = {
			isa = PBXGroup;
			children = (
				840F08741DEA6B7400E9F13D /* TestCase.h */,
				840F08751DEA6B7400E9F13D /* TestCase.m */,
			);
			path = Helpers;
			sourceTree = "<group>";
		};
		844741A01B719C3100F5ABD3 = {
			isa = PBXGroup;
			children = (
				844741C31B719CF600F5ABD3 /* LunarConsole */,
				EF08369D1B7ABCCE00DFB877 /* Lunar.h */,
				844741B81B719C3100F5ABD3 /* LunarConsoleTests */,
				844741AA1B719C3100F5ABD3 /* Products */,
			);
			sourceTree = "<group>";
		};
		844741AA1B719C3100F5ABD3 /* Products */ = {
			isa = PBXGroup;
			children = (
				844741A91B719C3100F5ABD3 /* libLunarConsole.a */,
				844741B41B719C3100F5ABD3 /* LunarConsoleTests.xctest */,
			);
			name = Products;
			sourceTree = "<group>";
		};
		844741B81B719C3100F5ABD3 /* LunarConsoleTests */ = {
			isa = PBXGroup;
			children = (
				840F08731DEA6B7400E9F13D /* Helpers */,
				840F08761DEA6B7400E9F13D /* LUActionRegistryFilterTest.m */,
				840F08771DEA6B7400E9F13D /* LUActionRegistryTest.m */,
				840F08781DEA6B7400E9F13D /* LUConsoleEntryListTest.m */,
				840F08791DEA6B7400E9F13D /* LUConsoleEntryLookupTableTest.m */,
				840F087A1DEA6B7400E9F13D /* LUConsoleTest.m */,
				840F087B1DEA6B7400E9F13D /* LUMutableArrayTest.m */,
				840F087C1DEA6B7400E9F13D /* LUSortedListTest.m */,
				840F087D1DEA6B7400E9F13D /* LUStacktraceTest.m */,
				840F087E1DEA6B7400E9F13D /* LUStringUtilsTest.m */,
				844741B91B719C3100F5ABD3 /* Supporting Files */,
			);
			path = LunarConsoleTests;
			sourceTree = "<group>";
		};
		844741B91B719C3100F5ABD3 /* Supporting Files */ = {
			isa = PBXGroup;
			children = (
				844741BA1B719C3100F5ABD3 /* Info.plist */,
			);
			name = "Supporting Files";
			sourceTree = "<group>";
		};
		844741C31B719CF600F5ABD3 /* LunarConsole */ = {
			isa = PBXGroup;
			children = (
				EF0836511B7ABCCE00DFB877 /* Console */,
				84B7BD891D2229810048472B /* Entries */,
				EF08365F1B7ABCCE00DFB877 /* Images */,
				EF0836811B7ABCCE00DFB877 /* Plugin */,
				EF0836861B7ABCCE00DFB877 /* UI */,
				EF0836911B7ABCCE00DFB877 /* Utils */,
				EFB99CE01D21E6EA00C95E80 /* Warning */,
			);
			path = LunarConsole;
			sourceTree = "<group>";
		};
		84B7BD891D2229810048472B /* Entries */ = {
			isa = PBXGroup;
			children = (
				840F081C1DEA53DF00E9F13D /* Actions */,
				840F08281DEA53DF00E9F13D /* Variables */,
				84B7BD8A1D2229810048472B /* LUEntry.h */,
				84B7BD8B1D2229810048472B /* LUEntry.m */,
				84B7BD8C1D2229810048472B /* LUEntryTableViewCell.h */,
				84B7BD8D1D2229810048472B /* LUEntryTableViewCell.m */,
			);
			path = Entries;
			sourceTree = "<group>";
		};
		EF0836511B7ABCCE00DFB877 /* Console */ = {
			isa = PBXGroup;
			children = (
				EF0836521B7ABCCE00DFB877 /* LUConsole.h */,
				EF0836531B7ABCCE00DFB877 /* LUConsole.m */,
				840F08141DEA502A00E9F13D /* LUConsoleController.h */,
				840F08151DEA502A00E9F13D /* LUConsoleController.m */,
				840F08891DEA98AD00E9F13D /* LUConsoleController.xib */,
				EFB99CC61D21E15A00C95E80 /* LUConsoleLogController.h */,
				EFB99CC71D21E15A00C95E80 /* LUConsoleLogController.m */,
				EFB99CC81D21E15A00C95E80 /* LUConsoleLogController.xib */,
				EFB99CCE1D21E37F00C95E80 /* LUConsoleLogDetailsController.h */,
				EFB99CCF1D21E37F00C95E80 /* LUConsoleLogDetailsController.m */,
				EFB99CD01D21E37F00C95E80 /* LUConsoleLogDetailsController.xib */,
				EF0836541B7ABCCE00DFB877 /* LUConsoleLogEntry.h */,
				EF0836551B7ABCCE00DFB877 /* LUConsoleLogEntry.m */,
				EF0836561B7ABCCE00DFB877 /* LUConsoleLogEntryList.h */,
				EF0836571B7ABCCE00DFB877 /* LUConsoleLogEntryList.m */,
				84EA4FC81C57163000A0635C /* LUConsoleLogEntryLookupTable.h */,
				84EA4FC91C57163000A0635C /* LUConsoleLogEntryLookupTable.m */,
				EFB99CDD1D21E67200C95E80 /* LUConsoleLogEntryTableViewCell.h */,
				EFB99CDE1D21E67200C95E80 /* LUConsoleLogEntryTableViewCell.m */,
				EFB99CD41D21E4A500C95E80 /* LUConsoleLogMenuController.h */,
				EFB99CD51D21E4A500C95E80 /* LUConsoleLogMenuController.m */,
				EFB99CD61D21E4A500C95E80 /* LUConsoleLogMenuController.xib */,
				EFB99CDA1D21E60000C95E80 /* LUConsoleLogTypeButton.h */,
				EFB99CDB1D21E60000C95E80 /* LUConsoleLogTypeButton.m */,
				84FF9A171D69257F0034E40E /* LUConsoleOverlayController.h */,
				84FF9A181D69257F0034E40E /* LUConsoleOverlayController.m */,
				84FF9A191D69257F0034E40E /* LUConsoleOverlayController.xib */,
				84368BCC1DF154E90099321C /* LUConsolePopupController.h */,
				84368BCD1DF154E90099321C /* LUConsolePopupController.m */,
				84368BCE1DF154E90099321C /* LUConsolePopupController.xib */,
				840F08C91DED086E00E9F13D /* LUConsoleResizeController.h */,
				840F08CA1DED086E00E9F13D /* LUConsoleResizeController.m */,
				840F08CB1DED086E00E9F13D /* LUConsoleResizeController.xib */,
				EF5AD10C1D6BB24400B27500 /* LUConsoleSettingsController.h */,
				EF5AD10D1D6BB24400B27500 /* LUConsoleSettingsController.m */,
				EF5AD10F1D6BB25800B27500 /* LUConsoleSettingsController.xib */,
				EF5AD1101D6BB9DE00B27500 /* LUSettingsTableCellBool.xib */,
			);
			path = Console;
			sourceTree = "<group>";
		};
		EF08365F1B7ABCCE00DFB877 /* Images */ = {
			isa = PBXGroup;
			children = (
				84368BD31DF26F880099321C /* lunar_console_resize_handle_horizontal.png */,
				84368BD41DF26F880099321C /* lunar_console_resize_handle_horizontal@2x.png */,
				84368BD51DF26F880099321C /* lunar_console_resize_handle_horizontal@3x.png */,
				84368BD61DF26F880099321C /* lunar_console_resize_handle_vertical.png */,
				84368BD71DF26F880099321C /* lunar_console_resize_handle_vertical@2x.png */,
				84368BD81DF26F880099321C /* lunar_console_resize_handle_vertical@3x.png */,
				840F07EC1DE9790400E9F13D /* lunar_console_action_button_large_normal.png */,
				840F07ED1DE9790400E9F13D /* lunar_console_action_button_large_normal@2x.png */,
				840F07EE1DE9790400E9F13D /* lunar_console_action_button_large_normal@3x.png */,
				840F07EF1DE97A8800E9F13D /* lunar_console_action_button_large_selected.png */,
				840F07F01DE97A8800E9F13D /* lunar_console_action_button_large_selected@2x.png */,
				840F07F11DE97A8800E9F13D /* lunar_console_action_button_large_selected@3x.png */,
				840F086A1DEA6A2E00E9F13D /* lunar_console_actions_empty_warning.png */,
				840F086B1DEA6A2E00E9F13D /* lunar_console_actions_empty_warning@2x.png */,
				840F086C1DEA6A2E00E9F13D /* lunar_console_actions_empty_warning@3x.png */,
				84EA4FCB1C572E6700A0635C /* lunar_console_collapse_background.png */,
				84EA4FCC1C572E6700A0635C /* lunar_console_collapse_background@2x.png */,
				84EA4FCD1C572E6700A0635C /* lunar_console_collapse_background@3x.png */,
				EF0836601B7ABCCE00DFB877 /* lunar_console_icon_button_clear.png */,
				EF0836611B7ABCCE00DFB877 /* lunar_console_icon_button_clear@2x.png */,
				EF0836621B7ABCCE00DFB877 /* lunar_console_icon_button_clear@3x.png */,
				EF0836631B7ABCCE00DFB877 /* lunar_console_icon_button_clipboard.png */,
				EF0836641B7ABCCE00DFB877 /* lunar_console_icon_button_clipboard@2x.png */,
				EF0836651B7ABCCE00DFB877 /* lunar_console_icon_button_clipboard@3x.png */,
				EF0836661B7ABCCE00DFB877 /* lunar_console_icon_button_close.png */,
				EF0836671B7ABCCE00DFB877 /* lunar_console_icon_button_close@2x.png */,
				EF0836681B7ABCCE00DFB877 /* lunar_console_icon_button_close@3x.png */,
				8484AAE21C5ECBC900A6A722 /* lunar_console_icon_button_collapse.png */,
				8484AAE11C5ECBC900A6A722 /* lunar_console_icon_button_collapse@2x.png */,
				8484AAE01C5ECBC900A6A722 /* lunar_console_icon_button_collapse@3x.png */,
				EF0836691B7ABCCE00DFB877 /* lunar_console_icon_button_console.png */,
				EF08366A1B7ABCCE00DFB877 /* lunar_console_icon_button_console@2x.png */,
				EF08366B1B7ABCCE00DFB877 /* lunar_console_icon_button_console@3x.png */,
				EF08366C1B7ABCCE00DFB877 /* lunar_console_icon_button_email.png */,
				EF08366D1B7ABCCE00DFB877 /* lunar_console_icon_button_email@2x.png */,
				EF08366E1B7ABCCE00DFB877 /* lunar_console_icon_button_email@3x.png */,
				846EE8871C5EEF3100C688FF /* lunar_console_icon_button_expand.png */,
				846EE8881C5EEF3100C688FF /* lunar_console_icon_button_expand@2x.png */,
				846EE8891C5EEF3100C688FF /* lunar_console_icon_button_expand@3x.png */,
				EF08366F1B7ABCCE00DFB877 /* lunar_console_icon_button_lock.png */,
				EF0836701B7ABCCE00DFB877 /* lunar_console_icon_button_lock@2x.png */,
				EF0836711B7ABCCE00DFB877 /* lunar_console_icon_button_lock@3x.png */,
				84EA4FE21C58785200A0635C /* lunar_console_icon_button_more.png */,
				84EA4FE31C58785200A0635C /* lunar_console_icon_button_more@2x.png */,
				84EA4FE41C58785200A0635C /* lunar_console_icon_button_more@3x.png */,
				EF5AD0F71D6B977100B27500 /* lunar_console_icon_button_settings.png */,
				EF5AD0F81D6B977100B27500 /* lunar_console_icon_button_settings@2x.png */,
				EF5AD0F91D6B977100B27500 /* lunar_console_icon_button_settings@3x.png */,
				EF0836721B7ABCCE00DFB877 /* lunar_console_icon_button_unlock.png */,
				EF0836731B7ABCCE00DFB877 /* lunar_console_icon_button_unlock@2x.png */,
				EF0836741B7ABCCE00DFB877 /* lunar_console_icon_button_unlock@3x.png */,
				EF0836781B7ABCCE00DFB877 /* lunar_console_icon_log_error.png */,
				EF0836791B7ABCCE00DFB877 /* lunar_console_icon_log_error@2x.png */,
				EF08367A1B7ABCCE00DFB877 /* lunar_console_icon_log_error@3x.png */,
				EF08367B1B7ABCCE00DFB877 /* lunar_console_icon_log_warning.png */,
				EF08367C1B7ABCCE00DFB877 /* lunar_console_icon_log_warning@2x.png */,
				EF08367D1B7ABCCE00DFB877 /* lunar_console_icon_log_warning@3x.png */,
				EF0836751B7ABCCE00DFB877 /* lunar_console_icon_log.png */,
				EF0836761B7ABCCE00DFB877 /* lunar_console_icon_log@2x.png */,
				EF0836771B7ABCCE00DFB877 /* lunar_console_icon_log@3x.png */,
				846EE8921C5EF8C200C688FF /* lunar_console_icon_settings.png */,
				846EE8931C5EF8C200C688FF /* lunar_console_icon_settings@2x.png */,
				846EE8941C5EF8C200C688FF /* lunar_console_icon_settings@3x.png */,
				EF08367E1B7ABCCE00DFB877 /* lunar_console_log_button_background.png */,
				EF08367F1B7ABCCE00DFB877 /* lunar_console_log_button_background@2x.png */,
				EF0836801B7ABCCE00DFB877 /* lunar_console_log_button_background@3x.png */,
			);
			path = Images;
			sourceTree = "<group>";
		};
		EF0836811B7ABCCE00DFB877 /* Plugin */ = {
			isa = PBXGroup;
			children = (
				EF0836821B7ABCCE00DFB877 /* LUConsolePlugin.h */,
				EF0836831B7ABCCE00DFB877 /* LUConsolePlugin.m */,
				EF5AD1091D6B9CF100B27500 /* LUConsolePluginSettings.h */,
				EF5AD10A1D6B9CF100B27500 /* LUConsolePluginSettings.m */,
				EF0836841B7ABCCE00DFB877 /* lunar_unity_native_interface.h */,
				EF0836851B7ABCCE00DFB877 /* lunar_unity_native_interface.m */,
				EF98F64F1CC1A0B3004943CF /* LUUnityScriptMessenger.h */,
				EF98F6501CC1A0B3004943CF /* LUUnityScriptMessenger.m */,
			);
			path = Plugin;
			sourceTree = "<group>";
		};
		EF0836861B7ABCCE00DFB877 /* UI */ = {
			isa = PBXGroup;
			children = (
				840F07F61DEA1E5A00E9F13D /* LUActionButton.h */,
				840F07F71DEA1E5A00E9F13D /* LUActionButton.m */,
				840F07FD1DEA251900E9F13D /* LUButton.h */,
				840F07FE1DEA251900E9F13D /* LUButton.m */,
				840F080E1DEA320E00E9F13D /* LUPanViewGestureRecognizer.h */,
				840F080F1DEA320E00E9F13D /* LUPanViewGestureRecognizer.m */,
				840F08111DEA389B00E9F13D /* LUPassTouchView.h */,
				840F08121DEA389B00E9F13D /* LUPassTouchView.m */,
				EF4C364B1D6E6B1D0036585B /* LUSwitch.h */,
				EF4C364C1D6E6B1D0036585B /* LUSwitch.m */,
				EF21AE211BF548810053D50B /* LUTableView.h */,
				EF21AE221BF548810053D50B /* LUTableView.m */,
				EF08368B1B7ABCCE00DFB877 /* LUTheme.h */,
				EF08368C1B7ABCCE00DFB877 /* LUTheme.m */,
				EF08368D1B7ABCCE00DFB877 /* LUToggleButton.h */,
				EF08368E1B7ABCCE00DFB877 /* LUToggleButton.m */,
				84B7BD901D222A160048472B /* LUViewController.h */,
				84B7BD911D222A160048472B /* LUViewController.m */,
				EF08368F1B7ABCCE00DFB877 /* LUWindow.h */,
				EF0836901B7ABCCE00DFB877 /* LUWindow.m */,
			);
			path = UI;
			sourceTree = "<group>";
		};
		EF0836911B7ABCCE00DFB877 /* Utils */ = {
			isa = PBXGroup;
			children = (
				EF0836921B7ABCCE00DFB877 /* LUAssert.h */,
				EF0836931B7ABCCE00DFB877 /* LUAssert.m */,
				EF0836941B7ABCCE00DFB877 /* LUAvailability.h */,
				EF0836951B7ABCCE00DFB877 /* LUAvailability.m */,
				EF0836961B7ABCCE00DFB877 /* LUDefines.h */,
				84368BEC1DF664220099321C /* LUFileUtils.h */,
				84368BED1DF664220099321C /* LUFileUtils.m */,
				840F07F21DE97D9A00E9F13D /* LUImageUtils.h */,
				840F07F31DE97E0000E9F13D /* LUImageUtils.m */,
				EF21AE1E1BF5383E0053D50B /* LULittleHelper.h */,
				EF21AE1F1BF5383E0053D50B /* LULittleHelper.m */,
				EF0836971B7ABCCE00DFB877 /* LUMutableArray.h */,
				EF0836981B7ABCCE00DFB877 /* LUMutableArray.m */,
				EF0836991B7ABCCE00DFB877 /* LUObject.h */,
				EF08369A1B7ABCCE00DFB877 /* LUObject.m */,
				84368BEF1DF669750099321C /* LUSerializableObject.h */,
				84368BF01DF669750099321C /* LUSerializableObject.m */,
				84368BE91DF662170099321C /* LUSerializationUtils.h */,
				84368BEA1DF662170099321C /* LUSerializationUtils.m */,
				840F084B1DEA566F00E9F13D /* LUSortedList.h */,
				840F084C1DEA566F00E9F13D /* LUSortedList.m */,
				EF64F8F71C03DCE8008DCB8E /* LUStacktrace.h */,
				EF64F8F81C03DCE8008DCB8E /* LUStacktrace.m */,
				EFB99CE81D21EF6300C95E80 /* LUStringUtils.h */,
				EFB99CE91D21EF6300C95E80 /* LUStringUtils.m */,
				EF08369B1B7ABCCE00DFB877 /* LUThreading.h */,
				EF08369C1B7ABCCE00DFB877 /* LUThreading.m */,
				840F084F1DEA56C400E9F13D /* LUUtils.h */,
			);
			path = Utils;
			sourceTree = "<group>";
		};
		EFB99CE01D21E6EA00C95E80 /* Warning */ = {
			isa = PBXGroup;
			children = (
				EFB99CE11D21E6EA00C95E80 /* LUExceptionWarningController.h */,
				EFB99CE21D21E6EA00C95E80 /* LUExceptionWarningController.m */,
				EFB99CE31D21E6EA00C95E80 /* LUExceptionWarningController.xib */,
			);
			path = Warning;
			sourceTree = "<group>";
		};
/* End PBXGroup section */

/* Begin PBXNativeTarget section */
		844741A81B719C3100F5ABD3 /* LunarConsole */ = {
			isa = PBXNativeTarget;
			buildConfigurationList = 844741BD1B719C3100F5ABD3 /* Build configuration list for PBXNativeTarget "LunarConsole" */;
			buildPhases = (
				844741A51B719C3100F5ABD3 /* Sources */,
				844741A61B719C3100F5ABD3 /* Frameworks */,
				844741A71B719C3100F5ABD3 /* CopyFiles */,
			);
			buildRules = (
			);
			dependencies = (
			);
			name = LunarConsole;
			productName = LunarConsole;
			productReference = 844741A91B719C3100F5ABD3 /* libLunarConsole.a */;
			productType = "com.apple.product-type.library.static";
		};
		844741B31B719C3100F5ABD3 /* LunarConsoleTests */ = {
			isa = PBXNativeTarget;
			buildConfigurationList = 844741C01B719C3100F5ABD3 /* Build configuration list for PBXNativeTarget "LunarConsoleTests" */;
			buildPhases = (
				844741B01B719C3100F5ABD3 /* Sources */,
				844741B11B719C3100F5ABD3 /* Frameworks */,
				844741B21B719C3100F5ABD3 /* Resources */,
			);
			buildRules = (
			);
			dependencies = (
				844741B71B719C3100F5ABD3 /* PBXTargetDependency */,
			);
			name = LunarConsoleTests;
			productName = LunarConsoleTests;
			productReference = 844741B41B719C3100F5ABD3 /* LunarConsoleTests.xctest */;
			productType = "com.apple.product-type.bundle.unit-test";
		};
/* End PBXNativeTarget section */

/* Begin PBXProject section */
		844741A11B719C3100F5ABD3 /* Project object */ = {
			isa = PBXProject;
			attributes = {
				LastUpgradeCheck = 0810;
				ORGANIZATIONNAME = "Space Madness";
				TargetAttributes = {
					844741A81B719C3100F5ABD3 = {
						CreatedOnToolsVersion = 6.4;
					};
					844741B31B719C3100F5ABD3 = {
						CreatedOnToolsVersion = 6.4;
					};
				};
			};
			buildConfigurationList = 844741A41B719C3100F5ABD3 /* Build configuration list for PBXProject "LunarConsole" */;
			compatibilityVersion = "Xcode 3.2";
			developmentRegion = English;
			hasScannedForEncodings = 0;
			knownRegions = (
				en,
			);
			mainGroup = 844741A01B719C3100F5ABD3;
			productRefGroup = 844741AA1B719C3100F5ABD3 /* Products */;
			projectDirPath = "";
			projectRoot = "";
			targets = (
				844741A81B719C3100F5ABD3 /* LunarConsole */,
				844741B31B719C3100F5ABD3 /* LunarConsoleTests */,
			);
		};
/* End PBXProject section */

/* Begin PBXResourcesBuildPhase section */
		844741B21B719C3100F5ABD3 /* Resources */ = {
			isa = PBXResourcesBuildPhase;
			buildActionMask = 2147483647;
			files = (
			);
			runOnlyForDeploymentPostprocessing = 0;
		};
/* End PBXResourcesBuildPhase section */

/* Begin PBXSourcesBuildPhase section */
		844741A51B719C3100F5ABD3 /* Sources */ = {
			isa = PBXSourcesBuildPhase;
			buildActionMask = 2147483647;
			files = (
				84368BEB1DF662170099321C /* LUSerializationUtils.m in Sources */,
				EF0836AE1B7ABCCE00DFB877 /* LUThreading.m in Sources */,
				840F083D1DEA53DF00E9F13D /* LUActionRegistry.m in Sources */,
				EF0836AB1B7ABCCE00DFB877 /* LUAvailability.m in Sources */,
				EF98F6511CC1A0B3004943CF /* LUUnityScriptMessenger.m in Sources */,
				EF08369E1B7ABCCE00DFB877 /* LUConsole.m in Sources */,
				840F08441DEA53DF00E9F13D /* LUCVarInputTableViewCell.m in Sources */,
				EFB99CC91D21E15A00C95E80 /* LUConsoleLogController.m in Sources */,
				EF08369F1B7ABCCE00DFB877 /* LUConsoleLogEntry.m in Sources */,
				840F08421DEA53DF00E9F13D /* LUCVarFactory.m in Sources */,
				EF0836AA1B7ABCCE00DFB877 /* LUAssert.m in Sources */,
				840F08401DEA53DF00E9F13D /* LUCVar.m in Sources */,
				EF21AE231BF548810053D50B /* LUTableView.m in Sources */,
				EF0836AC1B7ABCCE00DFB877 /* LUMutableArray.m in Sources */,
				840F08131DEA389B00E9F13D /* LUPassTouchView.m in Sources */,
				840F083C1DEA53DF00E9F13D /* LUActionController.m in Sources */,
				84368BCF1DF154E90099321C /* LUConsolePopupController.m in Sources */,
				840F084D1DEA566F00E9F13D /* LUSortedList.m in Sources */,
				84368BEE1DF664220099321C /* LUFileUtils.m in Sources */,
				EF0836A81B7ABCCE00DFB877 /* LUToggleButton.m in Sources */,
				84EA4FCA1C57163000A0635C /* LUConsoleLogEntryLookupTable.m in Sources */,
				840F08471DEA53DF00E9F13D /* LUCVarTableViewCell.m in Sources */,
				EF5AD10E1D6BB24400B27500 /* LUConsoleSettingsController.m in Sources */,
				EFB99CE41D21E6EA00C95E80 /* LUExceptionWarningController.m in Sources */,
				840F08411DEA53DF00E9F13D /* LUCVarBooleanTableViewCell.m in Sources */,
				84B7BD8F1D2229810048472B /* LUEntryTableViewCell.m in Sources */,
				840F08CC1DED086E00E9F13D /* LUConsoleResizeController.m in Sources */,
				840F08431DEA53DF00E9F13D /* LUCVarFloatTableViewCell.m in Sources */,
				EF0836A91B7ABCCE00DFB877 /* LUWindow.m in Sources */,
				EF0836A31B7ABCCE00DFB877 /* LUConsolePlugin.m in Sources */,
				EF0836A71B7ABCCE00DFB877 /* LUTheme.m in Sources */,
				EFB99CDC1D21E60000C95E80 /* LUConsoleLogTypeButton.m in Sources */,
				EF64F8F91C03DCE8008DCB8E /* LUStacktrace.m in Sources */,
				EFB99CD11D21E37F00C95E80 /* LUConsoleLogDetailsController.m in Sources */,
				840F07F41DE97E0000E9F13D /* LUImageUtils.m in Sources */,
				840F07FF1DEA251900E9F13D /* LUButton.m in Sources */,
				EF0836AD1B7ABCCE00DFB877 /* LUObject.m in Sources */,
				840F083B1DEA53DF00E9F13D /* LUAction.m in Sources */,
				840F083E1DEA53DF00E9F13D /* LUActionRegistryFilter.m in Sources */,
				EF5AD10B1D6B9CF100B27500 /* LUConsolePluginSettings.m in Sources */,
				EF21AE201BF5383E0053D50B /* LULittleHelper.m in Sources */,
				840F07F81DEA1E5A00E9F13D /* LUActionButton.m in Sources */,
				84368BF11DF669750099321C /* LUSerializableObject.m in Sources */,
				EFB99CDF1D21E67200C95E80 /* LUConsoleLogEntryTableViewCell.m in Sources */,
				840F08451DEA53DF00E9F13D /* LUCVarIntegerTableViewCell.m in Sources */,
				840F083F1DEA53DF00E9F13D /* LUActionTableViewCell.m in Sources */,
				840F08101DEA320E00E9F13D /* LUPanViewGestureRecognizer.m in Sources */,
				EF4C364D1D6E6B1D0036585B /* LUSwitch.m in Sources */,
				840F08161DEA502A00E9F13D /* LUConsoleController.m in Sources */,
				EFB99CEA1D21EF6300C95E80 /* LUStringUtils.m in Sources */,
				840F08461DEA53DF00E9F13D /* LUCVarStringTableViewCell.m in Sources */,
				EF0836A41B7ABCCE00DFB877 /* lunar_unity_native_interface.m in Sources */,
				EFB99CD71D21E4A500C95E80 /* LUConsoleLogMenuController.m in Sources */,
				84B7BD921D222A160048472B /* LUViewController.m in Sources */,
				EF0836A01B7ABCCE00DFB877 /* LUConsoleLogEntryList.m in Sources */,
				84B7BD8E1D2229810048472B /* LUEntry.m in Sources */,
				84FF9A1A1D69257F0034E40E /* LUConsoleOverlayController.m in Sources */,
			);
			runOnlyForDeploymentPostprocessing = 0;
		};
		844741B01B719C3100F5ABD3 /* Sources */ = {
			isa = PBXSourcesBuildPhase;
			buildActionMask = 2147483647;
			files = (
				840F08841DEA6B7400E9F13D /* LUConsoleTest.m in Sources */,
				840F08871DEA6B7400E9F13D /* LUStacktraceTest.m in Sources */,
				840F08811DEA6B7400E9F13D /* LUActionRegistryTest.m in Sources */,
				840F08821DEA6B7400E9F13D /* LUConsoleEntryListTest.m in Sources */,
				840F08861DEA6B7400E9F13D /* LUSortedListTest.m in Sources */,
				840F08851DEA6B7400E9F13D /* LUMutableArrayTest.m in Sources */,
				840F087F1DEA6B7400E9F13D /* TestCase.m in Sources */,
				840F08881DEA6B7400E9F13D /* LUStringUtilsTest.m in Sources */,
				840F08831DEA6B7400E9F13D /* LUConsoleEntryLookupTableTest.m in Sources */,
				840F08801DEA6B7400E9F13D /* LUActionRegistryFilterTest.m in Sources */,
			);
			runOnlyForDeploymentPostprocessing = 0;
		};
/* End PBXSourcesBuildPhase section */

/* Begin PBXTargetDependency section */
		844741B71B719C3100F5ABD3 /* PBXTargetDependency */ = {
			isa = PBXTargetDependency;
			target = 844741A81B719C3100F5ABD3 /* LunarConsole */;
			targetProxy = 844741B61B719C3100F5ABD3 /* PBXContainerItemProxy */;
		};
/* End PBXTargetDependency section */

/* Begin XCBuildConfiguration section */
		844741BB1B719C3100F5ABD3 /* Debug */ = {
			isa = XCBuildConfiguration;
			buildSettings = {
				ALWAYS_SEARCH_USER_PATHS = NO;
				CLANG_CXX_LANGUAGE_STANDARD = "gnu++0x";
				CLANG_CXX_LIBRARY = "libc++";
				CLANG_ENABLE_MODULES = YES;
				CLANG_ENABLE_OBJC_ARC = NO;
				CLANG_WARN_BOOL_CONVERSION = YES;
				CLANG_WARN_CONSTANT_CONVERSION = YES;
				CLANG_WARN_DIRECT_OBJC_ISA_USAGE = YES_ERROR;
				CLANG_WARN_EMPTY_BODY = YES;
				CLANG_WARN_ENUM_CONVERSION = YES;
				CLANG_WARN_INFINITE_RECURSION = YES;
				CLANG_WARN_INT_CONVERSION = YES;
				CLANG_WARN_OBJC_ROOT_CLASS = YES_ERROR;
				CLANG_WARN_SUSPICIOUS_MOVE = YES;
				CLANG_WARN_UNREACHABLE_CODE = YES;
				CLANG_WARN__DUPLICATE_METHOD_MATCH = YES;
				COPY_PHASE_STRIP = NO;
				DEBUG_INFORMATION_FORMAT = "dwarf-with-dsym";
				ENABLE_STRICT_OBJC_MSGSEND = YES;
				ENABLE_TESTABILITY = YES;
				GCC_C_LANGUAGE_STANDARD = gnu99;
				GCC_DYNAMIC_NO_PIC = NO;
				GCC_NO_COMMON_BLOCKS = YES;
				GCC_OPTIMIZATION_LEVEL = 0;
				GCC_PREPROCESSOR_DEFINITIONS = (
					"DEBUG=1",
					LUNAR_CONSOLE_DEVELOPMENT,
					"$(inherited)",
				);
				GCC_SYMBOLS_PRIVATE_EXTERN = NO;
				GCC_TREAT_WARNINGS_AS_ERRORS = YES;
				GCC_WARN_64_TO_32_BIT_CONVERSION = YES;
				GCC_WARN_ABOUT_RETURN_TYPE = YES_ERROR;
				GCC_WARN_UNDECLARED_SELECTOR = YES;
				GCC_WARN_UNINITIALIZED_AUTOS = YES_AGGRESSIVE;
				GCC_WARN_UNUSED_FUNCTION = YES;
				GCC_WARN_UNUSED_VARIABLE = YES;
				IPHONEOS_DEPLOYMENT_TARGET = 8.0;
				MTL_ENABLE_DEBUG_INFO = YES;
				ONLY_ACTIVE_ARCH = YES;
				SDKROOT = iphoneos;
			};
			name = Debug;
		};
		844741BC1B719C3100F5ABD3 /* Release */ = {
			isa = XCBuildConfiguration;
			buildSettings = {
				ALWAYS_SEARCH_USER_PATHS = NO;
				CLANG_CXX_LANGUAGE_STANDARD = "gnu++0x";
				CLANG_CXX_LIBRARY = "libc++";
				CLANG_ENABLE_MODULES = YES;
				CLANG_ENABLE_OBJC_ARC = NO;
				CLANG_WARN_BOOL_CONVERSION = YES;
				CLANG_WARN_CONSTANT_CONVERSION = YES;
				CLANG_WARN_DIRECT_OBJC_ISA_USAGE = YES_ERROR;
				CLANG_WARN_EMPTY_BODY = YES;
				CLANG_WARN_ENUM_CONVERSION = YES;
				CLANG_WARN_INFINITE_RECURSION = YES;
				CLANG_WARN_INT_CONVERSION = YES;
				CLANG_WARN_OBJC_ROOT_CLASS = YES_ERROR;
				CLANG_WARN_SUSPICIOUS_MOVE = YES;
				CLANG_WARN_UNREACHABLE_CODE = YES;
				CLANG_WARN__DUPLICATE_METHOD_MATCH = YES;
				COPY_PHASE_STRIP = NO;
				DEBUG_INFORMATION_FORMAT = "dwarf-with-dsym";
				ENABLE_NS_ASSERTIONS = NO;
				ENABLE_STRICT_OBJC_MSGSEND = YES;
				GCC_C_LANGUAGE_STANDARD = gnu99;
				GCC_NO_COMMON_BLOCKS = YES;
				GCC_TREAT_WARNINGS_AS_ERRORS = YES;
				GCC_WARN_64_TO_32_BIT_CONVERSION = YES;
				GCC_WARN_ABOUT_RETURN_TYPE = YES_ERROR;
				GCC_WARN_UNDECLARED_SELECTOR = YES;
				GCC_WARN_UNINITIALIZED_AUTOS = YES_AGGRESSIVE;
				GCC_WARN_UNUSED_FUNCTION = YES;
				GCC_WARN_UNUSED_VARIABLE = YES;
				IPHONEOS_DEPLOYMENT_TARGET = 8.0;
				MTL_ENABLE_DEBUG_INFO = NO;
				SDKROOT = iphoneos;
				VALIDATE_PRODUCT = YES;
			};
			name = Release;
		};
		844741BE1B719C3100F5ABD3 /* Debug */ = {
			isa = XCBuildConfiguration;
			buildSettings = {
				CLANG_ENABLE_OBJC_ARC = YES;
				OTHER_LDFLAGS = "-ObjC";
				PRODUCT_NAME = "$(TARGET_NAME)";
				SKIP_INSTALL = YES;
			};
			name = Debug;
		};
		844741BF1B719C3100F5ABD3 /* Release */ = {
			isa = XCBuildConfiguration;
			buildSettings = {
				CLANG_ENABLE_OBJC_ARC = YES;
				OTHER_LDFLAGS = "-ObjC";
				PRODUCT_NAME = "$(TARGET_NAME)";
				SKIP_INSTALL = YES;
			};
			name = Release;
		};
		844741C11B719C3100F5ABD3 /* Debug */ = {
			isa = XCBuildConfiguration;
			buildSettings = {
				"CODE_SIGN_IDENTITY[sdk=iphoneos*]" = "iPhone Developer";
				FRAMEWORK_SEARCH_PATHS = (
					"$(SDKROOT)/Developer/Library/Frameworks",
					"$(inherited)",
				);
				GCC_PREPROCESSOR_DEFINITIONS = (
					"DEBUG=1",
					"$(inherited)",
				);
				INFOPLIST_FILE = LunarConsoleTests/Info.plist;
				LD_RUNPATH_SEARCH_PATHS = "$(inherited) @executable_path/Frameworks @loader_path/Frameworks";
				PRODUCT_BUNDLE_IDENTIFIER = "com.spacemadness.$(PRODUCT_NAME:rfc1034identifier)";
				PRODUCT_NAME = "$(TARGET_NAME)";
			};
			name = Debug;
		};
		844741C21B719C3100F5ABD3 /* Release */ = {
			isa = XCBuildConfiguration;
			buildSettings = {
				"CODE_SIGN_IDENTITY[sdk=iphoneos*]" = "iPhone Developer";
				FRAMEWORK_SEARCH_PATHS = (
					"$(SDKROOT)/Developer/Library/Frameworks",
					"$(inherited)",
				);
				INFOPLIST_FILE = LunarConsoleTests/Info.plist;
				LD_RUNPATH_SEARCH_PATHS = "$(inherited) @executable_path/Frameworks @loader_path/Frameworks";
				PRODUCT_BUNDLE_IDENTIFIER = "com.spacemadness.$(PRODUCT_NAME:rfc1034identifier)";
				PRODUCT_NAME = "$(TARGET_NAME)";
			};
			name = Release;
		};
/* End XCBuildConfiguration section */

/* Begin XCConfigurationList section */
		844741A41B719C3100F5ABD3 /* Build configuration list for PBXProject "LunarConsole" */ = {
			isa = XCConfigurationList;
			buildConfigurations = (
				844741BB1B719C3100F5ABD3 /* Debug */,
				844741BC1B719C3100F5ABD3 /* Release */,
			);
			defaultConfigurationIsVisible = 0;
			defaultConfigurationName = Release;
		};
		844741BD1B719C3100F5ABD3 /* Build configuration list for PBXNativeTarget "LunarConsole" */ = {
			isa = XCConfigurationList;
			buildConfigurations = (
				844741BE1B719C3100F5ABD3 /* Debug */,
				844741BF1B719C3100F5ABD3 /* Release */,
			);
			defaultConfigurationIsVisible = 0;
			defaultConfigurationName = Release;
		};
		844741C01B719C3100F5ABD3 /* Build configuration list for PBXNativeTarget "LunarConsoleTests" */ = {
			isa = XCConfigurationList;
			buildConfigurations = (
				844741C11B719C3100F5ABD3 /* Debug */,
				844741C21B719C3100F5ABD3 /* Release */,
			);
			defaultConfigurationIsVisible = 0;
			defaultConfigurationName = Release;
		};
/* End XCConfigurationList section */
	};
	rootObject = 844741A11B719C3100F5ABD3 /* Project object */;
}
